// !$*UTF8*$!
{
	archiveVersion = 1;
	classes = {
	};
	objectVersion = 56;
	objects = {

/* Begin PBXBuildFile section */
		560938822AF0E35D00C77989 /* ExecutionView.swift in Sources */ = {isa = PBXBuildFile; fileRef = 560938812AF0E35D00C77989 /* ExecutionView.swift */; };
		566366C22B0DECDA00CCAC15 /* YogaNames.swift in Sources */ = {isa = PBXBuildFile; fileRef = 566366B52B0DECDA00CCAC15 /* YogaNames.swift */; };
		566366C32B0DECDA00CCAC15 /* MockData.swift in Sources */ = {isa = PBXBuildFile; fileRef = 566366B62B0DECDA00CCAC15 /* MockData.swift */; };
		566366C42B0DECDA00CCAC15 /* Profile.swift in Sources */ = {isa = PBXBuildFile; fileRef = 566366B82B0DECDA00CCAC15 /* Profile.swift */; };
		566366C52B0DECDA00CCAC15 /* Pose.swift in Sources */ = {isa = PBXBuildFile; fileRef = 566366B92B0DECDA00CCAC15 /* Pose.swift */; };
		566366C62B0DECDA00CCAC15 /* YogaHistory.swift in Sources */ = {isa = PBXBuildFile; fileRef = 566366BB2B0DECDA00CCAC15 /* YogaHistory.swift */; };
		566366C72B0DECDA00CCAC15 /* PoseHistory.swift in Sources */ = {isa = PBXBuildFile; fileRef = 566366BC2B0DECDA00CCAC15 /* PoseHistory.swift */; };
		566366C82B0DECDA00CCAC15 /* History.swift in Sources */ = {isa = PBXBuildFile; fileRef = 566366BD2B0DECDA00CCAC15 /* History.swift */; };
		566366C92B0DECDA00CCAC15 /* Helper.swift in Sources */ = {isa = PBXBuildFile; fileRef = 566366BE2B0DECDA00CCAC15 /* Helper.swift */; };
		566366CA2B0DECDA00CCAC15 /* YogaPlan.swift in Sources */ = {isa = PBXBuildFile; fileRef = 566366BF2B0DECDA00CCAC15 /* YogaPlan.swift */; };
		566366CB2B0DECDA00CCAC15 /* Yoga.swift in Sources */ = {isa = PBXBuildFile; fileRef = 566366C02B0DECDA00CCAC15 /* Yoga.swift */; };
		566366CC2B0DECDA00CCAC15 /* RequestYogaPose.swift in Sources */ = {isa = PBXBuildFile; fileRef = 566366C12B0DECDA00CCAC15 /* RequestYogaPose.swift */; };
		566366CE2B0DED3B00CCAC15 /* UpdateYogaPlanUseCase.swift in Sources */ = {isa = PBXBuildFile; fileRef = 566366CD2B0DED3B00CCAC15 /* UpdateYogaPlanUseCase.swift */; };
		56BA8EDC2AFA3102007CFAF3 /* VideoView.swift in Sources */ = {isa = PBXBuildFile; fileRef = 56BA8EDB2AFA3102007CFAF3 /* VideoView.swift */; };
		56BA8EE02AFA3D83007CFAF3 /* Video.swift in Sources */ = {isa = PBXBuildFile; fileRef = 56BA8EDF2AFA3D83007CFAF3 /* Video.swift */; };
		56D1BC9D2AEA53B5002DBDA0 /* ExecutionViewModel.swift in Sources */ = {isa = PBXBuildFile; fileRef = 56D1BC9C2AEA53B5002DBDA0 /* ExecutionViewModel.swift */; };
		56D1BCA02AEA566D002DBDA0 /* TimerViewModel.swift in Sources */ = {isa = PBXBuildFile; fileRef = 56D1BC9F2AEA566D002DBDA0 /* TimerViewModel.swift */; };
		56D1BCAA2AEA6BD1002DBDA0 /* TimerView.swift in Sources */ = {isa = PBXBuildFile; fileRef = 56D1BCA92AEA6BD1002DBDA0 /* TimerView.swift */; };
		56D1BCAC2AECDEF0002DBDA0 /* NotificationViewModel.swift in Sources */ = {isa = PBXBuildFile; fileRef = 56D1BCAB2AECDEF0002DBDA0 /* NotificationViewModel.swift */; };
		6C1228EB2B01CB6500DE2A46 /* YogaDetailViewModel.swift in Sources */ = {isa = PBXBuildFile; fileRef = 6C1228EA2B01CB6500DE2A46 /* YogaDetailViewModel.swift */; };
		6C1228ED2B034A5C00DE2A46 /* HomeTabView.swift in Sources */ = {isa = PBXBuildFile; fileRef = 6C1228EC2B034A5C00DE2A46 /* HomeTabView.swift */; };
		6C1228F02B039ECA00DE2A46 /* TabButtonView.swift in Sources */ = {isa = PBXBuildFile; fileRef = 6C1228EF2B039ECA00DE2A46 /* TabButtonView.swift */; };
		6C12290E2B04745C00DE2A46 /* HomeView.swift in Sources */ = {isa = PBXBuildFile; fileRef = 6C12290D2B04745C00DE2A46 /* HomeView.swift */; };
		6C1229142B047DD500DE2A46 /* HeaderTodayView.swift in Sources */ = {isa = PBXBuildFile; fileRef = 6C1229132B047DD500DE2A46 /* HeaderTodayView.swift */; };
		6C1229162B04953600DE2A46 /* ExploreBodyView.swift in Sources */ = {isa = PBXBuildFile; fileRef = 6C1229152B04953600DE2A46 /* ExploreBodyView.swift */; };
		6C12291B2B04969900DE2A46 /* PlanBodyView.swift in Sources */ = {isa = PBXBuildFile; fileRef = 6C12291A2B04969900DE2A46 /* PlanBodyView.swift */; };
		6C12291F2B04A91B00DE2A46 /* TestTabView.swift in Sources */ = {isa = PBXBuildFile; fileRef = 6C12291E2B04A91B00DE2A46 /* TestTabView.swift */; };
		6C1229212B04ABA300DE2A46 /* TestDragGesture.swift in Sources */ = {isa = PBXBuildFile; fileRef = 6C1229202B04ABA300DE2A46 /* TestDragGesture.swift */; };
		6C1229232B04AD4000DE2A46 /* TestScrollSwipeView.swift in Sources */ = {isa = PBXBuildFile; fileRef = 6C1229222B04AD4000DE2A46 /* TestScrollSwipeView.swift */; };
		6C1229252B04B27C00DE2A46 /* TestAppearView.swift in Sources */ = {isa = PBXBuildFile; fileRef = 6C1229242B04B27C00DE2A46 /* TestAppearView.swift */; };
		6C1229272B04B47E00DE2A46 /* TestMatchedGeometryView.swift in Sources */ = {isa = PBXBuildFile; fileRef = 6C1229262B04B47E00DE2A46 /* TestMatchedGeometryView.swift */; };
		6C3FD7652AEE405C00C84D2A /* Relieve.swift in Sources */ = {isa = PBXBuildFile; fileRef = 6C3FD7642AEE405C00C84D2A /* Relieve.swift */; };
		6C3FD76C2AEE40BD00C84D2A /* Trimester.swift in Sources */ = {isa = PBXBuildFile; fileRef = 6C3FD76B2AEE40BD00C84D2A /* Trimester.swift */; };
		6C3FD76E2AEE40C900C84D2A /* Difficulty.swift in Sources */ = {isa = PBXBuildFile; fileRef = 6C3FD76D2AEE40C900C84D2A /* Difficulty.swift */; };
		6C3FD7702AEE40D800C84D2A /* YogaState.swift in Sources */ = {isa = PBXBuildFile; fileRef = 6C3FD76F2AEE40D800C84D2A /* YogaState.swift */; };
		6C3FD7742AEEB26800C84D2A /* TimeOfDay.swift in Sources */ = {isa = PBXBuildFile; fileRef = 6C3FD7732AEEB26800C84D2A /* TimeOfDay.swift */; };
		6C3FD77A2AEF5AB800C84D2A /* UserPreference.swift in Sources */ = {isa = PBXBuildFile; fileRef = 6C3FD7792AEF5AB800C84D2A /* UserPreference.swift */; };
		6C53C6F42B05F9E90044EC06 /* GenerateViewPlan.swift in Sources */ = {isa = PBXBuildFile; fileRef = 6C53C6EF2B05F9E90044EC06 /* GenerateViewPlan.swift */; };
		6C53C7032B071F850044EC06 /* customScrollViewReader.swift in Sources */ = {isa = PBXBuildFile; fileRef = 6C53C6FC2B071F850044EC06 /* customScrollViewReader.swift */; };
		6C53C7042B071F850044EC06 /* YogaCardView.swift in Sources */ = {isa = PBXBuildFile; fileRef = 6C53C6FD2B071F850044EC06 /* YogaCardView.swift */; };
		6C53C7052B071F850044EC06 /* GeneratePlanYogaView.swift in Sources */ = {isa = PBXBuildFile; fileRef = 6C53C6FE2B071F850044EC06 /* GeneratePlanYogaView.swift */; };
		6C53C7062B071F850044EC06 /* DayPickerView.swift in Sources */ = {isa = PBXBuildFile; fileRef = 6C53C6FF2B071F850044EC06 /* DayPickerView.swift */; };
		6C53C7072B071F850044EC06 /* DayPickView.swift in Sources */ = {isa = PBXBuildFile; fileRef = 6C53C7002B071F850044EC06 /* DayPickView.swift */; };
		6C53C70F2B071FA60044EC06 /* GeneratePlanHeaderView.swift in Sources */ = {isa = PBXBuildFile; fileRef = 6C53C70B2B071FA60044EC06 /* GeneratePlanHeaderView.swift */; };
		6C53C7132B08B66D0044EC06 /* TestGradientRectangle.swift in Sources */ = {isa = PBXBuildFile; fileRef = 6C53C7122B08B66D0044EC06 /* TestGradientRectangle.swift */; };
		6C53C7152B08BF730044EC06 /* TestQuarterCircle.swift in Sources */ = {isa = PBXBuildFile; fileRef = 6C53C7142B08BF730044EC06 /* TestQuarterCircle.swift */; };
		6C6F34CC2AE7B9460059E74D /* ButtonComponent.swift in Sources */ = {isa = PBXBuildFile; fileRef = 6C6F34CB2AE7B9460059E74D /* ButtonComponent.swift */; };
		6C6F34D02AE7BDD60059E74D /* SliderComponent.swift in Sources */ = {isa = PBXBuildFile; fileRef = 6C6F34CF2AE7BDD60059E74D /* SliderComponent.swift */; };
		6C732A3C2AF1098D00E17FDB /* DayButtonView.swift in Sources */ = {isa = PBXBuildFile; fileRef = 6C732A3B2AF1098D00E17FDB /* DayButtonView.swift */; };
		6C732A3F2AF109AA00E17FDB /* YogaDetailView.swift in Sources */ = {isa = PBXBuildFile; fileRef = 6C732A3E2AF109AA00E17FDB /* YogaDetailView.swift */; };
		6C732A412AF109E500E17FDB /* NavigationLinkComponent.swift in Sources */ = {isa = PBXBuildFile; fileRef = 6C732A402AF109E500E17FDB /* NavigationLinkComponent.swift */; };
		6C85C0782B0154220076B057 /* UserConsentView.swift in Sources */ = {isa = PBXBuildFile; fileRef = 6C85C0762B0154220076B057 /* UserConsentView.swift */; };
		6C85C0792B0154220076B057 /* OnboardingView.swift in Sources */ = {isa = PBXBuildFile; fileRef = 6C85C0772B0154220076B057 /* OnboardingView.swift */; };
		6C85C07D2B0158F00076B057 /* LocalizedStringKey.swift in Sources */ = {isa = PBXBuildFile; fileRef = 6C85C07C2B0158F00076B057 /* LocalizedStringKey.swift */; };
		6C8D5D112AE6618E00A2986D /* Day.swift in Sources */ = {isa = PBXBuildFile; fileRef = 6C8D5D0D2AE6618E00A2986D /* Day.swift */; };
		6C8D5D122AE6618E00A2986D /* WorkoutState.swift in Sources */ = {isa = PBXBuildFile; fileRef = 6C8D5D0E2AE6618E00A2986D /* WorkoutState.swift */; };
		6C93694E2B04E919004E4778 /* TodayBodyView.swift in Sources */ = {isa = PBXBuildFile; fileRef = 6C93694D2B04E919004E4778 /* TodayBodyView.swift */; };
		6C99C1F42AF105C200CEA7D3 /* DataManager.swift in Sources */ = {isa = PBXBuildFile; fileRef = 6C99C1F32AF105C200CEA7D3 /* DataManager.swift */; };
		6C99C1F62AF108C700CEA7D3 /* HomeViewModel.swift in Sources */ = {isa = PBXBuildFile; fileRef = 6C99C1F52AF108C700CEA7D3 /* HomeViewModel.swift */; };
		6CA760BE2B09C5C600A89B80 /* HomeTodayView.swift in Sources */ = {isa = PBXBuildFile; fileRef = 6CA760BD2B09C5C600A89B80 /* HomeTodayView.swift */; };
		6CA760C02B09C5F300A89B80 /* HomePlanView.swift in Sources */ = {isa = PBXBuildFile; fileRef = 6CA760BF2B09C5F300A89B80 /* HomePlanView.swift */; };
		6CA760C22B09C61A00A89B80 /* HomeExploreView.swift in Sources */ = {isa = PBXBuildFile; fileRef = 6CA760C12B09C61A00A89B80 /* HomeExploreView.swift */; };
		6CA760C42B09D17E00A89B80 /* YogaDescriptionView.swift in Sources */ = {isa = PBXBuildFile; fileRef = 6CA760C32B09D17E00A89B80 /* YogaDescriptionView.swift */; };
		6CA760C62B0B1E7D00A89B80 /* YogaCardViewModel.swift in Sources */ = {isa = PBXBuildFile; fileRef = 6CA760C52B0B1E7D00A89B80 /* YogaCardViewModel.swift */; };
		6CA760C82B0B347F00A89B80 /* Localizable.xcstrings in Resources */ = {isa = PBXBuildFile; fileRef = 6CA760C72B0B347F00A89B80 /* Localizable.xcstrings */; };
		6CA760CC2B0B5C4D00A89B80 /* PlanExploreHeaderView.swift in Sources */ = {isa = PBXBuildFile; fileRef = 6CA760CB2B0B5C4D00A89B80 /* PlanExploreHeaderView.swift */; };
		6CB5F8082AF604850019539C /* HomeButtonView.swift in Sources */ = {isa = PBXBuildFile; fileRef = 6CB5F8072AF604850019539C /* HomeButtonView.swift */; };
		6CB5F80A2AF604FD0019539C /* HomeWeekIndicatorView.swift in Sources */ = {isa = PBXBuildFile; fileRef = 6CB5F8092AF604FD0019539C /* HomeWeekIndicatorView.swift */; };
		6CB5F80C2AF605D50019539C /* BorderedCorner.swift in Sources */ = {isa = PBXBuildFile; fileRef = 6CB5F80B2AF605D50019539C /* BorderedCorner.swift */; };
		6CB5F80E2AF60C170019539C /* HomeCurrentYogaView.swift in Sources */ = {isa = PBXBuildFile; fileRef = 6CB5F80D2AF60C170019539C /* HomeCurrentYogaView.swift */; };
		6CB5F8102AF60C9F0019539C /* HomeYogaCategoryView.swift in Sources */ = {isa = PBXBuildFile; fileRef = 6CB5F80F2AF60C9F0019539C /* HomeYogaCategoryView.swift */; };
		6CB5F8122AF612DD0019539C /* HomeOtherPlansView.swift in Sources */ = {isa = PBXBuildFile; fileRef = 6CB5F8112AF612DD0019539C /* HomeOtherPlansView.swift */; };
		6CB5F8142AF618D70019539C /* Status.swift in Sources */ = {isa = PBXBuildFile; fileRef = 6CB5F8132AF618D70019539C /* Status.swift */; };
		6CB5F8162AF61A210019539C /* Category.swift in Sources */ = {isa = PBXBuildFile; fileRef = 6CB5F8152AF61A210019539C /* Category.swift */; };
		6CB5F8182AF64F740019539C /* GeneratePlanViewModel.swift in Sources */ = {isa = PBXBuildFile; fileRef = 6CB5F8172AF64F740019539C /* GeneratePlanViewModel.swift */; };
		6CC43D052AF9D36C00FEE93A /* FirebaseFirestore in Frameworks */ = {isa = PBXBuildFile; productRef = 6CC43D042AF9D36C00FEE93A /* FirebaseFirestore */; };
		6CC43D072AF9D36C00FEE93A /* FirebaseFirestoreSwift in Frameworks */ = {isa = PBXBuildFile; productRef = 6CC43D062AF9D36C00FEE93A /* FirebaseFirestoreSwift */; };
		6CC43D092AF9E91F00FEE93A /* RelieveAssesmentView.swift in Sources */ = {isa = PBXBuildFile; fileRef = 6CC43D082AF9E91F00FEE93A /* RelieveAssesmentView.swift */; };
		6CC43D0B2AF9F93F00FEE93A /* IconButtonComponent.swift in Sources */ = {isa = PBXBuildFile; fileRef = 6CC43D0A2AF9F93F00FEE93A /* IconButtonComponent.swift */; };
		6CC43D112AFA236000FEE93A /* YogaPreviewView.swift in Sources */ = {isa = PBXBuildFile; fileRef = 6CC43D102AFA236000FEE93A /* YogaPreviewView.swift */; };
		6CC43D132AFA2CAD00FEE93A /* ScrollListenerViewBuilder.swift in Sources */ = {isa = PBXBuildFile; fileRef = 6CC43D122AFA2CAD00FEE93A /* ScrollListenerViewBuilder.swift */; };
		6CC43D152AFA3E0300FEE93A /* PoseManager.swift in Sources */ = {isa = PBXBuildFile; fileRef = 6CC43D142AFA3E0300FEE93A /* PoseManager.swift */; };
		6CEFB6792AF1F5CC0020D00F /* Exception.swift in Sources */ = {isa = PBXBuildFile; fileRef = 6CEFB6782AF1F5CC0020D00F /* Exception.swift */; };
		6CEFB67F2AF3AD5D0020D00F /* AssesmentWeekView.swift in Sources */ = {isa = PBXBuildFile; fileRef = 6CEFB67E2AF3AD5D0020D00F /* AssesmentWeekView.swift */; };
		6CEFB6812AF4C5330020D00F /* Color.swift in Sources */ = {isa = PBXBuildFile; fileRef = 6CEFB6802AF4C5330020D00F /* Color.swift */; };
		AC437B2C2AF148D20055C0AD /* PoseFirebaseManager.swift in Sources */ = {isa = PBXBuildFile; fileRef = AC437B2B2AF148D20055C0AD /* PoseFirebaseManager.swift */; };
		AC5A9A532AE3BCB1003B0C1F /* FireStoreManager.swift in Sources */ = {isa = PBXBuildFile; fileRef = AC5A9A522AE3BCB1003B0C1F /* FireStoreManager.swift */; };
		AC5A9A682AE41138003B0C1F /* FirebaseConstant.swift in Sources */ = {isa = PBXBuildFile; fileRef = AC5A9A652AE41138003B0C1F /* FirebaseConstant.swift */; };
		AC5A9A712AE41FB8003B0C1F /* GetYogaPosesUseCase.swift in Sources */ = {isa = PBXBuildFile; fileRef = AC5A9A702AE41FB8003B0C1F /* GetYogaPosesUseCase.swift */; };
		AC5A9A7A2AE52DA4003B0C1F /* CoreDataManager.swift in Sources */ = {isa = PBXBuildFile; fileRef = AC5A9A792AE52DA4003B0C1F /* CoreDataManager.swift */; };
		AC6EC6C42B0A52E000BE8FA8 /* UserDefaultSaveUseCase.swift in Sources */ = {isa = PBXBuildFile; fileRef = AC6EC6C32B0A52E000BE8FA8 /* UserDefaultSaveUseCase.swift */; };
		AC6EC6C62B0A562E00BE8FA8 /* UserDefaultGetUseCase.swift in Sources */ = {isa = PBXBuildFile; fileRef = AC6EC6C52B0A562E00BE8FA8 /* UserDefaultGetUseCase.swift */; };
		AC71EEB22AEA556B00C8ED8A /* CameraDeviceManager.swift in Sources */ = {isa = PBXBuildFile; fileRef = AC71EEB12AEA556B00C8ED8A /* CameraDeviceManager.swift */; };
		AC71EEB72AEA59DC00C8ED8A /* SampleBufferOutputDelegate.swift in Sources */ = {isa = PBXBuildFile; fileRef = AC71EEB62AEA59DC00C8ED8A /* SampleBufferOutputDelegate.swift */; };
		AC71EEBA2AEA5B3C00C8ED8A /* CameraPreviewUIKit.swift in Sources */ = {isa = PBXBuildFile; fileRef = AC71EEB92AEA5B3C00C8ED8A /* CameraPreviewUIKit.swift */; };
		AC71EEBD2AEA5D4E00C8ED8A /* CameraViewModel.swift in Sources */ = {isa = PBXBuildFile; fileRef = AC71EEBC2AEA5D4E00C8ED8A /* CameraViewModel.swift */; };
		AC71EEC12AEA62E200C8ED8A /* CameraView.swift in Sources */ = {isa = PBXBuildFile; fileRef = AC71EEC02AEA62E200C8ED8A /* CameraView.swift */; };
		AC71EEC32AEA656600C8ED8A /* BodyPoint.swift in Sources */ = {isa = PBXBuildFile; fileRef = AC71EEC22AEA656600C8ED8A /* BodyPoint.swift */; };
		AC71EEC82AEA751500C8ED8A /* Array.swift in Sources */ = {isa = PBXBuildFile; fileRef = AC71EEC72AEA751500C8ED8A /* Array.swift */; };
		AC7B06ED2B074DE1006F9940 /* AddHistoryUseCase.swift in Sources */ = {isa = PBXBuildFile; fileRef = AC7B06EC2B074DE1006F9940 /* AddHistoryUseCase.swift */; };
		ACB8642E2AE652C7005DF0D1 /* CoreDataDataSource.swift in Sources */ = {isa = PBXBuildFile; fileRef = ACB8642D2AE652C7005DF0D1 /* CoreDataDataSource.swift */; };
		ACBFBD992AE66DDF00109D94 /* CoreDataDataSourceDelegate.swift in Sources */ = {isa = PBXBuildFile; fileRef = ACBFBD982AE66DDF00109D94 /* CoreDataDataSourceDelegate.swift */; };
		ACBFBD9D2AE676D600109D94 /* WorkoutRepository.swift in Sources */ = {isa = PBXBuildFile; fileRef = ACBFBD9C2AE676D600109D94 /* WorkoutRepository.swift */; };
		ACBFBD9F2AE6775A00109D94 /* FetchProfileUseCase.swift in Sources */ = {isa = PBXBuildFile; fileRef = ACBFBD9E2AE6775A00109D94 /* FetchProfileUseCase.swift */; };
		ACBFBDA42AE67CEE00109D94 /* UpdateProfileUseCase.swift in Sources */ = {isa = PBXBuildFile; fileRef = ACBFBDA32AE67CEE00109D94 /* UpdateProfileUseCase.swift */; };
		ACD49E842AEFA62600793872 /* AddProfileUseCase.swift in Sources */ = {isa = PBXBuildFile; fileRef = ACD49E822AEFA62600793872 /* AddProfileUseCase.swift */; };
		ACD49E8D2AF0069900793872 /* WorkItOutTests.swift in Sources */ = {isa = PBXBuildFile; fileRef = ACD49E8C2AF0069900793872 /* WorkItOutTests.swift */; };
		ACFED3882AE2B6100018CD03 /* PersistentStorage.xcdatamodeld in Sources */ = {isa = PBXBuildFile; fileRef = ACFED3862AE2B6100018CD03 /* PersistentStorage.xcdatamodeld */; };
		D8065A292AF0EFD100333CB6 /* ProfileView.swift in Sources */ = {isa = PBXBuildFile; fileRef = D8065A282AF0EFD100333CB6 /* ProfileView.swift */; };
		D8065A2F2AF0F33800333CB6 /* ProfileCard.swift in Sources */ = {isa = PBXBuildFile; fileRef = D8065A2E2AF0F33800333CB6 /* ProfileCard.swift */; };
		D8207AEC2AF0B61D005DBD3C /* GoogleService-Info.plist in Resources */ = {isa = PBXBuildFile; fileRef = D8207AEB2AF0B61D005DBD3C /* GoogleService-Info.plist */; };
		D836D93C2AF499DA00260299 /* PoseCard.swift in Sources */ = {isa = PBXBuildFile; fileRef = D836D93B2AF499DA00260299 /* PoseCard.swift */; };
		D84CEC0F2AF4C76E008BEC1C /* HistoryTests.swift in Sources */ = {isa = PBXBuildFile; fileRef = D84CEC0E2AF4C76E008BEC1C /* HistoryTests.swift */; };
		D84CEC112AF4DF69008BEC1C /* ProfileViewModel.swift in Sources */ = {isa = PBXBuildFile; fileRef = D84CEC102AF4DF69008BEC1C /* ProfileViewModel.swift */; };
		D862DB672AE28E5A0014F2FC /* WorkItOutApp.swift in Sources */ = {isa = PBXBuildFile; fileRef = D862DB662AE28E5A0014F2FC /* WorkItOutApp.swift */; };
		D862DB692AE28E5A0014F2FC /* ContentView.swift in Sources */ = {isa = PBXBuildFile; fileRef = D862DB682AE28E5A0014F2FC /* ContentView.swift */; };
		D862DB6B2AE28E5C0014F2FC /* Assets.xcassets in Resources */ = {isa = PBXBuildFile; fileRef = D862DB6A2AE28E5C0014F2FC /* Assets.xcassets */; };
		D862DB6E2AE28E5C0014F2FC /* Preview Assets.xcassets in Resources */ = {isa = PBXBuildFile; fileRef = D862DB6D2AE28E5C0014F2FC /* Preview Assets.xcassets */; };
		D868F2CD2B09ECEA00CFCF93 /* WebView.swift in Sources */ = {isa = PBXBuildFile; fileRef = D868F2CC2B09ECEA00CFCF93 /* WebView.swift */; };
		D868F2D32B09F61400CFCF93 /* VideoURLManager.swift in Sources */ = {isa = PBXBuildFile; fileRef = D868F2D22B09F61400CFCF93 /* VideoURLManager.swift */; };
		D88A3E312AF20B480050D9E1 /* AssessmentWrapperView.swift in Sources */ = {isa = PBXBuildFile; fileRef = D88A3E302AF20B480050D9E1 /* AssessmentWrapperView.swift */; };
		D88A3E332AF21E070050D9E1 /* ProfileTests.swift in Sources */ = {isa = PBXBuildFile; fileRef = D88A3E322AF21E070050D9E1 /* ProfileTests.swift */; };
		D8B5579E2AF4FC8D00FDBF89 /* ExecutionCompleteView.swift in Sources */ = {isa = PBXBuildFile; fileRef = D8B5579D2AF4FC8D00FDBF89 /* ExecutionCompleteView.swift */; };
		D8B57DF52AF3958900AD9842 /* HistorySheet.swift in Sources */ = {isa = PBXBuildFile; fileRef = D8B57DF42AF3958900AD9842 /* HistorySheet.swift */; };
		D8BA73C12AFCC4FC004A795A /* PoseConstant.swift in Sources */ = {isa = PBXBuildFile; fileRef = D8BA73C02AFCC4FC004A795A /* PoseConstant.swift */; };
		D8BA73C32AFCCCA8004A795A /* PoseImageCard.swift in Sources */ = {isa = PBXBuildFile; fileRef = D8BA73C22AFCCCA8004A795A /* PoseImageCard.swift */; };
		D8BA73C72AFE73AC004A795A /* TipView.swift in Sources */ = {isa = PBXBuildFile; fileRef = D8BA73C62AFE73AC004A795A /* TipView.swift */; };
		D8BA73C92AFE76E2004A795A /* CheckBox.swift in Sources */ = {isa = PBXBuildFile; fileRef = D8BA73C82AFE76E2004A795A /* CheckBox.swift */; };
		D8BC2BE72AE8003000E61487 /* AssessmentView.swift in Sources */ = {isa = PBXBuildFile; fileRef = D8BC2BE62AE8003000E61487 /* AssessmentView.swift */; };
		D8BC2BEB2AE802D100E61487 /* AssessmentDetailView.swift in Sources */ = {isa = PBXBuildFile; fileRef = D8BC2BEA2AE802D100E61487 /* AssessmentDetailView.swift */; };
		D8BC2BEE2AE80F1800E61487 /* AssessmentViewModel.swift in Sources */ = {isa = PBXBuildFile; fileRef = D8BC2BED2AE80F1800E61487 /* AssessmentViewModel.swift */; };
		D8BC2BF42AE81A1000E61487 /* AssessmentDetailMultipleChoiceView.swift in Sources */ = {isa = PBXBuildFile; fileRef = D8BC2BF32AE81A1000E61487 /* AssessmentDetailMultipleChoiceView.swift */; };
		D8BC2BF62AE81D0600E61487 /* AssessmentState.swift in Sources */ = {isa = PBXBuildFile; fileRef = D8BC2BF52AE81D0600E61487 /* AssessmentState.swift */; };
		D8BC2BF82AE81E0400E61487 /* Duration.swift in Sources */ = {isa = PBXBuildFile; fileRef = D8BC2BF72AE81E0400E61487 /* Duration.swift */; };
		D8FBED4B2AE8F2680062CC00 /* StateIndicator.swift in Sources */ = {isa = PBXBuildFile; fileRef = D8FBED4A2AE8F2680062CC00 /* StateIndicator.swift */; };
		D8FBED4E2AE906FE0062CC00 /* ButtonStyles.swift in Sources */ = {isa = PBXBuildFile; fileRef = D8FBED4D2AE906FE0062CC00 /* ButtonStyles.swift */; };
		D8FBED562AE918200062CC00 /* CompleteView.swift in Sources */ = {isa = PBXBuildFile; fileRef = D8FBED552AE918200062CC00 /* CompleteView.swift */; };
		D8FBED5A2AE91A880062CC00 /* LoadingCircle.swift in Sources */ = {isa = PBXBuildFile; fileRef = D8FBED592AE91A880062CC00 /* LoadingCircle.swift */; };
		D8FD5D652AF35371005F8D4E /* HistoryViewModel.swift in Sources */ = {isa = PBXBuildFile; fileRef = D8FD5D642AF35371005F8D4E /* HistoryViewModel.swift */; };
		D8FD5D682AF3538F005F8D4E /* HistoryView.swift in Sources */ = {isa = PBXBuildFile; fileRef = D8FD5D672AF3538F005F8D4E /* HistoryView.swift */; };
		D8FD5D6B2AF3576D005F8D4E /* HistoryCard.swift in Sources */ = {isa = PBXBuildFile; fileRef = D8FD5D6A2AF3576D005F8D4E /* HistoryCard.swift */; };
		D8FD5D6D2AF3577F005F8D4E /* HistorySection.swift in Sources */ = {isa = PBXBuildFile; fileRef = D8FD5D6C2AF3577F005F8D4E /* HistorySection.swift */; };
/* End PBXBuildFile section */

/* Begin PBXContainerItemProxy section */
		ACD49E8E2AF0069900793872 /* PBXContainerItemProxy */ = {
			isa = PBXContainerItemProxy;
			containerPortal = D862DB5B2AE28E5A0014F2FC /* Project object */;
			proxyType = 1;
			remoteGlobalIDString = D862DB622AE28E5A0014F2FC;
			remoteInfo = WorkItOut;
		};
/* End PBXContainerItemProxy section */

/* Begin PBXFileReference section */
		560938812AF0E35D00C77989 /* ExecutionView.swift */ = {isa = PBXFileReference; lastKnownFileType = sourcecode.swift; path = ExecutionView.swift; sourceTree = "<group>"; };
		566366B52B0DECDA00CCAC15 /* YogaNames.swift */ = {isa = PBXFileReference; fileEncoding = 4; lastKnownFileType = sourcecode.swift; path = YogaNames.swift; sourceTree = "<group>"; };
		566366B62B0DECDA00CCAC15 /* MockData.swift */ = {isa = PBXFileReference; fileEncoding = 4; lastKnownFileType = sourcecode.swift; path = MockData.swift; sourceTree = "<group>"; };
		566366B82B0DECDA00CCAC15 /* Profile.swift */ = {isa = PBXFileReference; fileEncoding = 4; lastKnownFileType = sourcecode.swift; path = Profile.swift; sourceTree = "<group>"; };
		566366B92B0DECDA00CCAC15 /* Pose.swift */ = {isa = PBXFileReference; fileEncoding = 4; lastKnownFileType = sourcecode.swift; path = Pose.swift; sourceTree = "<group>"; };
		566366BB2B0DECDA00CCAC15 /* YogaHistory.swift */ = {isa = PBXFileReference; fileEncoding = 4; lastKnownFileType = sourcecode.swift; path = YogaHistory.swift; sourceTree = "<group>"; };
		566366BC2B0DECDA00CCAC15 /* PoseHistory.swift */ = {isa = PBXFileReference; fileEncoding = 4; lastKnownFileType = sourcecode.swift; path = PoseHistory.swift; sourceTree = "<group>"; };
		566366BD2B0DECDA00CCAC15 /* History.swift */ = {isa = PBXFileReference; fileEncoding = 4; lastKnownFileType = sourcecode.swift; path = History.swift; sourceTree = "<group>"; };
		566366BE2B0DECDA00CCAC15 /* Helper.swift */ = {isa = PBXFileReference; fileEncoding = 4; lastKnownFileType = sourcecode.swift; path = Helper.swift; sourceTree = "<group>"; };
		566366BF2B0DECDA00CCAC15 /* YogaPlan.swift */ = {isa = PBXFileReference; fileEncoding = 4; lastKnownFileType = sourcecode.swift; path = YogaPlan.swift; sourceTree = "<group>"; };
		566366C02B0DECDA00CCAC15 /* Yoga.swift */ = {isa = PBXFileReference; fileEncoding = 4; lastKnownFileType = sourcecode.swift; path = Yoga.swift; sourceTree = "<group>"; };
		566366C12B0DECDA00CCAC15 /* RequestYogaPose.swift */ = {isa = PBXFileReference; fileEncoding = 4; lastKnownFileType = sourcecode.swift; path = RequestYogaPose.swift; sourceTree = "<group>"; };
		566366CD2B0DED3B00CCAC15 /* UpdateYogaPlanUseCase.swift */ = {isa = PBXFileReference; fileEncoding = 4; lastKnownFileType = sourcecode.swift; path = UpdateYogaPlanUseCase.swift; sourceTree = "<group>"; };
		56BA8EDB2AFA3102007CFAF3 /* VideoView.swift */ = {isa = PBXFileReference; lastKnownFileType = sourcecode.swift; path = VideoView.swift; sourceTree = "<group>"; };
		56BA8EDF2AFA3D83007CFAF3 /* Video.swift */ = {isa = PBXFileReference; lastKnownFileType = sourcecode.swift; path = Video.swift; sourceTree = "<group>"; };
		56D1BC902AE8B87C002DBDA0 /* ExecutionViewModel.swift */ = {isa = PBXFileReference; lastKnownFileType = sourcecode.swift; path = ExecutionViewModel.swift; sourceTree = "<group>"; };
		56D1BC9C2AEA53B5002DBDA0 /* ExecutionViewModel.swift */ = {isa = PBXFileReference; lastKnownFileType = sourcecode.swift; path = ExecutionViewModel.swift; sourceTree = "<group>"; };
		56D1BC9F2AEA566D002DBDA0 /* TimerViewModel.swift */ = {isa = PBXFileReference; lastKnownFileType = sourcecode.swift; path = TimerViewModel.swift; sourceTree = "<group>"; };
		56D1BCA42AEA5BAF002DBDA0 /* TimerView.swift */ = {isa = PBXFileReference; lastKnownFileType = sourcecode.swift; path = TimerView.swift; sourceTree = "<group>"; };
		56D1BCA92AEA6BD1002DBDA0 /* TimerView.swift */ = {isa = PBXFileReference; fileEncoding = 4; lastKnownFileType = sourcecode.swift; path = TimerView.swift; sourceTree = "<group>"; };
		56D1BCAB2AECDEF0002DBDA0 /* NotificationViewModel.swift */ = {isa = PBXFileReference; lastKnownFileType = sourcecode.swift; path = NotificationViewModel.swift; sourceTree = "<group>"; };
		6C1228EA2B01CB6500DE2A46 /* YogaDetailViewModel.swift */ = {isa = PBXFileReference; lastKnownFileType = sourcecode.swift; path = YogaDetailViewModel.swift; sourceTree = "<group>"; };
		6C1228EC2B034A5C00DE2A46 /* HomeTabView.swift */ = {isa = PBXFileReference; lastKnownFileType = sourcecode.swift; path = HomeTabView.swift; sourceTree = "<group>"; };
		6C1228EF2B039ECA00DE2A46 /* TabButtonView.swift */ = {isa = PBXFileReference; lastKnownFileType = sourcecode.swift; path = TabButtonView.swift; sourceTree = "<group>"; };
		6C12290D2B04745C00DE2A46 /* HomeView.swift */ = {isa = PBXFileReference; lastKnownFileType = sourcecode.swift; path = HomeView.swift; sourceTree = "<group>"; };
		6C1229132B047DD500DE2A46 /* HeaderTodayView.swift */ = {isa = PBXFileReference; lastKnownFileType = sourcecode.swift; path = HeaderTodayView.swift; sourceTree = "<group>"; };
		6C1229152B04953600DE2A46 /* ExploreBodyView.swift */ = {isa = PBXFileReference; lastKnownFileType = sourcecode.swift; path = ExploreBodyView.swift; sourceTree = "<group>"; };
		6C12291A2B04969900DE2A46 /* PlanBodyView.swift */ = {isa = PBXFileReference; lastKnownFileType = sourcecode.swift; path = PlanBodyView.swift; sourceTree = "<group>"; };
		6C12291E2B04A91B00DE2A46 /* TestTabView.swift */ = {isa = PBXFileReference; lastKnownFileType = sourcecode.swift; path = TestTabView.swift; sourceTree = "<group>"; };
		6C1229202B04ABA300DE2A46 /* TestDragGesture.swift */ = {isa = PBXFileReference; lastKnownFileType = sourcecode.swift; path = TestDragGesture.swift; sourceTree = "<group>"; };
		6C1229222B04AD4000DE2A46 /* TestScrollSwipeView.swift */ = {isa = PBXFileReference; lastKnownFileType = sourcecode.swift; path = TestScrollSwipeView.swift; sourceTree = "<group>"; };
		6C1229242B04B27C00DE2A46 /* TestAppearView.swift */ = {isa = PBXFileReference; lastKnownFileType = sourcecode.swift; path = TestAppearView.swift; sourceTree = "<group>"; };
		6C1229262B04B47E00DE2A46 /* TestMatchedGeometryView.swift */ = {isa = PBXFileReference; lastKnownFileType = sourcecode.swift; path = TestMatchedGeometryView.swift; sourceTree = "<group>"; };
		6C3FD7642AEE405C00C84D2A /* Relieve.swift */ = {isa = PBXFileReference; lastKnownFileType = sourcecode.swift; path = Relieve.swift; sourceTree = "<group>"; };
		6C3FD76B2AEE40BD00C84D2A /* Trimester.swift */ = {isa = PBXFileReference; lastKnownFileType = sourcecode.swift; path = Trimester.swift; sourceTree = "<group>"; };
		6C3FD76D2AEE40C900C84D2A /* Difficulty.swift */ = {isa = PBXFileReference; lastKnownFileType = sourcecode.swift; path = Difficulty.swift; sourceTree = "<group>"; };
		6C3FD76F2AEE40D800C84D2A /* YogaState.swift */ = {isa = PBXFileReference; lastKnownFileType = sourcecode.swift; path = YogaState.swift; sourceTree = "<group>"; };
		6C3FD7732AEEB26800C84D2A /* TimeOfDay.swift */ = {isa = PBXFileReference; lastKnownFileType = sourcecode.swift; path = TimeOfDay.swift; sourceTree = "<group>"; };
		6C3FD7792AEF5AB800C84D2A /* UserPreference.swift */ = {isa = PBXFileReference; lastKnownFileType = sourcecode.swift; path = UserPreference.swift; sourceTree = "<group>"; };
		6C53C6EF2B05F9E90044EC06 /* GenerateViewPlan.swift */ = {isa = PBXFileReference; fileEncoding = 4; lastKnownFileType = sourcecode.swift; path = GenerateViewPlan.swift; sourceTree = "<group>"; };
		6C53C6FC2B071F850044EC06 /* customScrollViewReader.swift */ = {isa = PBXFileReference; fileEncoding = 4; lastKnownFileType = sourcecode.swift; path = customScrollViewReader.swift; sourceTree = "<group>"; };
		6C53C6FD2B071F850044EC06 /* YogaCardView.swift */ = {isa = PBXFileReference; fileEncoding = 4; lastKnownFileType = sourcecode.swift; path = YogaCardView.swift; sourceTree = "<group>"; };
		6C53C6FE2B071F850044EC06 /* GeneratePlanYogaView.swift */ = {isa = PBXFileReference; fileEncoding = 4; lastKnownFileType = sourcecode.swift; path = GeneratePlanYogaView.swift; sourceTree = "<group>"; };
		6C53C6FF2B071F850044EC06 /* DayPickerView.swift */ = {isa = PBXFileReference; fileEncoding = 4; lastKnownFileType = sourcecode.swift; path = DayPickerView.swift; sourceTree = "<group>"; };
		6C53C7002B071F850044EC06 /* DayPickView.swift */ = {isa = PBXFileReference; fileEncoding = 4; lastKnownFileType = sourcecode.swift; path = DayPickView.swift; sourceTree = "<group>"; };
		6C53C70B2B071FA60044EC06 /* GeneratePlanHeaderView.swift */ = {isa = PBXFileReference; fileEncoding = 4; lastKnownFileType = sourcecode.swift; path = GeneratePlanHeaderView.swift; sourceTree = "<group>"; };
		6C53C7122B08B66D0044EC06 /* TestGradientRectangle.swift */ = {isa = PBXFileReference; lastKnownFileType = sourcecode.swift; path = TestGradientRectangle.swift; sourceTree = "<group>"; };
		6C53C7142B08BF730044EC06 /* TestQuarterCircle.swift */ = {isa = PBXFileReference; lastKnownFileType = sourcecode.swift; path = TestQuarterCircle.swift; sourceTree = "<group>"; };
		6C6F34CB2AE7B9460059E74D /* ButtonComponent.swift */ = {isa = PBXFileReference; lastKnownFileType = sourcecode.swift; path = ButtonComponent.swift; sourceTree = "<group>"; };
		6C6F34CF2AE7BDD60059E74D /* SliderComponent.swift */ = {isa = PBXFileReference; lastKnownFileType = sourcecode.swift; path = SliderComponent.swift; sourceTree = "<group>"; };
		6C732A3B2AF1098D00E17FDB /* DayButtonView.swift */ = {isa = PBXFileReference; fileEncoding = 4; lastKnownFileType = sourcecode.swift; path = DayButtonView.swift; sourceTree = "<group>"; };
		6C732A3E2AF109AA00E17FDB /* YogaDetailView.swift */ = {isa = PBXFileReference; fileEncoding = 4; lastKnownFileType = sourcecode.swift; path = YogaDetailView.swift; sourceTree = "<group>"; };
		6C732A402AF109E500E17FDB /* NavigationLinkComponent.swift */ = {isa = PBXFileReference; fileEncoding = 4; lastKnownFileType = sourcecode.swift; path = NavigationLinkComponent.swift; sourceTree = "<group>"; };
		6C85C0762B0154220076B057 /* UserConsentView.swift */ = {isa = PBXFileReference; fileEncoding = 4; lastKnownFileType = sourcecode.swift; path = UserConsentView.swift; sourceTree = "<group>"; };
		6C85C0772B0154220076B057 /* OnboardingView.swift */ = {isa = PBXFileReference; fileEncoding = 4; lastKnownFileType = sourcecode.swift; path = OnboardingView.swift; sourceTree = "<group>"; };
		6C85C07C2B0158F00076B057 /* LocalizedStringKey.swift */ = {isa = PBXFileReference; fileEncoding = 4; lastKnownFileType = sourcecode.swift; path = LocalizedStringKey.swift; sourceTree = "<group>"; };
		6C8D5D0D2AE6618E00A2986D /* Day.swift */ = {isa = PBXFileReference; fileEncoding = 4; lastKnownFileType = sourcecode.swift; path = Day.swift; sourceTree = "<group>"; };
		6C8D5D0E2AE6618E00A2986D /* WorkoutState.swift */ = {isa = PBXFileReference; fileEncoding = 4; lastKnownFileType = sourcecode.swift; path = WorkoutState.swift; sourceTree = "<group>"; };
		6C93694D2B04E919004E4778 /* TodayBodyView.swift */ = {isa = PBXFileReference; lastKnownFileType = sourcecode.swift; path = TodayBodyView.swift; sourceTree = "<group>"; };
		6C99C1F32AF105C200CEA7D3 /* DataManager.swift */ = {isa = PBXFileReference; fileEncoding = 4; lastKnownFileType = sourcecode.swift; path = DataManager.swift; sourceTree = "<group>"; };
		6C99C1F52AF108C700CEA7D3 /* HomeViewModel.swift */ = {isa = PBXFileReference; fileEncoding = 4; lastKnownFileType = sourcecode.swift; path = HomeViewModel.swift; sourceTree = "<group>"; };
		6CA760BD2B09C5C600A89B80 /* HomeTodayView.swift */ = {isa = PBXFileReference; lastKnownFileType = sourcecode.swift; path = HomeTodayView.swift; sourceTree = "<group>"; };
		6CA760BF2B09C5F300A89B80 /* HomePlanView.swift */ = {isa = PBXFileReference; lastKnownFileType = sourcecode.swift; path = HomePlanView.swift; sourceTree = "<group>"; };
		6CA760C12B09C61A00A89B80 /* HomeExploreView.swift */ = {isa = PBXFileReference; lastKnownFileType = sourcecode.swift; path = HomeExploreView.swift; sourceTree = "<group>"; };
		6CA760C32B09D17E00A89B80 /* YogaDescriptionView.swift */ = {isa = PBXFileReference; lastKnownFileType = sourcecode.swift; path = YogaDescriptionView.swift; sourceTree = "<group>"; };
		6CA760C52B0B1E7D00A89B80 /* YogaCardViewModel.swift */ = {isa = PBXFileReference; lastKnownFileType = sourcecode.swift; path = YogaCardViewModel.swift; sourceTree = "<group>"; };
		6CA760C72B0B347F00A89B80 /* Localizable.xcstrings */ = {isa = PBXFileReference; fileEncoding = 4; lastKnownFileType = text.json.xcstrings; name = Localizable.xcstrings; path = ../../../../../Localizable.xcstrings; sourceTree = "<group>"; };
		6CA760CB2B0B5C4D00A89B80 /* PlanExploreHeaderView.swift */ = {isa = PBXFileReference; lastKnownFileType = sourcecode.swift; path = PlanExploreHeaderView.swift; sourceTree = "<group>"; };
		6CB5F8072AF604850019539C /* HomeButtonView.swift */ = {isa = PBXFileReference; lastKnownFileType = sourcecode.swift; path = HomeButtonView.swift; sourceTree = "<group>"; };
		6CB5F8092AF604FD0019539C /* HomeWeekIndicatorView.swift */ = {isa = PBXFileReference; lastKnownFileType = sourcecode.swift; path = HomeWeekIndicatorView.swift; sourceTree = "<group>"; };
		6CB5F80B2AF605D50019539C /* BorderedCorner.swift */ = {isa = PBXFileReference; lastKnownFileType = sourcecode.swift; path = BorderedCorner.swift; sourceTree = "<group>"; };
		6CB5F80D2AF60C170019539C /* HomeCurrentYogaView.swift */ = {isa = PBXFileReference; lastKnownFileType = sourcecode.swift; path = HomeCurrentYogaView.swift; sourceTree = "<group>"; };
		6CB5F80F2AF60C9F0019539C /* HomeYogaCategoryView.swift */ = {isa = PBXFileReference; lastKnownFileType = sourcecode.swift; path = HomeYogaCategoryView.swift; sourceTree = "<group>"; };
		6CB5F8112AF612DD0019539C /* HomeOtherPlansView.swift */ = {isa = PBXFileReference; lastKnownFileType = sourcecode.swift; path = HomeOtherPlansView.swift; sourceTree = "<group>"; };
		6CB5F8132AF618D70019539C /* Status.swift */ = {isa = PBXFileReference; lastKnownFileType = sourcecode.swift; path = Status.swift; sourceTree = "<group>"; };
		6CB5F8152AF61A210019539C /* Category.swift */ = {isa = PBXFileReference; lastKnownFileType = sourcecode.swift; path = Category.swift; sourceTree = "<group>"; };
		6CB5F8172AF64F740019539C /* GeneratePlanViewModel.swift */ = {isa = PBXFileReference; lastKnownFileType = sourcecode.swift; path = GeneratePlanViewModel.swift; sourceTree = "<group>"; };
		6CC43D082AF9E91F00FEE93A /* RelieveAssesmentView.swift */ = {isa = PBXFileReference; lastKnownFileType = sourcecode.swift; path = RelieveAssesmentView.swift; sourceTree = "<group>"; };
		6CC43D0A2AF9F93F00FEE93A /* IconButtonComponent.swift */ = {isa = PBXFileReference; lastKnownFileType = sourcecode.swift; path = IconButtonComponent.swift; sourceTree = "<group>"; };
		6CC43D102AFA236000FEE93A /* YogaPreviewView.swift */ = {isa = PBXFileReference; lastKnownFileType = sourcecode.swift; path = YogaPreviewView.swift; sourceTree = "<group>"; };
		6CC43D122AFA2CAD00FEE93A /* ScrollListenerViewBuilder.swift */ = {isa = PBXFileReference; lastKnownFileType = sourcecode.swift; path = ScrollListenerViewBuilder.swift; sourceTree = "<group>"; };
		6CC43D142AFA3E0300FEE93A /* PoseManager.swift */ = {isa = PBXFileReference; lastKnownFileType = sourcecode.swift; path = PoseManager.swift; sourceTree = "<group>"; };
		6CEFB6782AF1F5CC0020D00F /* Exception.swift */ = {isa = PBXFileReference; lastKnownFileType = sourcecode.swift; path = Exception.swift; sourceTree = "<group>"; };
		6CEFB67E2AF3AD5D0020D00F /* AssesmentWeekView.swift */ = {isa = PBXFileReference; lastKnownFileType = sourcecode.swift; path = AssesmentWeekView.swift; sourceTree = "<group>"; };
		6CEFB6802AF4C5330020D00F /* Color.swift */ = {isa = PBXFileReference; lastKnownFileType = sourcecode.swift; path = Color.swift; sourceTree = "<group>"; };
		AC437B2B2AF148D20055C0AD /* PoseFirebaseManager.swift */ = {isa = PBXFileReference; fileEncoding = 4; lastKnownFileType = sourcecode.swift; path = PoseFirebaseManager.swift; sourceTree = "<group>"; };
		AC5A9A522AE3BCB1003B0C1F /* FireStoreManager.swift */ = {isa = PBXFileReference; lastKnownFileType = sourcecode.swift; path = FireStoreManager.swift; sourceTree = "<group>"; };
		AC5A9A652AE41138003B0C1F /* FirebaseConstant.swift */ = {isa = PBXFileReference; fileEncoding = 4; lastKnownFileType = sourcecode.swift; path = FirebaseConstant.swift; sourceTree = "<group>"; };
		AC5A9A702AE41FB8003B0C1F /* GetYogaPosesUseCase.swift */ = {isa = PBXFileReference; lastKnownFileType = sourcecode.swift; path = GetYogaPosesUseCase.swift; sourceTree = "<group>"; };
		AC5A9A792AE52DA4003B0C1F /* CoreDataManager.swift */ = {isa = PBXFileReference; lastKnownFileType = sourcecode.swift; path = CoreDataManager.swift; sourceTree = "<group>"; };
		AC6EC6C32B0A52E000BE8FA8 /* UserDefaultSaveUseCase.swift */ = {isa = PBXFileReference; lastKnownFileType = sourcecode.swift; path = UserDefaultSaveUseCase.swift; sourceTree = "<group>"; };
		AC6EC6C52B0A562E00BE8FA8 /* UserDefaultGetUseCase.swift */ = {isa = PBXFileReference; lastKnownFileType = sourcecode.swift; path = UserDefaultGetUseCase.swift; sourceTree = "<group>"; };
		AC71EEB12AEA556B00C8ED8A /* CameraDeviceManager.swift */ = {isa = PBXFileReference; lastKnownFileType = sourcecode.swift; path = CameraDeviceManager.swift; sourceTree = "<group>"; };
		AC71EEB62AEA59DC00C8ED8A /* SampleBufferOutputDelegate.swift */ = {isa = PBXFileReference; lastKnownFileType = sourcecode.swift; path = SampleBufferOutputDelegate.swift; sourceTree = "<group>"; };
		AC71EEB92AEA5B3C00C8ED8A /* CameraPreviewUIKit.swift */ = {isa = PBXFileReference; lastKnownFileType = sourcecode.swift; path = CameraPreviewUIKit.swift; sourceTree = "<group>"; };
		AC71EEBC2AEA5D4E00C8ED8A /* CameraViewModel.swift */ = {isa = PBXFileReference; lastKnownFileType = sourcecode.swift; path = CameraViewModel.swift; sourceTree = "<group>"; };
		AC71EEC02AEA62E200C8ED8A /* CameraView.swift */ = {isa = PBXFileReference; lastKnownFileType = sourcecode.swift; path = CameraView.swift; sourceTree = "<group>"; };
		AC71EEC22AEA656600C8ED8A /* BodyPoint.swift */ = {isa = PBXFileReference; lastKnownFileType = sourcecode.swift; path = BodyPoint.swift; sourceTree = "<group>"; };
		AC71EEC72AEA751500C8ED8A /* Array.swift */ = {isa = PBXFileReference; fileEncoding = 4; lastKnownFileType = sourcecode.swift; path = Array.swift; sourceTree = "<group>"; };
		AC7B06EC2B074DE1006F9940 /* AddHistoryUseCase.swift */ = {isa = PBXFileReference; lastKnownFileType = sourcecode.swift; path = AddHistoryUseCase.swift; sourceTree = "<group>"; };
		ACB8642D2AE652C7005DF0D1 /* CoreDataDataSource.swift */ = {isa = PBXFileReference; lastKnownFileType = sourcecode.swift; path = CoreDataDataSource.swift; sourceTree = "<group>"; };
		ACBFBD982AE66DDF00109D94 /* CoreDataDataSourceDelegate.swift */ = {isa = PBXFileReference; lastKnownFileType = sourcecode.swift; path = CoreDataDataSourceDelegate.swift; sourceTree = "<group>"; };
		ACBFBD9C2AE676D600109D94 /* WorkoutRepository.swift */ = {isa = PBXFileReference; lastKnownFileType = sourcecode.swift; path = WorkoutRepository.swift; sourceTree = "<group>"; };
		ACBFBD9E2AE6775A00109D94 /* FetchProfileUseCase.swift */ = {isa = PBXFileReference; lastKnownFileType = sourcecode.swift; path = FetchProfileUseCase.swift; sourceTree = "<group>"; };
		ACBFBDA32AE67CEE00109D94 /* UpdateProfileUseCase.swift */ = {isa = PBXFileReference; lastKnownFileType = sourcecode.swift; path = UpdateProfileUseCase.swift; sourceTree = "<group>"; };
		ACD49E822AEFA62600793872 /* AddProfileUseCase.swift */ = {isa = PBXFileReference; fileEncoding = 4; lastKnownFileType = sourcecode.swift; path = AddProfileUseCase.swift; sourceTree = "<group>"; };
		ACD49E8A2AF0069900793872 /* MamasteTests.xctest */ = {isa = PBXFileReference; explicitFileType = wrapper.cfbundle; includeInIndex = 0; path = MamasteTests.xctest; sourceTree = BUILT_PRODUCTS_DIR; };
		ACD49E8C2AF0069900793872 /* WorkItOutTests.swift */ = {isa = PBXFileReference; lastKnownFileType = sourcecode.swift; path = WorkItOutTests.swift; sourceTree = "<group>"; };
		ACFED3872AE2B6100018CD03 /* PersistentStorage.xcdatamodel */ = {isa = PBXFileReference; lastKnownFileType = wrapper.xcdatamodel; path = PersistentStorage.xcdatamodel; sourceTree = "<group>"; };
		D8065A282AF0EFD100333CB6 /* ProfileView.swift */ = {isa = PBXFileReference; lastKnownFileType = sourcecode.swift; path = ProfileView.swift; sourceTree = "<group>"; };
		D8065A2E2AF0F33800333CB6 /* ProfileCard.swift */ = {isa = PBXFileReference; lastKnownFileType = sourcecode.swift; path = ProfileCard.swift; sourceTree = "<group>"; };
		D8207AEB2AF0B61D005DBD3C /* GoogleService-Info.plist */ = {isa = PBXFileReference; fileEncoding = 4; lastKnownFileType = text.plist.xml; path = "GoogleService-Info.plist"; sourceTree = "<group>"; };
		D82951592B00D51800F3425B /* Mamaste-Info.plist */ = {isa = PBXFileReference; lastKnownFileType = text.plist; path = "Mamaste-Info.plist"; sourceTree = "<group>"; };
		D836D93B2AF499DA00260299 /* PoseCard.swift */ = {isa = PBXFileReference; lastKnownFileType = sourcecode.swift; path = PoseCard.swift; sourceTree = "<group>"; };
		D84CEC0E2AF4C76E008BEC1C /* HistoryTests.swift */ = {isa = PBXFileReference; lastKnownFileType = sourcecode.swift; path = HistoryTests.swift; sourceTree = "<group>"; };
		D84CEC102AF4DF69008BEC1C /* ProfileViewModel.swift */ = {isa = PBXFileReference; fileEncoding = 4; lastKnownFileType = sourcecode.swift; path = ProfileViewModel.swift; sourceTree = "<group>"; };
		D862DB632AE28E5A0014F2FC /* Mamaste.app */ = {isa = PBXFileReference; explicitFileType = wrapper.application; includeInIndex = 0; path = Mamaste.app; sourceTree = BUILT_PRODUCTS_DIR; };
		D862DB662AE28E5A0014F2FC /* WorkItOutApp.swift */ = {isa = PBXFileReference; lastKnownFileType = sourcecode.swift; path = WorkItOutApp.swift; sourceTree = "<group>"; };
		D862DB682AE28E5A0014F2FC /* ContentView.swift */ = {isa = PBXFileReference; lastKnownFileType = sourcecode.swift; path = ContentView.swift; sourceTree = "<group>"; };
		D862DB6A2AE28E5C0014F2FC /* Assets.xcassets */ = {isa = PBXFileReference; lastKnownFileType = folder.assetcatalog; path = Assets.xcassets; sourceTree = "<group>"; };
		D862DB6D2AE28E5C0014F2FC /* Preview Assets.xcassets */ = {isa = PBXFileReference; lastKnownFileType = folder.assetcatalog; path = "Preview Assets.xcassets"; sourceTree = "<group>"; };
		D868F2CC2B09ECEA00CFCF93 /* WebView.swift */ = {isa = PBXFileReference; lastKnownFileType = sourcecode.swift; path = WebView.swift; sourceTree = "<group>"; };
		D868F2D22B09F61400CFCF93 /* VideoURLManager.swift */ = {isa = PBXFileReference; lastKnownFileType = sourcecode.swift; path = VideoURLManager.swift; sourceTree = "<group>"; };
		D88A3E302AF20B480050D9E1 /* AssessmentWrapperView.swift */ = {isa = PBXFileReference; lastKnownFileType = sourcecode.swift; path = AssessmentWrapperView.swift; sourceTree = "<group>"; };
		D88A3E322AF21E070050D9E1 /* ProfileTests.swift */ = {isa = PBXFileReference; lastKnownFileType = sourcecode.swift; path = ProfileTests.swift; sourceTree = "<group>"; };
		D8B5579D2AF4FC8D00FDBF89 /* ExecutionCompleteView.swift */ = {isa = PBXFileReference; lastKnownFileType = sourcecode.swift; path = ExecutionCompleteView.swift; sourceTree = "<group>"; };
		D8B57DF42AF3958900AD9842 /* HistorySheet.swift */ = {isa = PBXFileReference; lastKnownFileType = sourcecode.swift; path = HistorySheet.swift; sourceTree = "<group>"; };
		D8BA73C02AFCC4FC004A795A /* PoseConstant.swift */ = {isa = PBXFileReference; lastKnownFileType = sourcecode.swift; path = PoseConstant.swift; sourceTree = "<group>"; };
		D8BA73C22AFCCCA8004A795A /* PoseImageCard.swift */ = {isa = PBXFileReference; lastKnownFileType = sourcecode.swift; path = PoseImageCard.swift; sourceTree = "<group>"; };
		D8BA73C62AFE73AC004A795A /* TipView.swift */ = {isa = PBXFileReference; lastKnownFileType = sourcecode.swift; path = TipView.swift; sourceTree = "<group>"; };
		D8BA73C82AFE76E2004A795A /* CheckBox.swift */ = {isa = PBXFileReference; lastKnownFileType = sourcecode.swift; path = CheckBox.swift; sourceTree = "<group>"; };
		D8BC2BE62AE8003000E61487 /* AssessmentView.swift */ = {isa = PBXFileReference; lastKnownFileType = sourcecode.swift; path = AssessmentView.swift; sourceTree = "<group>"; };
		D8BC2BEA2AE802D100E61487 /* AssessmentDetailView.swift */ = {isa = PBXFileReference; lastKnownFileType = sourcecode.swift; path = AssessmentDetailView.swift; sourceTree = "<group>"; };
		D8BC2BED2AE80F1800E61487 /* AssessmentViewModel.swift */ = {isa = PBXFileReference; lastKnownFileType = sourcecode.swift; path = AssessmentViewModel.swift; sourceTree = "<group>"; };
		D8BC2BF32AE81A1000E61487 /* AssessmentDetailMultipleChoiceView.swift */ = {isa = PBXFileReference; lastKnownFileType = sourcecode.swift; path = AssessmentDetailMultipleChoiceView.swift; sourceTree = "<group>"; };
		D8BC2BF52AE81D0600E61487 /* AssessmentState.swift */ = {isa = PBXFileReference; lastKnownFileType = sourcecode.swift; path = AssessmentState.swift; sourceTree = "<group>"; };
		D8BC2BF72AE81E0400E61487 /* Duration.swift */ = {isa = PBXFileReference; lastKnownFileType = sourcecode.swift; path = Duration.swift; sourceTree = "<group>"; };
		D8FBED4A2AE8F2680062CC00 /* StateIndicator.swift */ = {isa = PBXFileReference; lastKnownFileType = sourcecode.swift; path = StateIndicator.swift; sourceTree = "<group>"; };
		D8FBED4D2AE906FE0062CC00 /* ButtonStyles.swift */ = {isa = PBXFileReference; lastKnownFileType = sourcecode.swift; path = ButtonStyles.swift; sourceTree = "<group>"; };
		D8FBED552AE918200062CC00 /* CompleteView.swift */ = {isa = PBXFileReference; lastKnownFileType = sourcecode.swift; path = CompleteView.swift; sourceTree = "<group>"; };
		D8FBED592AE91A880062CC00 /* LoadingCircle.swift */ = {isa = PBXFileReference; lastKnownFileType = sourcecode.swift; path = LoadingCircle.swift; sourceTree = "<group>"; };
		D8FD5D642AF35371005F8D4E /* HistoryViewModel.swift */ = {isa = PBXFileReference; lastKnownFileType = sourcecode.swift; path = HistoryViewModel.swift; sourceTree = "<group>"; };
		D8FD5D672AF3538F005F8D4E /* HistoryView.swift */ = {isa = PBXFileReference; lastKnownFileType = sourcecode.swift; path = HistoryView.swift; sourceTree = "<group>"; };
		D8FD5D6A2AF3576D005F8D4E /* HistoryCard.swift */ = {isa = PBXFileReference; lastKnownFileType = sourcecode.swift; path = HistoryCard.swift; sourceTree = "<group>"; };
		D8FD5D6C2AF3577F005F8D4E /* HistorySection.swift */ = {isa = PBXFileReference; lastKnownFileType = sourcecode.swift; path = HistorySection.swift; sourceTree = "<group>"; };
/* End PBXFileReference section */

/* Begin PBXFrameworksBuildPhase section */
		ACD49E872AF0069900793872 /* Frameworks */ = {
			isa = PBXFrameworksBuildPhase;
			buildActionMask = 2147483647;
			files = (
			);
			runOnlyForDeploymentPostprocessing = 0;
		};
		D862DB602AE28E5A0014F2FC /* Frameworks */ = {
			isa = PBXFrameworksBuildPhase;
			buildActionMask = 2147483647;
			files = (
				6CC43D052AF9D36C00FEE93A /* FirebaseFirestore in Frameworks */,
				6CC43D072AF9D36C00FEE93A /* FirebaseFirestoreSwift in Frameworks */,
			);
			runOnlyForDeploymentPostprocessing = 0;
		};
/* End PBXFrameworksBuildPhase section */

/* Begin PBXGroup section */
		560938852AF1061400C77989 /* Components */ = {
			isa = PBXGroup;
			children = (
				56D1BCA92AEA6BD1002DBDA0 /* TimerView.swift */,
				56BA8EDB2AFA3102007CFAF3 /* VideoView.swift */,
				D8BA73C62AFE73AC004A795A /* TipView.swift */,
				D8BA73C82AFE76E2004A795A /* CheckBox.swift */,
				D868F2CC2B09ECEA00CFCF93 /* WebView.swift */,
			);
			path = Components;
			sourceTree = "<group>";
		};
		566366B32B0DECDA00CCAC15 /* Data */ = {
			isa = PBXGroup;
			children = (
				566366B42B0DECDA00CCAC15 /* Mock */,
				566366B72B0DECDA00CCAC15 /* Entities */,
			);
			path = Data;
			sourceTree = "<group>";
		};
		566366B42B0DECDA00CCAC15 /* Mock */ = {
			isa = PBXGroup;
			children = (
				566366B52B0DECDA00CCAC15 /* YogaNames.swift */,
				566366B62B0DECDA00CCAC15 /* MockData.swift */,
			);
			path = Mock;
			sourceTree = "<group>";
		};
		566366B72B0DECDA00CCAC15 /* Entities */ = {
			isa = PBXGroup;
			children = (
				566366B82B0DECDA00CCAC15 /* Profile.swift */,
				566366B92B0DECDA00CCAC15 /* Pose.swift */,
				566366BA2B0DECDA00CCAC15 /* History */,
				566366BE2B0DECDA00CCAC15 /* Helper.swift */,
				566366BF2B0DECDA00CCAC15 /* YogaPlan.swift */,
				566366C02B0DECDA00CCAC15 /* Yoga.swift */,
				566366C12B0DECDA00CCAC15 /* RequestYogaPose.swift */,
			);
			path = Entities;
			sourceTree = "<group>";
		};
		566366BA2B0DECDA00CCAC15 /* History */ = {
			isa = PBXGroup;
			children = (
				566366BB2B0DECDA00CCAC15 /* YogaHistory.swift */,
				566366BC2B0DECDA00CCAC15 /* PoseHistory.swift */,
				566366BD2B0DECDA00CCAC15 /* History.swift */,
			);
			path = History;
			sourceTree = "<group>";
		};
		56D1BC9B2AEA51BE002DBDA0 /* Recovered References */ = {
			isa = PBXGroup;
			children = (
				56D1BC902AE8B87C002DBDA0 /* ExecutionViewModel.swift */,
				56D1BCA42AEA5BAF002DBDA0 /* TimerView.swift */,
			);
			name = "Recovered References";
			sourceTree = "<group>";
		};
		56D1BC9E2AEA5653002DBDA0 /* Execution */ = {
			isa = PBXGroup;
			children = (
				56D1BC9C2AEA53B5002DBDA0 /* ExecutionViewModel.swift */,
				56D1BC9F2AEA566D002DBDA0 /* TimerViewModel.swift */,
			);
			path = Execution;
			sourceTree = "<group>";
		};
		56D1BCA82AEA6BD1002DBDA0 /* Execution */ = {
			isa = PBXGroup;
			children = (
				560938852AF1061400C77989 /* Components */,
				560938812AF0E35D00C77989 /* ExecutionView.swift */,
				D8B5579D2AF4FC8D00FDBF89 /* ExecutionCompleteView.swift */,
			);
			path = Execution;
			sourceTree = "<group>";
		};
		56D1BCB02AEE81F4002DBDA0 /* Notification */ = {
			isa = PBXGroup;
			children = (
				56D1BCAB2AECDEF0002DBDA0 /* NotificationViewModel.swift */,
			);
			path = Notification;
			sourceTree = "<group>";
		};
		6C1228E82B01CB4E00DE2A46 /* Home */ = {
			isa = PBXGroup;
			children = (
				6C99C1F52AF108C700CEA7D3 /* HomeViewModel.swift */,
			);
			path = Home;
			sourceTree = "<group>";
		};
		6C1228E92B01CB5900DE2A46 /* YogaDetail */ = {
			isa = PBXGroup;
			children = (
				6C1228EA2B01CB6500DE2A46 /* YogaDetailViewModel.swift */,
			);
			path = YogaDetail;
			sourceTree = "<group>";
		};
		6C1228EE2B039E8C00DE2A46 /* Home */ = {
			isa = PBXGroup;
			children = (
				6C1229112B047DBC00DE2A46 /* Components */,
				6C1228EC2B034A5C00DE2A46 /* HomeTabView.swift */,
				6C12290D2B04745C00DE2A46 /* HomeView.swift */,
			);
			path = Home;
			sourceTree = "<group>";
		};
		6C1229112B047DBC00DE2A46 /* Components */ = {
			isa = PBXGroup;
			children = (
				6C1229442B04BC6900DE2A46 /* Test */,
				6C1229192B04968C00DE2A46 /* Body */,
				6C1229122B047DC700DE2A46 /* Header */,
				6CA760BD2B09C5C600A89B80 /* HomeTodayView.swift */,
				6CA760BF2B09C5F300A89B80 /* HomePlanView.swift */,
				6CA760C12B09C61A00A89B80 /* HomeExploreView.swift */,
				6C1228EF2B039ECA00DE2A46 /* TabButtonView.swift */,
			);
			path = Components;
			sourceTree = "<group>";
		};
		6C1229122B047DC700DE2A46 /* Header */ = {
			isa = PBXGroup;
			children = (
				6C1229132B047DD500DE2A46 /* HeaderTodayView.swift */,
				6CA760CB2B0B5C4D00A89B80 /* PlanExploreHeaderView.swift */,
			);
			path = Header;
			sourceTree = "<group>";
		};
		6C1229192B04968C00DE2A46 /* Body */ = {
			isa = PBXGroup;
			children = (
				6C1229452B04C6EF00DE2A46 /* Today */,
				6C12291A2B04969900DE2A46 /* PlanBodyView.swift */,
				6C1229152B04953600DE2A46 /* ExploreBodyView.swift */,
				6C93694D2B04E919004E4778 /* TodayBodyView.swift */,
			);
			path = Body;
			sourceTree = "<group>";
		};
		6C1229442B04BC6900DE2A46 /* Test */ = {
			isa = PBXGroup;
			children = (
				6C12291E2B04A91B00DE2A46 /* TestTabView.swift */,
				6C1229202B04ABA300DE2A46 /* TestDragGesture.swift */,
				6C1229222B04AD4000DE2A46 /* TestScrollSwipeView.swift */,
				6C1229242B04B27C00DE2A46 /* TestAppearView.swift */,
				6C1229262B04B47E00DE2A46 /* TestMatchedGeometryView.swift */,
				6C53C7122B08B66D0044EC06 /* TestGradientRectangle.swift */,
				6C53C7142B08BF730044EC06 /* TestQuarterCircle.swift */,
			);
			path = Test;
			sourceTree = "<group>";
		};
		6C1229452B04C6EF00DE2A46 /* Today */ = {
			isa = PBXGroup;
			children = (
				6C732A3B2AF1098D00E17FDB /* DayButtonView.swift */,
				6CB5F8072AF604850019539C /* HomeButtonView.swift */,
				6CB5F8092AF604FD0019539C /* HomeWeekIndicatorView.swift */,
				6CB5F80D2AF60C170019539C /* HomeCurrentYogaView.swift */,
				6CB5F80F2AF60C9F0019539C /* HomeYogaCategoryView.swift */,
				6CB5F8112AF612DD0019539C /* HomeOtherPlansView.swift */,
			);
			path = Today;
			sourceTree = "<group>";
		};
		6C53C6F82B071F850044EC06 /* GeneratePlan */ = {
			isa = PBXGroup;
			children = (
				6C53C6EF2B05F9E90044EC06 /* GenerateViewPlan.swift */,
				6C53C6FA2B071F850044EC06 /* Components */,
			);
			path = GeneratePlan;
			sourceTree = "<group>";
		};
		6C53C6FA2B071F850044EC06 /* Components */ = {
			isa = PBXGroup;
			children = (
				6C53C70B2B071FA60044EC06 /* GeneratePlanHeaderView.swift */,
				6C53C6FC2B071F850044EC06 /* customScrollViewReader.swift */,
				6C53C6FD2B071F850044EC06 /* YogaCardView.swift */,
				6C53C6FE2B071F850044EC06 /* GeneratePlanYogaView.swift */,
				6C53C6FF2B071F850044EC06 /* DayPickerView.swift */,
				6C53C7002B071F850044EC06 /* DayPickView.swift */,
				6CA760C32B09D17E00A89B80 /* YogaDescriptionView.swift */,
			);
			path = Components;
			sourceTree = "<group>";
		};
		6C6F34CA2AE7B9390059E74D /* GlobalComponent */ = {
			isa = PBXGroup;
			children = (
				6C732A402AF109E500E17FDB /* NavigationLinkComponent.swift */,
				6C6F34CB2AE7B9460059E74D /* ButtonComponent.swift */,
				6C6F34CF2AE7BDD60059E74D /* SliderComponent.swift */,
				6CC43D0A2AF9F93F00FEE93A /* IconButtonComponent.swift */,
				6CC43D122AFA2CAD00FEE93A /* ScrollListenerViewBuilder.swift */,
				D8BA73C22AFCCCA8004A795A /* PoseImageCard.swift */,
			);
			path = GlobalComponent;
			sourceTree = "<group>";
		};
		6C732A3D2AF109AA00E17FDB /* YogaDetail */ = {
			isa = PBXGroup;
			children = (
				6CC43D1A2AFA467A00FEE93A /* Components */,
				6C732A3E2AF109AA00E17FDB /* YogaDetailView.swift */,
			);
			path = YogaDetail;
			sourceTree = "<group>";
		};
		6C8D5D0B2AE6618E00A2986D /* Enum */ = {
			isa = PBXGroup;
			children = (
				D8BC2BF02AE8169500E61487 /* Assessment */,
				6C8D5D0E2AE6618E00A2986D /* WorkoutState.swift */,
			);
			path = Enum;
			sourceTree = "<group>";
		};
		6CC43D1A2AFA467A00FEE93A /* Components */ = {
			isa = PBXGroup;
			children = (
				6CC43D082AF9E91F00FEE93A /* RelieveAssesmentView.swift */,
				6CC43D102AFA236000FEE93A /* YogaPreviewView.swift */,
			);
			path = Components;
			sourceTree = "<group>";
		};
		AC5A9A4E2AE3AC5E003B0C1F /* Frameworks */ = {
			isa = PBXGroup;
			children = (
			);
			name = Frameworks;
			sourceTree = "<group>";
		};
		AC5A9A512AE3BC9D003B0C1F /* FireStore */ = {
			isa = PBXGroup;
			children = (
				AC437B2B2AF148D20055C0AD /* PoseFirebaseManager.swift */,
				AC5A9A522AE3BCB1003B0C1F /* FireStoreManager.swift */,
			);
			path = FireStore;
			sourceTree = "<group>";
		};
		AC5A9A582AE3C09B003B0C1F /* UseCases */ = {
			isa = PBXGroup;
			children = (
				AC6EC6C22B0A52CD00BE8FA8 /* UserDefault */,
				AC7391AF2AE7BF1F0012BC1B /* CoreData */,
				AC7391AE2AE7BF150012BC1B /* Firebase */,
			);
			path = UseCases;
			sourceTree = "<group>";
		};
		AC5A9A642AE41138003B0C1F /* Constant */ = {
			isa = PBXGroup;
			children = (
				AC5A9A652AE41138003B0C1F /* FirebaseConstant.swift */,
				D8BA73C02AFCC4FC004A795A /* PoseConstant.swift */,
			);
			path = Constant;
			sourceTree = "<group>";
		};
		AC5A9A692AE4154D003B0C1F /* Data */ = {
			isa = PBXGroup;
			children = (
				6C99C1F32AF105C200CEA7D3 /* DataManager.swift */,
				ACBFBD9B2AE676BF00109D94 /* Repository */,
				ACB8642C2AE65282005DF0D1 /* Datasource */,
				AC5A9A582AE3C09B003B0C1F /* UseCases */,
			);
			path = Data;
			sourceTree = "<group>";
		};
		AC5A9A6A2AE41557003B0C1F /* WorkItOut */ = {
			isa = PBXGroup;
			children = (
				ACBFBD972AE66DC900109D94 /* Domain */,
				AC5A9A692AE4154D003B0C1F /* Data */,
				AC5A9A762AE42D24003B0C1F /* Presentation */,
			);
			path = WorkItOut;
			sourceTree = "<group>";
		};
		AC5A9A762AE42D24003B0C1F /* Presentation */ = {
			isa = PBXGroup;
			children = (
				D8BC2BEC2AE80F0E00E61487 /* ViewModels */,
				6C6F34CA2AE7B9390059E74D /* GlobalComponent */,
				AC5A9A772AE42D30003B0C1F /* Views */,
			);
			path = Presentation;
			sourceTree = "<group>";
		};
		AC5A9A772AE42D30003B0C1F /* Views */ = {
			isa = PBXGroup;
			children = (
				6C53C6F82B071F850044EC06 /* GeneratePlan */,
				6C1228EE2B039E8C00DE2A46 /* Home */,
				D8FD5D662AF35381005F8D4E /* History */,
				D8065A272AF0EF8800333CB6 /* Profile */,
				6C732A3D2AF109AA00E17FDB /* YogaDetail */,
				56D1BCA82AEA6BD1002DBDA0 /* Execution */,
				AC71EEBE2AEA62B200C8ED8A /* CameraView */,
				D8BC2BE52AE8002200E61487 /* CreateWorkout */,
				D862DB682AE28E5A0014F2FC /* ContentView.swift */,
			);
			path = Views;
			sourceTree = "<group>";
		};
		AC5A9A782AE52D93003B0C1F /* CoreData */ = {
			isa = PBXGroup;
			children = (
				AC5A9A792AE52DA4003B0C1F /* CoreDataManager.swift */,
			);
			path = CoreData;
			sourceTree = "<group>";
		};
		AC6EC6C22B0A52CD00BE8FA8 /* UserDefault */ = {
			isa = PBXGroup;
			children = (
				AC6EC6C32B0A52E000BE8FA8 /* UserDefaultSaveUseCase.swift */,
				AC6EC6C52B0A562E00BE8FA8 /* UserDefaultGetUseCase.swift */,
			);
			path = UserDefault;
			sourceTree = "<group>";
		};
		AC71EEB02AEA555500C8ED8A /* AVFoundation */ = {
			isa = PBXGroup;
			children = (
				AC71EEB12AEA556B00C8ED8A /* CameraDeviceManager.swift */,
				AC71EEB62AEA59DC00C8ED8A /* SampleBufferOutputDelegate.swift */,
			);
			path = AVFoundation;
			sourceTree = "<group>";
		};
		AC71EEB82AEA5B2300C8ED8A /* UIKitRepresentable */ = {
			isa = PBXGroup;
			children = (
				AC71EEB92AEA5B3C00C8ED8A /* CameraPreviewUIKit.swift */,
			);
			path = UIKitRepresentable;
			sourceTree = "<group>";
		};
		AC71EEBE2AEA62B200C8ED8A /* CameraView */ = {
			isa = PBXGroup;
			children = (
				AC71EEBF2AEA62D100C8ED8A /* Components */,
				AC71EEC02AEA62E200C8ED8A /* CameraView.swift */,
			);
			path = CameraView;
			sourceTree = "<group>";
		};
		AC71EEBF2AEA62D100C8ED8A /* Components */ = {
			isa = PBXGroup;
			children = (
				AC71EEB82AEA5B2300C8ED8A /* UIKitRepresentable */,
				AC71EEC22AEA656600C8ED8A /* BodyPoint.swift */,
			);
			path = Components;
			sourceTree = "<group>";
		};
		AC71EEC62AEA751500C8ED8A /* Extensions */ = {
			isa = PBXGroup;
			children = (
				AC71EEC72AEA751500C8ED8A /* Array.swift */,
				6CEFB6802AF4C5330020D00F /* Color.swift */,
				6CB5F80B2AF605D50019539C /* BorderedCorner.swift */,
				56BA8EDF2AFA3D83007CFAF3 /* Video.swift */,
				6C85C07C2B0158F00076B057 /* LocalizedStringKey.swift */,
			);
			path = Extensions;
			sourceTree = "<group>";
		};
		AC7391AE2AE7BF150012BC1B /* Firebase */ = {
			isa = PBXGroup;
			children = (
				AC5A9A702AE41FB8003B0C1F /* GetYogaPosesUseCase.swift */,
			);
			path = Firebase;
			sourceTree = "<group>";
		};
		AC7391AF2AE7BF1F0012BC1B /* CoreData */ = {
			isa = PBXGroup;
			children = (
				566366CD2B0DED3B00CCAC15 /* UpdateYogaPlanUseCase.swift */,
				ACD49E822AEFA62600793872 /* AddProfileUseCase.swift */,
				ACBFBD9E2AE6775A00109D94 /* FetchProfileUseCase.swift */,
				ACBFBDA32AE67CEE00109D94 /* UpdateProfileUseCase.swift */,
				AC7B06EC2B074DE1006F9940 /* AddHistoryUseCase.swift */,
			);
			path = CoreData;
			sourceTree = "<group>";
		};
		ACB8642C2AE65282005DF0D1 /* Datasource */ = {
			isa = PBXGroup;
			children = (
				ACB8642D2AE652C7005DF0D1 /* CoreDataDataSource.swift */,
			);
			path = Datasource;
			sourceTree = "<group>";
		};
		ACBFBD972AE66DC900109D94 /* Domain */ = {
			isa = PBXGroup;
			children = (
				ACBFBD9A2AE6760C00109D94 /* Datasource */,
			);
			path = Domain;
			sourceTree = "<group>";
		};
		ACBFBD9A2AE6760C00109D94 /* Datasource */ = {
			isa = PBXGroup;
			children = (
				ACBFBD982AE66DDF00109D94 /* CoreDataDataSourceDelegate.swift */,
			);
			path = Datasource;
			sourceTree = "<group>";
		};
		ACBFBD9B2AE676BF00109D94 /* Repository */ = {
			isa = PBXGroup;
			children = (
				ACBFBD9C2AE676D600109D94 /* WorkoutRepository.swift */,
			);
			path = Repository;
			sourceTree = "<group>";
		};
		ACD49E8B2AF0069900793872 /* WorkItOutTests */ = {
			isa = PBXGroup;
			children = (
				ACD49E8C2AF0069900793872 /* WorkItOutTests.swift */,
				D88A3E322AF21E070050D9E1 /* ProfileTests.swift */,
				D84CEC0E2AF4C76E008BEC1C /* HistoryTests.swift */,
			);
			path = WorkItOutTests;
			sourceTree = "<group>";
		};
		ACFED3812AE2B5B60018CD03 /* Core */ = {
			isa = PBXGroup;
			children = (
				566366B32B0DECDA00CCAC15 /* Data */,
				AC71EEC62AEA751500C8ED8A /* Extensions */,
				D8FBED4C2AE906980062CC00 /* Utilities */,
				AC5A9A642AE41138003B0C1F /* Constant */,
				ACFED3852AE2B5F10018CD03 /* Services */,
				6C8D5D0B2AE6618E00A2986D /* Enum */,
				ACFED3832AE2B5CD0018CD03 /* Config */,
				ACFED3822AE2B5C20018CD03 /* Resources */,
			);
			path = Core;
			sourceTree = "<group>";
		};
		ACFED3822AE2B5C20018CD03 /* Resources */ = {
			isa = PBXGroup;
			children = (
				6CA760C72B0B347F00A89B80 /* Localizable.xcstrings */,
				D8207AEB2AF0B61D005DBD3C /* GoogleService-Info.plist */,
				D862DB6A2AE28E5C0014F2FC /* Assets.xcassets */,
				ACFED3862AE2B6100018CD03 /* PersistentStorage.xcdatamodeld */,
			);
			path = Resources;
			sourceTree = "<group>";
		};
		ACFED3832AE2B5CD0018CD03 /* Config */ = {
			isa = PBXGroup;
			children = (
				D862DB662AE28E5A0014F2FC /* WorkItOutApp.swift */,
			);
			path = Config;
			sourceTree = "<group>";
		};
		ACFED3852AE2B5F10018CD03 /* Services */ = {
			isa = PBXGroup;
			children = (
				AC71EEB02AEA555500C8ED8A /* AVFoundation */,
				AC5A9A782AE52D93003B0C1F /* CoreData */,
				AC5A9A512AE3BC9D003B0C1F /* FireStore */,
			);
			path = Services;
			sourceTree = "<group>";
		};
		D8065A272AF0EF8800333CB6 /* Profile */ = {
			isa = PBXGroup;
			children = (
				D8065A2D2AF0F32400333CB6 /* Components */,
				D8065A282AF0EFD100333CB6 /* ProfileView.swift */,
				D88A3E302AF20B480050D9E1 /* AssessmentWrapperView.swift */,
			);
			path = Profile;
			sourceTree = "<group>";
		};
		D8065A2A2AF0EFDD00333CB6 /* Profile */ = {
			isa = PBXGroup;
			children = (
				D84CEC102AF4DF69008BEC1C /* ProfileViewModel.swift */,
			);
			path = Profile;
			sourceTree = "<group>";
		};
		D8065A2D2AF0F32400333CB6 /* Components */ = {
			isa = PBXGroup;
			children = (
				D8065A2E2AF0F33800333CB6 /* ProfileCard.swift */,
			);
			path = Components;
			sourceTree = "<group>";
		};
		D862DB5A2AE28E5A0014F2FC = {
			isa = PBXGroup;
			children = (
				D82951592B00D51800F3425B /* Mamaste-Info.plist */,
				D862DB652AE28E5A0014F2FC /* WorkItOut */,
				ACD49E8B2AF0069900793872 /* WorkItOutTests */,
				D862DB642AE28E5A0014F2FC /* Products */,
				AC5A9A4E2AE3AC5E003B0C1F /* Frameworks */,
				56D1BC9B2AEA51BE002DBDA0 /* Recovered References */,
			);
			sourceTree = "<group>";
		};
		D862DB642AE28E5A0014F2FC /* Products */ = {
			isa = PBXGroup;
			children = (
				D862DB632AE28E5A0014F2FC /* Mamaste.app */,
				ACD49E8A2AF0069900793872 /* MamasteTests.xctest */,
			);
			name = Products;
			sourceTree = "<group>";
		};
		D862DB652AE28E5A0014F2FC /* WorkItOut */ = {
			isa = PBXGroup;
			children = (
				ACFED3812AE2B5B60018CD03 /* Core */,
				AC5A9A6A2AE41557003B0C1F /* WorkItOut */,
				D862DB6C2AE28E5C0014F2FC /* Preview Content */,
			);
			path = WorkItOut;
			sourceTree = "<group>";
		};
		D862DB6C2AE28E5C0014F2FC /* Preview Content */ = {
			isa = PBXGroup;
			children = (
				D862DB6D2AE28E5C0014F2FC /* Preview Assets.xcassets */,
			);
			path = "Preview Content";
			sourceTree = "<group>";
		};
		D8BC2BE52AE8002200E61487 /* CreateWorkout */ = {
			isa = PBXGroup;
			children = (
				D8BC2BE92AE8025900E61487 /* Components */,
				D8BC2BE62AE8003000E61487 /* AssessmentView.swift */,
				D8FBED552AE918200062CC00 /* CompleteView.swift */,
				6C85C0772B0154220076B057 /* OnboardingView.swift */,
				6C85C0762B0154220076B057 /* UserConsentView.swift */,
			);
			path = CreateWorkout;
			sourceTree = "<group>";
		};
		D8BC2BE92AE8025900E61487 /* Components */ = {
			isa = PBXGroup;
			children = (
				D8BC2BEA2AE802D100E61487 /* AssessmentDetailView.swift */,
				D8BC2BF32AE81A1000E61487 /* AssessmentDetailMultipleChoiceView.swift */,
				D8FBED4A2AE8F2680062CC00 /* StateIndicator.swift */,
				D8FBED592AE91A880062CC00 /* LoadingCircle.swift */,
				6CEFB67E2AF3AD5D0020D00F /* AssesmentWeekView.swift */,
			);
			path = Components;
			sourceTree = "<group>";
		};
		D8BC2BEC2AE80F0E00E61487 /* ViewModels */ = {
			isa = PBXGroup;
			children = (
				6C1228E92B01CB5900DE2A46 /* YogaDetail */,
				6C1228E82B01CB4E00DE2A46 /* Home */,
				D8FD5D632AF35364005F8D4E /* History */,
				D8065A2A2AF0EFDD00333CB6 /* Profile */,
				56D1BCB02AEE81F4002DBDA0 /* Notification */,
				56D1BC9E2AEA5653002DBDA0 /* Execution */,
				D8BC2BEF2AE80F1B00E61487 /* CreateWorkout */,
				AC71EEBC2AEA5D4E00C8ED8A /* CameraViewModel.swift */,
				6CB5F8172AF64F740019539C /* GeneratePlanViewModel.swift */,
				6CA760C52B0B1E7D00A89B80 /* YogaCardViewModel.swift */,
			);
			path = ViewModels;
			sourceTree = "<group>";
		};
		D8BC2BEF2AE80F1B00E61487 /* CreateWorkout */ = {
			isa = PBXGroup;
			children = (
				D8BC2BED2AE80F1800E61487 /* AssessmentViewModel.swift */,
			);
			path = CreateWorkout;
			sourceTree = "<group>";
		};
		D8BC2BF02AE8169500E61487 /* Assessment */ = {
			isa = PBXGroup;
			children = (
				6C8D5D0D2AE6618E00A2986D /* Day.swift */,
				D8BC2BF52AE81D0600E61487 /* AssessmentState.swift */,
				D8BC2BF72AE81E0400E61487 /* Duration.swift */,
				6C3FD7642AEE405C00C84D2A /* Relieve.swift */,
				6C3FD76B2AEE40BD00C84D2A /* Trimester.swift */,
				6C3FD76D2AEE40C900C84D2A /* Difficulty.swift */,
				6C3FD76F2AEE40D800C84D2A /* YogaState.swift */,
				6C3FD7732AEEB26800C84D2A /* TimeOfDay.swift */,
				6C3FD7792AEF5AB800C84D2A /* UserPreference.swift */,
				6CEFB6782AF1F5CC0020D00F /* Exception.swift */,
				6CB5F8132AF618D70019539C /* Status.swift */,
				6CB5F8152AF61A210019539C /* Category.swift */,
			);
			path = Assessment;
			sourceTree = "<group>";
		};
		D8FBED4C2AE906980062CC00 /* Utilities */ = {
			isa = PBXGroup;
			children = (
				D8FBED4D2AE906FE0062CC00 /* ButtonStyles.swift */,
				6CC43D142AFA3E0300FEE93A /* PoseManager.swift */,
				D868F2D22B09F61400CFCF93 /* VideoURLManager.swift */,
			);
			path = Utilities;
			sourceTree = "<group>";
		};
		D8FD5D632AF35364005F8D4E /* History */ = {
			isa = PBXGroup;
			children = (
				D8FD5D642AF35371005F8D4E /* HistoryViewModel.swift */,
			);
			path = History;
			sourceTree = "<group>";
		};
		D8FD5D662AF35381005F8D4E /* History */ = {
			isa = PBXGroup;
			children = (
				D8FD5D692AF35765005F8D4E /* Components */,
				D8FD5D672AF3538F005F8D4E /* HistoryView.swift */,
				D8B57DF42AF3958900AD9842 /* HistorySheet.swift */,
			);
			path = History;
			sourceTree = "<group>";
		};
		D8FD5D692AF35765005F8D4E /* Components */ = {
			isa = PBXGroup;
			children = (
				D8FD5D6A2AF3576D005F8D4E /* HistoryCard.swift */,
				D8FD5D6C2AF3577F005F8D4E /* HistorySection.swift */,
				D836D93B2AF499DA00260299 /* PoseCard.swift */,
			);
			path = Components;
			sourceTree = "<group>";
		};
/* End PBXGroup section */

/* Begin PBXNativeTarget section */
		ACD49E892AF0069900793872 /* MamasteTests */ = {
			isa = PBXNativeTarget;
			buildConfigurationList = ACD49E902AF0069900793872 /* Build configuration list for PBXNativeTarget "MamasteTests" */;
			buildPhases = (
				ACD49E862AF0069900793872 /* Sources */,
				ACD49E872AF0069900793872 /* Frameworks */,
				ACD49E882AF0069900793872 /* Resources */,
			);
			buildRules = (
			);
			dependencies = (
				ACD49E8F2AF0069900793872 /* PBXTargetDependency */,
			);
			name = MamasteTests;
			productName = WorkItOutTests;
			productReference = ACD49E8A2AF0069900793872 /* MamasteTests.xctest */;
			productType = "com.apple.product-type.bundle.unit-test";
		};
		D862DB622AE28E5A0014F2FC /* Mamaste */ = {
			isa = PBXNativeTarget;
			buildConfigurationList = D862DB712AE28E5C0014F2FC /* Build configuration list for PBXNativeTarget "Mamaste" */;
			buildPhases = (
				D862DB5F2AE28E5A0014F2FC /* Sources */,
				D862DB602AE28E5A0014F2FC /* Frameworks */,
				D862DB612AE28E5A0014F2FC /* Resources */,
			);
			buildRules = (
			);
			dependencies = (
			);
			name = Mamaste;
			packageProductDependencies = (
				6CC43D042AF9D36C00FEE93A /* FirebaseFirestore */,
				6CC43D062AF9D36C00FEE93A /* FirebaseFirestoreSwift */,
			);
			productName = WorkItOut;
			productReference = D862DB632AE28E5A0014F2FC /* Mamaste.app */;
			productType = "com.apple.product-type.application";
		};
/* End PBXNativeTarget section */

/* Begin PBXProject section */
		D862DB5B2AE28E5A0014F2FC /* Project object */ = {
			isa = PBXProject;
			attributes = {
				BuildIndependentTargetsInParallel = 1;
				LastSwiftUpdateCheck = 1500;
				LastUpgradeCheck = 1500;
				TargetAttributes = {
					ACD49E892AF0069900793872 = {
						CreatedOnToolsVersion = 15.0.1;
						TestTargetID = D862DB622AE28E5A0014F2FC;
					};
					D862DB622AE28E5A0014F2FC = {
						CreatedOnToolsVersion = 15.0.1;
					};
				};
			};
			buildConfigurationList = D862DB5E2AE28E5A0014F2FC /* Build configuration list for PBXProject "Mamaste" */;
			compatibilityVersion = "Xcode 14.0";
			developmentRegion = en;
			hasScannedForEncodings = 0;
			knownRegions = (
				en,
				Base,
			);
			mainGroup = D862DB5A2AE28E5A0014F2FC;
			packageReferences = (
				ACFED3892AE2EB430018CD03 /* XCRemoteSwiftPackageReference "firebase-ios-sdk" */,
			);
			productRefGroup = D862DB642AE28E5A0014F2FC /* Products */;
			projectDirPath = "";
			projectRoot = "";
			targets = (
				D862DB622AE28E5A0014F2FC /* Mamaste */,
				ACD49E892AF0069900793872 /* MamasteTests */,
			);
		};
/* End PBXProject section */

/* Begin PBXResourcesBuildPhase section */
		ACD49E882AF0069900793872 /* Resources */ = {
			isa = PBXResourcesBuildPhase;
			buildActionMask = 2147483647;
			files = (
			);
			runOnlyForDeploymentPostprocessing = 0;
		};
		D862DB612AE28E5A0014F2FC /* Resources */ = {
			isa = PBXResourcesBuildPhase;
			buildActionMask = 2147483647;
			files = (
				D862DB6E2AE28E5C0014F2FC /* Preview Assets.xcassets in Resources */,
				6CA760C82B0B347F00A89B80 /* Localizable.xcstrings in Resources */,
				D862DB6B2AE28E5C0014F2FC /* Assets.xcassets in Resources */,
				D8207AEC2AF0B61D005DBD3C /* GoogleService-Info.plist in Resources */,
			);
			runOnlyForDeploymentPostprocessing = 0;
		};
/* End PBXResourcesBuildPhase section */

/* Begin PBXSourcesBuildPhase section */
		ACD49E862AF0069900793872 /* Sources */ = {
			isa = PBXSourcesBuildPhase;
			buildActionMask = 2147483647;
			files = (
				ACD49E8D2AF0069900793872 /* WorkItOutTests.swift in Sources */,
				D88A3E332AF21E070050D9E1 /* ProfileTests.swift in Sources */,
				D84CEC0F2AF4C76E008BEC1C /* HistoryTests.swift in Sources */,
			);
			runOnlyForDeploymentPostprocessing = 0;
		};
		D862DB5F2AE28E5A0014F2FC /* Sources */ = {
			isa = PBXSourcesBuildPhase;
			buildActionMask = 2147483647;
			files = (
				6CA760C62B0B1E7D00A89B80 /* YogaCardViewModel.swift in Sources */,
				6CA760C42B09D17E00A89B80 /* YogaDescriptionView.swift in Sources */,
				6CB5F8182AF64F740019539C /* GeneratePlanViewModel.swift in Sources */,
				D8BC2BF62AE81D0600E61487 /* AssessmentState.swift in Sources */,
				6CEFB67F2AF3AD5D0020D00F /* AssesmentWeekView.swift in Sources */,
				D862DB692AE28E5A0014F2FC /* ContentView.swift in Sources */,
				D8FBED4B2AE8F2680062CC00 /* StateIndicator.swift in Sources */,
				566366CB2B0DECDA00CCAC15 /* Yoga.swift in Sources */,
				AC7B06ED2B074DE1006F9940 /* AddHistoryUseCase.swift in Sources */,
				6C85C0782B0154220076B057 /* UserConsentView.swift in Sources */,
				6C12291B2B04969900DE2A46 /* PlanBodyView.swift in Sources */,
				D862DB692AE28E5A0014F2FC /* ContentView.swift in Sources */,
				566366C92B0DECDA00CCAC15 /* Helper.swift in Sources */,
				566366CE2B0DED3B00CCAC15 /* UpdateYogaPlanUseCase.swift in Sources */,
				D862DB672AE28E5A0014F2FC /* WorkItOutApp.swift in Sources */,
				6C3FD77A2AEF5AB800C84D2A /* UserPreference.swift in Sources */,
				6CC43D112AFA236000FEE93A /* YogaPreviewView.swift in Sources */,
				AC71EEBA2AEA5B3C00C8ED8A /* CameraPreviewUIKit.swift in Sources */,
				ACFED3882AE2B6100018CD03 /* PersistentStorage.xcdatamodeld in Sources */,
				6C99C1F42AF105C200CEA7D3 /* DataManager.swift in Sources */,
				6CA760CC2B0B5C4D00A89B80 /* PlanExploreHeaderView.swift in Sources */,
				6C93694E2B04E919004E4778 /* TodayBodyView.swift in Sources */,
				6C1229252B04B27C00DE2A46 /* TestAppearView.swift in Sources */,
				6C53C7132B08B66D0044EC06 /* TestGradientRectangle.swift in Sources */,
				6CB5F8082AF604850019539C /* HomeButtonView.swift in Sources */,
				6CA760BE2B09C5C600A89B80 /* HomeTodayView.swift in Sources */,
				D868F2CD2B09ECEA00CFCF93 /* WebView.swift in Sources */,
				6C53C7062B071F850044EC06 /* DayPickerView.swift in Sources */,
				D8BC2BEB2AE802D100E61487 /* AssessmentDetailView.swift in Sources */,
				6CC43D152AFA3E0300FEE93A /* PoseManager.swift in Sources */,
				D8FD5D6D2AF3577F005F8D4E /* HistorySection.swift in Sources */,
				6C1229162B04953600DE2A46 /* ExploreBodyView.swift in Sources */,
				AC71EEB22AEA556B00C8ED8A /* CameraDeviceManager.swift in Sources */,
				AC71EEB72AEA59DC00C8ED8A /* SampleBufferOutputDelegate.swift in Sources */,
				6C3FD7652AEE405C00C84D2A /* Relieve.swift in Sources */,
				6CEFB6812AF4C5330020D00F /* Color.swift in Sources */,
				6C6F34CC2AE7B9460059E74D /* ButtonComponent.swift in Sources */,
				ACBFBD9F2AE6775A00109D94 /* FetchProfileUseCase.swift in Sources */,
				6CB5F80C2AF605D50019539C /* BorderedCorner.swift in Sources */,
				AC6EC6C42B0A52E000BE8FA8 /* UserDefaultSaveUseCase.swift in Sources */,
				6C53C7032B071F850044EC06 /* customScrollViewReader.swift in Sources */,
				D8BA73C72AFE73AC004A795A /* TipView.swift in Sources */,
				ACBFBD9D2AE676D600109D94 /* WorkoutRepository.swift in Sources */,
				560938822AF0E35D00C77989 /* ExecutionView.swift in Sources */,
				6CB5F80E2AF60C170019539C /* HomeCurrentYogaView.swift in Sources */,
				ACBFBD992AE66DDF00109D94 /* CoreDataDataSourceDelegate.swift in Sources */,
				ACB8642E2AE652C7005DF0D1 /* CoreDataDataSource.swift in Sources */,
				6C732A3C2AF1098D00E17FDB /* DayButtonView.swift in Sources */,
				566366C72B0DECDA00CCAC15 /* PoseHistory.swift in Sources */,
				56D1BCA02AEA566D002DBDA0 /* TimerViewModel.swift in Sources */,
				D8FD5D6B2AF3576D005F8D4E /* HistoryCard.swift in Sources */,
				566366C42B0DECDA00CCAC15 /* Profile.swift in Sources */,
				6C99C1F62AF108C700CEA7D3 /* HomeViewModel.swift in Sources */,
				AC71EEC82AEA751500C8ED8A /* Array.swift in Sources */,
				6C85C0792B0154220076B057 /* OnboardingView.swift in Sources */,
				D88A3E312AF20B480050D9E1 /* AssessmentWrapperView.swift in Sources */,
				AC437B2C2AF148D20055C0AD /* PoseFirebaseManager.swift in Sources */,
				D8B57DF52AF3958900AD9842 /* HistorySheet.swift in Sources */,
				6C1229272B04B47E00DE2A46 /* TestMatchedGeometryView.swift in Sources */,
				56D1BCAA2AEA6BD1002DBDA0 /* TimerView.swift in Sources */,
				6C12290E2B04745C00DE2A46 /* HomeView.swift in Sources */,
				D8B5579E2AF4FC8D00FDBF89 /* ExecutionCompleteView.swift in Sources */,
				AC71EEC12AEA62E200C8ED8A /* CameraView.swift in Sources */,
				56BA8EDC2AFA3102007CFAF3 /* VideoView.swift in Sources */,
				6C1228EB2B01CB6500DE2A46 /* YogaDetailViewModel.swift in Sources */,
				6CB5F8102AF60C9F0019539C /* HomeYogaCategoryView.swift in Sources */,
				AC5A9A682AE41138003B0C1F /* FirebaseConstant.swift in Sources */,
				D8065A2F2AF0F33800333CB6 /* ProfileCard.swift in Sources */,
				D836D93C2AF499DA00260299 /* PoseCard.swift in Sources */,
				6C85C07D2B0158F00076B057 /* LocalizedStringKey.swift in Sources */,
				6CB5F8142AF618D70019539C /* Status.swift in Sources */,
				6CB5F8162AF61A210019539C /* Category.swift in Sources */,
				6C53C7152B08BF730044EC06 /* TestQuarterCircle.swift in Sources */,
				D8BA73C12AFCC4FC004A795A /* PoseConstant.swift in Sources */,
				D8FBED4E2AE906FE0062CC00 /* ButtonStyles.swift in Sources */,
				6CC43D092AF9E91F00FEE93A /* RelieveAssesmentView.swift in Sources */,
				AC71EEC32AEA656600C8ED8A /* BodyPoint.swift in Sources */,
				D8FBED562AE918200062CC00 /* CompleteView.swift in Sources */,
				6C8D5D122AE6618E00A2986D /* WorkoutState.swift in Sources */,
				D8BC2BEE2AE80F1800E61487 /* AssessmentViewModel.swift in Sources */,
				6C53C7042B071F850044EC06 /* YogaCardView.swift in Sources */,
				6C8D5D122AE6618E00A2986D /* WorkoutState.swift in Sources */,
				6C1229142B047DD500DE2A46 /* HeaderTodayView.swift in Sources */,
				6C53C7052B071F850044EC06 /* GeneratePlanYogaView.swift in Sources */,
				6C3FD76E2AEE40C900C84D2A /* Difficulty.swift in Sources */,
				D8FBED5A2AE91A880062CC00 /* LoadingCircle.swift in Sources */,
				6C1229212B04ABA300DE2A46 /* TestDragGesture.swift in Sources */,
				6C1228ED2B034A5C00DE2A46 /* HomeTabView.swift in Sources */,
				6C1228F02B039ECA00DE2A46 /* TabButtonView.swift in Sources */,
				6CEFB6792AF1F5CC0020D00F /* Exception.swift in Sources */,
				6CC43D132AFA2CAD00FEE93A /* ScrollListenerViewBuilder.swift in Sources */,
				6CA760C22B09C61A00A89B80 /* HomeExploreView.swift in Sources */,
				6C6F34D02AE7BDD60059E74D /* SliderComponent.swift in Sources */,
				566366C62B0DECDA00CCAC15 /* YogaHistory.swift in Sources */,
				AC5A9A532AE3BCB1003B0C1F /* FireStoreManager.swift in Sources */,
				6C8D5D112AE6618E00A2986D /* Day.swift in Sources */,
				D8FD5D682AF3538F005F8D4E /* HistoryView.swift in Sources */,
				D8BA73C32AFCCCA8004A795A /* PoseImageCard.swift in Sources */,
				6C12291F2B04A91B00DE2A46 /* TestTabView.swift in Sources */,
				6C1229232B04AD4000DE2A46 /* TestScrollSwipeView.swift in Sources */,
				566366C82B0DECDA00CCAC15 /* History.swift in Sources */,
				D8BC2BF82AE81E0400E61487 /* Duration.swift in Sources */,
				6C732A412AF109E500E17FDB /* NavigationLinkComponent.swift in Sources */,
				56D1BCAC2AECDEF0002DBDA0 /* NotificationViewModel.swift in Sources */,
				AC71EEBD2AEA5D4E00C8ED8A /* CameraViewModel.swift in Sources */,
				6C3FD76C2AEE40BD00C84D2A /* Trimester.swift in Sources */,
				56D1BC9D2AEA53B5002DBDA0 /* ExecutionViewModel.swift in Sources */,
				ACBFBDA42AE67CEE00109D94 /* UpdateProfileUseCase.swift in Sources */,
				56BA8EE02AFA3D83007CFAF3 /* Video.swift in Sources */,
				D8BC2BF42AE81A1000E61487 /* AssessmentDetailMultipleChoiceView.swift in Sources */,
				566366C32B0DECDA00CCAC15 /* MockData.swift in Sources */,
				6C53C6F42B05F9E90044EC06 /* GenerateViewPlan.swift in Sources */,
				6C3FD7742AEEB26800C84D2A /* TimeOfDay.swift in Sources */,
				D8BA73C92AFE76E2004A795A /* CheckBox.swift in Sources */,
				ACD49E842AEFA62600793872 /* AddProfileUseCase.swift in Sources */,
				6C53C70F2B071FA60044EC06 /* GeneratePlanHeaderView.swift in Sources */,
				566366CA2B0DECDA00CCAC15 /* YogaPlan.swift in Sources */,
				AC6EC6C62B0A562E00BE8FA8 /* UserDefaultGetUseCase.swift in Sources */,
				D8065A292AF0EFD100333CB6 /* ProfileView.swift in Sources */,
				ACD49E842AEFA62600793872 /* AddProfileUseCase.swift in Sources */,
				D8FD5D652AF35371005F8D4E /* HistoryViewModel.swift in Sources */,
				AC5A9A7A2AE52DA4003B0C1F /* CoreDataManager.swift in Sources */,
				6CB5F8122AF612DD0019539C /* HomeOtherPlansView.swift in Sources */,
				6C3FD7702AEE40D800C84D2A /* YogaState.swift in Sources */,
				D84CEC112AF4DF69008BEC1C /* ProfileViewModel.swift in Sources */,
				6CA760C02B09C5F300A89B80 /* HomePlanView.swift in Sources */,
				AC5A9A712AE41FB8003B0C1F /* GetYogaPosesUseCase.swift in Sources */,
				6C732A3F2AF109AA00E17FDB /* YogaDetailView.swift in Sources */,
				6CC43D0B2AF9F93F00FEE93A /* IconButtonComponent.swift in Sources */,
				566366C22B0DECDA00CCAC15 /* YogaNames.swift in Sources */,
				D868F2D32B09F61400CFCF93 /* VideoURLManager.swift in Sources */,
				566366C52B0DECDA00CCAC15 /* Pose.swift in Sources */,
				6C53C7072B071F850044EC06 /* DayPickView.swift in Sources */,
				566366CC2B0DECDA00CCAC15 /* RequestYogaPose.swift in Sources */,
				D8BC2BE72AE8003000E61487 /* AssessmentView.swift in Sources */,
				6CB5F80A2AF604FD0019539C /* HomeWeekIndicatorView.swift in Sources */,
			);
			runOnlyForDeploymentPostprocessing = 0;
		};
/* End PBXSourcesBuildPhase section */

/* Begin PBXTargetDependency section */
		ACD49E8F2AF0069900793872 /* PBXTargetDependency */ = {
			isa = PBXTargetDependency;
			target = D862DB622AE28E5A0014F2FC /* Mamaste */;
			targetProxy = ACD49E8E2AF0069900793872 /* PBXContainerItemProxy */;
		};
/* End PBXTargetDependency section */

/* Begin XCBuildConfiguration section */
		ACD49E912AF0069900793872 /* Debug */ = {
			isa = XCBuildConfiguration;
			buildSettings = {
				BUNDLE_LOADER = "$(TEST_HOST)";
				CODE_SIGN_STYLE = Automatic;
				CURRENT_PROJECT_VERSION = 1;
				DEVELOPMENT_TEAM = 382VG5FRJK;
				MARKETING_VERSION = 1.0;
				PRODUCT_BUNDLE_IDENTIFIER = com.AA.WorkItOutTests;
				PRODUCT_NAME = "$(TARGET_NAME)";
				SWIFT_EMIT_LOC_STRINGS = NO;
				SWIFT_VERSION = 5.0;
				TARGETED_DEVICE_FAMILY = "1,2";
				TEST_HOST = "$(BUILT_PRODUCTS_DIR)/Mamaste.app/$(BUNDLE_EXECUTABLE_FOLDER_PATH)/Mamaste";
				_INFOPLIST_FILE = YES;
			};
			name = Debug;
		};
		ACD49E922AF0069900793872 /* Release */ = {
			isa = XCBuildConfiguration;
			buildSettings = {
				BUNDLE_LOADER = "$(TEST_HOST)";
				CODE_SIGN_STYLE = Automatic;
				CURRENT_PROJECT_VERSION = 1;
				DEVELOPMENT_TEAM = 382VG5FRJK;
				GENERATE_INFOPLIST_FILE = YES;
				MARKETING_VERSION = 1.0;
				PRODUCT_BUNDLE_IDENTIFIER = com.AA.WorkItOutTests;
				PRODUCT_NAME = "$(TARGET_NAME)";
				SWIFT_EMIT_LOC_STRINGS = NO;
				SWIFT_VERSION = 5.0;
				TARGETED_DEVICE_FAMILY = "1,2";
				TEST_HOST = "$(BUILT_PRODUCTS_DIR)/Mamaste.app/$(BUNDLE_EXECUTABLE_FOLDER_PATH)/Mamaste";
			};
			name = Release;
		};
		D862DB6F2AE28E5C0014F2FC /* Debug */ = {
			isa = XCBuildConfiguration;
			buildSettings = {
				ALWAYS_SEARCH_USER_PATHS = NO;
				ASSETCATALOG_COMPILER_GENERATE_SWIFT_ASSET_SYMBOL_EXTENSIONS = YES;
				CLANG_ANALYZER_NONNULL = YES;
				CLANG_ANALYZER_NUMBER_OBJECT_CONVERSION = YES_AGGRESSIVE;
				CLANG_CXX_LANGUAGE_STANDARD = "gnu++20";
				CLANG_ENABLE_MODULES = YES;
				CLANG_ENABLE_OBJC_ARC = YES;
				CLANG_ENABLE_OBJC_WEAK = YES;
				CLANG_WARN_BLOCK_CAPTURE_AUTORELEASING = YES;
				CLANG_WARN_BOOL_CONVERSION = YES;
				CLANG_WARN_COMMA = YES;
				CLANG_WARN_CONSTANT_CONVERSION = YES;
				CLANG_WARN_DEPRECATED_OBJC_IMPLEMENTATIONS = YES;
				CLANG_WARN_DIRECT_OBJC_ISA_USAGE = YES_ERROR;
				CLANG_WARN_DOCUMENTATION_COMMENTS = YES;
				CLANG_WARN_EMPTY_BODY = YES;
				CLANG_WARN_ENUM_CONVERSION = YES;
				CLANG_WARN_INFINITE_RECURSION = YES;
				CLANG_WARN_INT_CONVERSION = YES;
				CLANG_WARN_NON_LITERAL_NULL_CONVERSION = YES;
				CLANG_WARN_OBJC_IMPLICIT_RETAIN_SELF = YES;
				CLANG_WARN_OBJC_LITERAL_CONVERSION = YES;
				CLANG_WARN_OBJC_ROOT_CLASS = YES_ERROR;
				CLANG_WARN_QUOTED_INCLUDE_IN_FRAMEWORK_HEADER = YES;
				CLANG_WARN_RANGE_LOOP_ANALYSIS = YES;
				CLANG_WARN_STRICT_PROTOTYPES = YES;
				CLANG_WARN_SUSPICIOUS_MOVE = YES;
				CLANG_WARN_UNGUARDED_AVAILABILITY = YES_AGGRESSIVE;
				CLANG_WARN_UNREACHABLE_CODE = YES;
				CLANG_WARN__DUPLICATE_METHOD_MATCH = YES;
				COPY_PHASE_STRIP = NO;
				DEBUG_INFORMATION_FORMAT = dwarf;
				ENABLE_STRICT_OBJC_MSGSEND = YES;
				ENABLE_TESTABILITY = YES;
				ENABLE_USER_SCRIPT_SANDBOXING = YES;
				GCC_C_LANGUAGE_STANDARD = gnu17;
				GCC_DYNAMIC_NO_PIC = NO;
				GCC_NO_COMMON_BLOCKS = YES;
				GCC_OPTIMIZATION_LEVEL = 0;
				GCC_PREPROCESSOR_DEFINITIONS = (
					"DEBUG=1",
					"$(inherited)",
				);
				GCC_WARN_64_TO_32_BIT_CONVERSION = YES;
				GCC_WARN_ABOUT_RETURN_TYPE = YES_ERROR;
				GCC_WARN_UNDECLARED_SELECTOR = YES;
				GCC_WARN_UNINITIALIZED_AUTOS = YES_AGGRESSIVE;
				GCC_WARN_UNUSED_FUNCTION = YES;
				GCC_WARN_UNUSED_VARIABLE = YES;
				IPHONEOS_DEPLOYMENT_TARGET = 17.0;
				LOCALIZATION_PREFERS_STRING_CATALOGS = YES;
				MTL_ENABLE_DEBUG_INFO = INCLUDE_SOURCE;
				MTL_FAST_MATH = YES;
				ONLY_ACTIVE_ARCH = YES;
				SDKROOT = iphoneos;
				SWIFT_ACTIVE_COMPILATION_CONDITIONS = "DEBUG $(inherited)";
				SWIFT_OPTIMIZATION_LEVEL = "-Onone";
			};
			name = Debug;
		};
		D862DB702AE28E5C0014F2FC /* Release */ = {
			isa = XCBuildConfiguration;
			buildSettings = {
				ALWAYS_SEARCH_USER_PATHS = NO;
				ASSETCATALOG_COMPILER_GENERATE_SWIFT_ASSET_SYMBOL_EXTENSIONS = YES;
				CLANG_ANALYZER_NONNULL = YES;
				CLANG_ANALYZER_NUMBER_OBJECT_CONVERSION = YES_AGGRESSIVE;
				CLANG_CXX_LANGUAGE_STANDARD = "gnu++20";
				CLANG_ENABLE_MODULES = YES;
				CLANG_ENABLE_OBJC_ARC = YES;
				CLANG_ENABLE_OBJC_WEAK = YES;
				CLANG_WARN_BLOCK_CAPTURE_AUTORELEASING = YES;
				CLANG_WARN_BOOL_CONVERSION = YES;
				CLANG_WARN_COMMA = YES;
				CLANG_WARN_CONSTANT_CONVERSION = YES;
				CLANG_WARN_DEPRECATED_OBJC_IMPLEMENTATIONS = YES;
				CLANG_WARN_DIRECT_OBJC_ISA_USAGE = YES_ERROR;
				CLANG_WARN_DOCUMENTATION_COMMENTS = YES;
				CLANG_WARN_EMPTY_BODY = YES;
				CLANG_WARN_ENUM_CONVERSION = YES;
				CLANG_WARN_INFINITE_RECURSION = YES;
				CLANG_WARN_INT_CONVERSION = YES;
				CLANG_WARN_NON_LITERAL_NULL_CONVERSION = YES;
				CLANG_WARN_OBJC_IMPLICIT_RETAIN_SELF = YES;
				CLANG_WARN_OBJC_LITERAL_CONVERSION = YES;
				CLANG_WARN_OBJC_ROOT_CLASS = YES_ERROR;
				CLANG_WARN_QUOTED_INCLUDE_IN_FRAMEWORK_HEADER = YES;
				CLANG_WARN_RANGE_LOOP_ANALYSIS = YES;
				CLANG_WARN_STRICT_PROTOTYPES = YES;
				CLANG_WARN_SUSPICIOUS_MOVE = YES;
				CLANG_WARN_UNGUARDED_AVAILABILITY = YES_AGGRESSIVE;
				CLANG_WARN_UNREACHABLE_CODE = YES;
				CLANG_WARN__DUPLICATE_METHOD_MATCH = YES;
				COPY_PHASE_STRIP = NO;
				DEBUG_INFORMATION_FORMAT = "dwarf-with-dsym";
				ENABLE_NS_ASSERTIONS = NO;
				ENABLE_STRICT_OBJC_MSGSEND = YES;
				ENABLE_USER_SCRIPT_SANDBOXING = YES;
				GCC_C_LANGUAGE_STANDARD = gnu17;
				GCC_NO_COMMON_BLOCKS = YES;
				GCC_WARN_64_TO_32_BIT_CONVERSION = YES;
				GCC_WARN_ABOUT_RETURN_TYPE = YES_ERROR;
				GCC_WARN_UNDECLARED_SELECTOR = YES;
				GCC_WARN_UNINITIALIZED_AUTOS = YES_AGGRESSIVE;
				GCC_WARN_UNUSED_FUNCTION = YES;
				GCC_WARN_UNUSED_VARIABLE = YES;
				IPHONEOS_DEPLOYMENT_TARGET = 17.0;
				LOCALIZATION_PREFERS_STRING_CATALOGS = YES;
				MTL_ENABLE_DEBUG_INFO = NO;
				MTL_FAST_MATH = YES;
				SDKROOT = iphoneos;
				SWIFT_COMPILATION_MODE = wholemodule;
				VALIDATE_PRODUCT = YES;
			};
			name = Release;
		};
		D862DB722AE28E5C0014F2FC /* Debug */ = {
			isa = XCBuildConfiguration;
			buildSettings = {
				ASSETCATALOG_COMPILER_APPICON_NAME = AppIcon;
				ASSETCATALOG_COMPILER_GLOBAL_ACCENT_COLOR_NAME = AccentColor;
				ASSETCATALOG_COMPILER_INCLUDE_ALL_APPICON_ASSETS = NO;
				CODE_SIGN_IDENTITY = "Apple Development";
				CODE_SIGN_STYLE = Automatic;
				CURRENT_PROJECT_VERSION = 1.1.0;
				DEVELOPMENT_ASSET_PATHS = "\"WorkItOut/Preview Content\"";
				DEVELOPMENT_TEAM = 7ZC94KFN26;
				ENABLE_PREVIEWS = YES;
				GENERATE_INFOPLIST_FILE = YES;
				INFOPLIST_FILE = "Mamaste-Info.plist";
				INFOPLIST_KEY_CFBundleDisplayName = Mamaste;
				INFOPLIST_KEY_LSApplicationCategoryType = "public.app-category.lifestyle";
				INFOPLIST_KEY_NSCameraUsageDescription = "Mamaste wants to access your camera";
				INFOPLIST_KEY_UIApplicationSceneManifest_Generation = YES;
				INFOPLIST_KEY_UIApplicationSupportsIndirectInputEvents = YES;
				INFOPLIST_KEY_UISupportedInterfaceOrientations_iPad = "UIInterfaceOrientationPortrait UIInterfaceOrientationPortraitUpsideDown UIInterfaceOrientationLandscapeLeft UIInterfaceOrientationLandscapeRight";
				INFOPLIST_KEY_UISupportedInterfaceOrientations_iPhone = "UIInterfaceOrientationPortrait UIInterfaceOrientationLandscapeLeft UIInterfaceOrientationLandscapeRight";
				IPHONEOS_DEPLOYMENT_TARGET = 17.0;
				LD_RUNPATH_SEARCH_PATHS = (
					"$(inherited)",
					"@executable_path/Frameworks",
				);
				MARKETING_VERSION = 1.1.0;
				PRODUCT_BUNDLE_IDENTIFIER = "com.Dallian.Kevin.WorkItOut-";
				PRODUCT_NAME = "$(TARGET_NAME)";
				PROVISIONING_PROFILE_SPECIFIER = "";
				SWIFT_EMIT_LOC_STRINGS = YES;
				SWIFT_VERSION = 5.0;
				TARGETED_DEVICE_FAMILY = "1,2";
			};
			name = Debug;
		};
		D862DB732AE28E5C0014F2FC /* Release */ = {
			isa = XCBuildConfiguration;
			buildSettings = {
				ASSETCATALOG_COMPILER_APPICON_NAME = AppIcon;
				ASSETCATALOG_COMPILER_GLOBAL_ACCENT_COLOR_NAME = AccentColor;
				ASSETCATALOG_COMPILER_INCLUDE_ALL_APPICON_ASSETS = NO;
				CODE_SIGN_IDENTITY = "Apple Development";
				CODE_SIGN_STYLE = Automatic;
				CURRENT_PROJECT_VERSION = 1.1.0;
				DEVELOPMENT_ASSET_PATHS = "\"WorkItOut/Preview Content\"";
				DEVELOPMENT_TEAM = 7ZC94KFN26;
				ENABLE_PREVIEWS = YES;
				GENERATE_INFOPLIST_FILE = YES;
				INFOPLIST_FILE = "Mamaste-Info.plist";
				INFOPLIST_KEY_CFBundleDisplayName = Mamaste;
				INFOPLIST_KEY_LSApplicationCategoryType = "public.app-category.lifestyle";
				INFOPLIST_KEY_NSCameraUsageDescription = "Mamaste wants to access your camera";
				INFOPLIST_KEY_UIApplicationSceneManifest_Generation = YES;
				INFOPLIST_KEY_UIApplicationSupportsIndirectInputEvents = YES;
				INFOPLIST_KEY_UISupportedInterfaceOrientations_iPad = "UIInterfaceOrientationPortrait UIInterfaceOrientationPortraitUpsideDown UIInterfaceOrientationLandscapeLeft UIInterfaceOrientationLandscapeRight";
				INFOPLIST_KEY_UISupportedInterfaceOrientations_iPhone = "UIInterfaceOrientationPortrait UIInterfaceOrientationLandscapeLeft UIInterfaceOrientationLandscapeRight";
				IPHONEOS_DEPLOYMENT_TARGET = 17.0;
				LD_RUNPATH_SEARCH_PATHS = (
					"$(inherited)",
					"@executable_path/Frameworks",
				);
				MARKETING_VERSION = 1.1.0;
				PRODUCT_BUNDLE_IDENTIFIER = "com.Dallian.Kevin.WorkItOut-";
				PRODUCT_NAME = "$(TARGET_NAME)";
				PROVISIONING_PROFILE_SPECIFIER = "";
				SWIFT_EMIT_LOC_STRINGS = YES;
				SWIFT_VERSION = 5.0;
				TARGETED_DEVICE_FAMILY = "1,2";
			};
			name = Release;
		};
/* End XCBuildConfiguration section */

/* Begin XCConfigurationList section */
		ACD49E902AF0069900793872 /* Build configuration list for PBXNativeTarget "MamasteTests" */ = {
			isa = XCConfigurationList;
			buildConfigurations = (
				ACD49E912AF0069900793872 /* Debug */,
				ACD49E922AF0069900793872 /* Release */,
			);
			defaultConfigurationIsVisible = 0;
			defaultConfigurationName = Release;
		};
		D862DB5E2AE28E5A0014F2FC /* Build configuration list for PBXProject "Mamaste" */ = {
			isa = XCConfigurationList;
			buildConfigurations = (
				D862DB6F2AE28E5C0014F2FC /* Debug */,
				D862DB702AE28E5C0014F2FC /* Release */,
			);
			defaultConfigurationIsVisible = 0;
			defaultConfigurationName = Release;
		};
		D862DB712AE28E5C0014F2FC /* Build configuration list for PBXNativeTarget "Mamaste" */ = {
			isa = XCConfigurationList;
			buildConfigurations = (
				D862DB722AE28E5C0014F2FC /* Debug */,
				D862DB732AE28E5C0014F2FC /* Release */,
			);
			defaultConfigurationIsVisible = 0;
			defaultConfigurationName = Release;
		};
/* End XCConfigurationList section */

/* Begin XCRemoteSwiftPackageReference section */
		ACFED3892AE2EB430018CD03 /* XCRemoteSwiftPackageReference "firebase-ios-sdk" */ = {
			isa = XCRemoteSwiftPackageReference;
			repositoryURL = "https://github.com/firebase/firebase-ios-sdk.git";
			requirement = {
				kind = upToNextMajorVersion;
				minimumVersion = 10.16.0;
			};
		};
/* End XCRemoteSwiftPackageReference section */

/* Begin XCSwiftPackageProductDependency section */
		6CC43D042AF9D36C00FEE93A /* FirebaseFirestore */ = {
			isa = XCSwiftPackageProductDependency;
			productName = FirebaseFirestore;
		};
		6CC43D062AF9D36C00FEE93A /* FirebaseFirestoreSwift */ = {
			isa = XCSwiftPackageProductDependency;
			productName = FirebaseFirestoreSwift;
		};
/* End XCSwiftPackageProductDependency section */

/* Begin XCVersionGroup section */
		ACFED3862AE2B6100018CD03 /* PersistentStorage.xcdatamodeld */ = {
			isa = XCVersionGroup;
			children = (
				ACFED3872AE2B6100018CD03 /* PersistentStorage.xcdatamodel */,
			);
			currentVersion = ACFED3872AE2B6100018CD03 /* PersistentStorage.xcdatamodel */;
			path = PersistentStorage.xcdatamodeld;
			sourceTree = "<group>";
			versionGroupType = wrapper.xcdatamodel;
		};
/* End XCVersionGroup section */
	};
	rootObject = D862DB5B2AE28E5A0014F2FC /* Project object */;
}
