// !$*UTF8*$!
{
	archiveVersion = 1;
	classes = {
	};
	objectVersion = 56;
	objects = {

/* Begin PBXBuildFile section */
		6C8D5CFC2AE660B200A2986D /* WorkoutPlan.swift in Sources */ = {isa = PBXBuildFile; fileRef = 6C8D5CFB2AE660B200A2986D /* WorkoutPlan.swift */; };
		AC5A9A502AE3AC5E003B0C1F /* FirebaseFirestore in Frameworks */ = {isa = PBXBuildFile; productRef = AC5A9A4F2AE3AC5E003B0C1F /* FirebaseFirestore */; };
		AC5A9A532AE3BCB1003B0C1F /* FireStoreManager.swift in Sources */ = {isa = PBXBuildFile; fileRef = AC5A9A522AE3BCB1003B0C1F /* FireStoreManager.swift */; };
		AC5A9A5B2AE3E614003B0C1F /* FirebaseFirestoreSwift in Frameworks */ = {isa = PBXBuildFile; productRef = AC5A9A5A2AE3E614003B0C1F /* FirebaseFirestoreSwift */; };
		AC5A9A5F2AE3F23C003B0C1F /* GoogleService-Info.plist in Resources */ = {isa = PBXBuildFile; fileRef = AC5A9A5E2AE3F23C003B0C1F /* GoogleService-Info.plist */; };
		AC5A9A662AE41138003B0C1F /* Workout.swift in Sources */ = {isa = PBXBuildFile; fileRef = AC5A9A622AE41138003B0C1F /* Workout.swift */; };
		AC5A9A672AE41138003B0C1F /* Exercise.swift in Sources */ = {isa = PBXBuildFile; fileRef = AC5A9A632AE41138003B0C1F /* Exercise.swift */; };
		AC5A9A682AE41138003B0C1F /* FirebaseConstant.swift in Sources */ = {isa = PBXBuildFile; fileRef = AC5A9A652AE41138003B0C1F /* FirebaseConstant.swift */; };
		AC5A9A712AE41FB8003B0C1F /* GetListWorkout.swift in Sources */ = {isa = PBXBuildFile; fileRef = AC5A9A702AE41FB8003B0C1F /* GetListWorkout.swift */; };
		AC5A9A7A2AE52DA4003B0C1F /* CoreDataManager.swift in Sources */ = {isa = PBXBuildFile; fileRef = AC5A9A792AE52DA4003B0C1F /* CoreDataManager.swift */; };
		ACB8642B2AE65005005DF0D1 /* RequestExercise.swift in Sources */ = {isa = PBXBuildFile; fileRef = ACB8642A2AE65005005DF0D1 /* RequestExercise.swift */; };
		ACB8642E2AE652C7005DF0D1 /* CoreDataDataSource.swift in Sources */ = {isa = PBXBuildFile; fileRef = ACB8642D2AE652C7005DF0D1 /* CoreDataDataSource.swift */; };
		ACBFBD992AE66DDF00109D94 /* CoreDataDataSourceDelegate.swift in Sources */ = {isa = PBXBuildFile; fileRef = ACBFBD982AE66DDF00109D94 /* CoreDataDataSourceDelegate.swift */; };
		ACBFBD9D2AE676D600109D94 /* WorkoutRepository.swift in Sources */ = {isa = PBXBuildFile; fileRef = ACBFBD9C2AE676D600109D94 /* WorkoutRepository.swift */; };
		ACBFBD9F2AE6775A00109D94 /* FetchWorkout.swift in Sources */ = {isa = PBXBuildFile; fileRef = ACBFBD9E2AE6775A00109D94 /* FetchWorkout.swift */; };
		ACBFBDA22AE67B7A00109D94 /* AddWorkout.swift in Sources */ = {isa = PBXBuildFile; fileRef = ACBFBDA12AE67B7A00109D94 /* AddWorkout.swift */; };
		ACBFBDA42AE67CEE00109D94 /* UpdateWorkoutUseCase.swift in Sources */ = {isa = PBXBuildFile; fileRef = ACBFBDA32AE67CEE00109D94 /* UpdateWorkoutUseCase.swift */; };
		ACFED3882AE2B6100018CD03 /* PersistentStorage.xcdatamodeld in Sources */ = {isa = PBXBuildFile; fileRef = ACFED3862AE2B6100018CD03 /* PersistentStorage.xcdatamodeld */; };
		D862DB672AE28E5A0014F2FC /* WorkItOutApp.swift in Sources */ = {isa = PBXBuildFile; fileRef = D862DB662AE28E5A0014F2FC /* WorkItOutApp.swift */; };
		D862DB692AE28E5A0014F2FC /* ContentView.swift in Sources */ = {isa = PBXBuildFile; fileRef = D862DB682AE28E5A0014F2FC /* ContentView.swift */; };
		D862DB6B2AE28E5C0014F2FC /* Assets.xcassets in Resources */ = {isa = PBXBuildFile; fileRef = D862DB6A2AE28E5C0014F2FC /* Assets.xcassets */; };
		D862DB6E2AE28E5C0014F2FC /* Preview Assets.xcassets in Resources */ = {isa = PBXBuildFile; fileRef = D862DB6D2AE28E5C0014F2FC /* Preview Assets.xcassets */; };
/* End PBXBuildFile section */

/* Begin PBXFileReference section */
		6C8D5CFB2AE660B200A2986D /* WorkoutPlan.swift */ = {isa = PBXFileReference; lastKnownFileType = sourcecode.swift; path = WorkoutPlan.swift; sourceTree = "<group>"; };
		AC5A9A522AE3BCB1003B0C1F /* FireStoreManager.swift */ = {isa = PBXFileReference; lastKnownFileType = sourcecode.swift; path = FireStoreManager.swift; sourceTree = "<group>"; };
		AC5A9A5E2AE3F23C003B0C1F /* GoogleService-Info.plist */ = {isa = PBXFileReference; fileEncoding = 4; lastKnownFileType = text.plist.xml; name = "GoogleService-Info.plist"; path = "../../GoogleService-Info.plist"; sourceTree = "<group>"; };
		AC5A9A622AE41138003B0C1F /* Workout.swift */ = {isa = PBXFileReference; fileEncoding = 4; lastKnownFileType = sourcecode.swift; path = Workout.swift; sourceTree = "<group>"; };
		AC5A9A632AE41138003B0C1F /* Exercise.swift */ = {isa = PBXFileReference; fileEncoding = 4; lastKnownFileType = sourcecode.swift; path = Exercise.swift; sourceTree = "<group>"; };
		AC5A9A652AE41138003B0C1F /* FirebaseConstant.swift */ = {isa = PBXFileReference; fileEncoding = 4; lastKnownFileType = sourcecode.swift; path = FirebaseConstant.swift; sourceTree = "<group>"; };
		AC5A9A702AE41FB8003B0C1F /* GetListWorkout.swift */ = {isa = PBXFileReference; lastKnownFileType = sourcecode.swift; path = GetListWorkout.swift; sourceTree = "<group>"; };
		AC5A9A792AE52DA4003B0C1F /* CoreDataManager.swift */ = {isa = PBXFileReference; lastKnownFileType = sourcecode.swift; path = CoreDataManager.swift; sourceTree = "<group>"; };
		ACB8642A2AE65005005DF0D1 /* RequestExercise.swift */ = {isa = PBXFileReference; lastKnownFileType = sourcecode.swift; path = RequestExercise.swift; sourceTree = "<group>"; };
		ACB8642D2AE652C7005DF0D1 /* CoreDataDataSource.swift */ = {isa = PBXFileReference; lastKnownFileType = sourcecode.swift; path = CoreDataDataSource.swift; sourceTree = "<group>"; };
		ACBFBD982AE66DDF00109D94 /* CoreDataDataSourceDelegate.swift */ = {isa = PBXFileReference; lastKnownFileType = sourcecode.swift; path = CoreDataDataSourceDelegate.swift; sourceTree = "<group>"; };
		ACBFBD9C2AE676D600109D94 /* WorkoutRepository.swift */ = {isa = PBXFileReference; lastKnownFileType = sourcecode.swift; path = WorkoutRepository.swift; sourceTree = "<group>"; };
		ACBFBD9E2AE6775A00109D94 /* FetchWorkout.swift */ = {isa = PBXFileReference; lastKnownFileType = sourcecode.swift; path = FetchWorkout.swift; sourceTree = "<group>"; };
		ACBFBDA12AE67B7A00109D94 /* AddWorkout.swift */ = {isa = PBXFileReference; lastKnownFileType = sourcecode.swift; path = AddWorkout.swift; sourceTree = "<group>"; };
		ACBFBDA32AE67CEE00109D94 /* UpdateWorkoutUseCase.swift */ = {isa = PBXFileReference; lastKnownFileType = sourcecode.swift; path = UpdateWorkoutUseCase.swift; sourceTree = "<group>"; };
		ACFED3872AE2B6100018CD03 /* PersistentStorage.xcdatamodel */ = {isa = PBXFileReference; lastKnownFileType = wrapper.xcdatamodel; path = PersistentStorage.xcdatamodel; sourceTree = "<group>"; };
		D862DB632AE28E5A0014F2FC /* WorkItOut.app */ = {isa = PBXFileReference; explicitFileType = wrapper.application; includeInIndex = 0; path = WorkItOut.app; sourceTree = BUILT_PRODUCTS_DIR; };
		D862DB662AE28E5A0014F2FC /* WorkItOutApp.swift */ = {isa = PBXFileReference; lastKnownFileType = sourcecode.swift; path = WorkItOutApp.swift; sourceTree = "<group>"; };
		D862DB682AE28E5A0014F2FC /* ContentView.swift */ = {isa = PBXFileReference; lastKnownFileType = sourcecode.swift; path = ContentView.swift; sourceTree = "<group>"; };
		D862DB6A2AE28E5C0014F2FC /* Assets.xcassets */ = {isa = PBXFileReference; lastKnownFileType = folder.assetcatalog; path = Assets.xcassets; sourceTree = "<group>"; };
		D862DB6D2AE28E5C0014F2FC /* Preview Assets.xcassets */ = {isa = PBXFileReference; lastKnownFileType = folder.assetcatalog; path = "Preview Assets.xcassets"; sourceTree = "<group>"; };
/* End PBXFileReference section */

/* Begin PBXFrameworksBuildPhase section */
		D862DB602AE28E5A0014F2FC /* Frameworks */ = {
			isa = PBXFrameworksBuildPhase;
			buildActionMask = 2147483647;
			files = (
				AC5A9A502AE3AC5E003B0C1F /* FirebaseFirestore in Frameworks */,
				AC5A9A5B2AE3E614003B0C1F /* FirebaseFirestoreSwift in Frameworks */,
			);
			runOnlyForDeploymentPostprocessing = 0;
		};
/* End PBXFrameworksBuildPhase section */

/* Begin PBXGroup section */
		AC5A9A4E2AE3AC5E003B0C1F /* Frameworks */ = {
			isa = PBXGroup;
			children = (
			);
			name = Frameworks;
			sourceTree = "<group>";
		};
		AC5A9A512AE3BC9D003B0C1F /* FireStore */ = {
			isa = PBXGroup;
			children = (
				AC5A9A522AE3BCB1003B0C1F /* FireStoreManager.swift */,
			);
			path = FireStore;
			sourceTree = "<group>";
		};
		AC5A9A582AE3C09B003B0C1F /* UseCases */ = {
			isa = PBXGroup;
			children = (
				AC5A9A702AE41FB8003B0C1F /* GetListWorkout.swift */,
				ACBFBD9E2AE6775A00109D94 /* FetchWorkout.swift */,
				ACBFBDA12AE67B7A00109D94 /* AddWorkout.swift */,
				ACBFBDA32AE67CEE00109D94 /* UpdateWorkoutUseCase.swift */,
			);
			path = UseCases;
			sourceTree = "<group>";
		};
		AC5A9A612AE41138003B0C1F /* Entities */ = {
			isa = PBXGroup;
			children = (
				AC5A9A622AE41138003B0C1F /* Workout.swift */,
				AC5A9A632AE41138003B0C1F /* Exercise.swift */,
				ACB8642A2AE65005005DF0D1 /* RequestExercise.swift */,
				6C8D5CFB2AE660B200A2986D /* WorkoutPlan.swift */,
			);
			path = Entities;
			sourceTree = "<group>";
		};
		AC5A9A642AE41138003B0C1F /* Constant */ = {
			isa = PBXGroup;
			children = (
				AC5A9A652AE41138003B0C1F /* FirebaseConstant.swift */,
			);
			path = Constant;
			sourceTree = "<group>";
		};
		AC5A9A692AE4154D003B0C1F /* Data */ = {
			isa = PBXGroup;
			children = (
				ACBFBD9B2AE676BF00109D94 /* Repository */,
				ACB8642C2AE65282005DF0D1 /* Datasource */,
				AC5A9A582AE3C09B003B0C1F /* UseCases */,
			);
			path = Data;
			sourceTree = "<group>";
		};
		AC5A9A6A2AE41557003B0C1F /* WorkItOut */ = {
			isa = PBXGroup;
			children = (
				ACBFBD972AE66DC900109D94 /* Domain */,
				AC5A9A692AE4154D003B0C1F /* Data */,
				AC5A9A762AE42D24003B0C1F /* Presentation */,
			);
			path = WorkItOut;
			sourceTree = "<group>";
		};
		AC5A9A762AE42D24003B0C1F /* Presentation */ = {
			isa = PBXGroup;
			children = (
				AC5A9A772AE42D30003B0C1F /* Views */,
			);
			path = Presentation;
			sourceTree = "<group>";
		};
		AC5A9A772AE42D30003B0C1F /* Views */ = {
			isa = PBXGroup;
			children = (
				D862DB682AE28E5A0014F2FC /* ContentView.swift */,
			);
			path = Views;
			sourceTree = "<group>";
		};
		AC5A9A782AE52D93003B0C1F /* CoreData */ = {
			isa = PBXGroup;
			children = (
				AC5A9A792AE52DA4003B0C1F /* CoreDataManager.swift */,
			);
			path = CoreData;
			sourceTree = "<group>";
		};
		ACB8642C2AE65282005DF0D1 /* Datasource */ = {
			isa = PBXGroup;
			children = (
				ACB8642D2AE652C7005DF0D1 /* CoreDataDataSource.swift */,
			);
			path = Datasource;
			sourceTree = "<group>";
		};
		ACBFBD972AE66DC900109D94 /* Domain */ = {
			isa = PBXGroup;
			children = (
				ACBFBD9A2AE6760C00109D94 /* Datasource */,
			);
			path = Domain;
			sourceTree = "<group>";
		};
		ACBFBD9A2AE6760C00109D94 /* Datasource */ = {
			isa = PBXGroup;
			children = (
				ACBFBD982AE66DDF00109D94 /* CoreDataDataSourceDelegate.swift */,
			);
			path = Datasource;
			sourceTree = "<group>";
		};
		ACBFBD9B2AE676BF00109D94 /* Repository */ = {
			isa = PBXGroup;
			children = (
				ACBFBD9C2AE676D600109D94 /* WorkoutRepository.swift */,
			);
			path = Repository;
			sourceTree = "<group>";
		};
		ACFED3812AE2B5B60018CD03 /* Core */ = {
			isa = PBXGroup;
			children = (
				AC5A9A642AE41138003B0C1F /* Constant */,
				AC5A9A612AE41138003B0C1F /* Entities */,
				ACFED3852AE2B5F10018CD03 /* Services */,
				ACFED3832AE2B5CD0018CD03 /* Config */,
				ACFED3822AE2B5C20018CD03 /* Resources */,
			);
			path = Core;
			sourceTree = "<group>";
		};
		ACFED3822AE2B5C20018CD03 /* Resources */ = {
			isa = PBXGroup;
			children = (
				AC5A9A5E2AE3F23C003B0C1F /* GoogleService-Info.plist */,
				D862DB6A2AE28E5C0014F2FC /* Assets.xcassets */,
				ACFED3862AE2B6100018CD03 /* PersistentStorage.xcdatamodeld */,
			);
			path = Resources;
			sourceTree = "<group>";
		};
		ACFED3832AE2B5CD0018CD03 /* Config */ = {
			isa = PBXGroup;
			children = (
				D862DB662AE28E5A0014F2FC /* WorkItOutApp.swift */,
			);
			path = Config;
			sourceTree = "<group>";
		};
		ACFED3852AE2B5F10018CD03 /* Services */ = {
			isa = PBXGroup;
			children = (
				AC5A9A782AE52D93003B0C1F /* CoreData */,
				AC5A9A512AE3BC9D003B0C1F /* FireStore */,
			);
			path = Services;
			sourceTree = "<group>";
		};
		D862DB5A2AE28E5A0014F2FC = {
			isa = PBXGroup;
			children = (
				D862DB652AE28E5A0014F2FC /* WorkItOut */,
				D862DB642AE28E5A0014F2FC /* Products */,
				AC5A9A4E2AE3AC5E003B0C1F /* Frameworks */,
			);
			sourceTree = "<group>";
		};
		D862DB642AE28E5A0014F2FC /* Products */ = {
			isa = PBXGroup;
			children = (
				D862DB632AE28E5A0014F2FC /* WorkItOut.app */,
			);
			name = Products;
			sourceTree = "<group>";
		};
		D862DB652AE28E5A0014F2FC /* WorkItOut */ = {
			isa = PBXGroup;
			children = (
				ACFED3812AE2B5B60018CD03 /* Core */,
				AC5A9A6A2AE41557003B0C1F /* WorkItOut */,
				D862DB6C2AE28E5C0014F2FC /* Preview Content */,
			);
			path = WorkItOut;
			sourceTree = "<group>";
		};
		D862DB6C2AE28E5C0014F2FC /* Preview Content */ = {
			isa = PBXGroup;
			children = (
				D862DB6D2AE28E5C0014F2FC /* Preview Assets.xcassets */,
			);
			path = "Preview Content";
			sourceTree = "<group>";
		};
/* End PBXGroup section */

/* Begin PBXNativeTarget section */
		D862DB622AE28E5A0014F2FC /* WorkItOut */ = {
			isa = PBXNativeTarget;
			buildConfigurationList = D862DB712AE28E5C0014F2FC /* Build configuration list for PBXNativeTarget "WorkItOut" */;
			buildPhases = (
				D862DB5F2AE28E5A0014F2FC /* Sources */,
				D862DB602AE28E5A0014F2FC /* Frameworks */,
				D862DB612AE28E5A0014F2FC /* Resources */,
			);
			buildRules = (
			);
			dependencies = (
			);
			name = WorkItOut;
			packageProductDependencies = (
				AC5A9A4F2AE3AC5E003B0C1F /* FirebaseFirestore */,
				AC5A9A5A2AE3E614003B0C1F /* FirebaseFirestoreSwift */,
			);
			productName = WorkItOut;
			productReference = D862DB632AE28E5A0014F2FC /* WorkItOut.app */;
			productType = "com.apple.product-type.application";
		};
/* End PBXNativeTarget section */

/* Begin PBXProject section */
		D862DB5B2AE28E5A0014F2FC /* Project object */ = {
			isa = PBXProject;
			attributes = {
				BuildIndependentTargetsInParallel = 1;
				LastSwiftUpdateCheck = 1500;
				LastUpgradeCheck = 1500;
				TargetAttributes = {
					D862DB622AE28E5A0014F2FC = {
						CreatedOnToolsVersion = 15.0.1;
					};
				};
			};
			buildConfigurationList = D862DB5E2AE28E5A0014F2FC /* Build configuration list for PBXProject "WorkItOut" */;
			compatibilityVersion = "Xcode 14.0";
			developmentRegion = en;
			hasScannedForEncodings = 0;
			knownRegions = (
				en,
				Base,
			);
			mainGroup = D862DB5A2AE28E5A0014F2FC;
			packageReferences = (
				ACFED3892AE2EB430018CD03 /* XCRemoteSwiftPackageReference "firebase-ios-sdk" */,
			);
			productRefGroup = D862DB642AE28E5A0014F2FC /* Products */;
			projectDirPath = "";
			projectRoot = "";
			targets = (
				D862DB622AE28E5A0014F2FC /* WorkItOut */,
			);
		};
/* End PBXProject section */

/* Begin PBXResourcesBuildPhase section */
		D862DB612AE28E5A0014F2FC /* Resources */ = {
			isa = PBXResourcesBuildPhase;
			buildActionMask = 2147483647;
			files = (
				D862DB6E2AE28E5C0014F2FC /* Preview Assets.xcassets in Resources */,
				D862DB6B2AE28E5C0014F2FC /* Assets.xcassets in Resources */,
				AC5A9A5F2AE3F23C003B0C1F /* GoogleService-Info.plist in Resources */,
			);
			runOnlyForDeploymentPostprocessing = 0;
		};
/* End PBXResourcesBuildPhase section */

/* Begin PBXSourcesBuildPhase section */
		D862DB5F2AE28E5A0014F2FC /* Sources */ = {
			isa = PBXSourcesBuildPhase;
			buildActionMask = 2147483647;
			files = (
				D862DB692AE28E5A0014F2FC /* ContentView.swift in Sources */,
				D862DB672AE28E5A0014F2FC /* WorkItOutApp.swift in Sources */,
				ACFED3882AE2B6100018CD03 /* PersistentStorage.xcdatamodeld in Sources */,
				ACB8642B2AE65005005DF0D1 /* RequestExercise.swift in Sources */,
				ACBFBD9F2AE6775A00109D94 /* FetchWorkout.swift in Sources */,
				ACBFBD9D2AE676D600109D94 /* WorkoutRepository.swift in Sources */,
				ACBFBDA22AE67B7A00109D94 /* AddWorkout.swift in Sources */,
				ACBFBD992AE66DDF00109D94 /* CoreDataDataSourceDelegate.swift in Sources */,
				ACB8642E2AE652C7005DF0D1 /* CoreDataDataSource.swift in Sources */,
				AC5A9A682AE41138003B0C1F /* FirebaseConstant.swift in Sources */,
				6C8D5CFC2AE660B200A2986D /* WorkoutPlan.swift in Sources */,
				AC5A9A662AE41138003B0C1F /* Workout.swift in Sources */,
				AC5A9A532AE3BCB1003B0C1F /* FireStoreManager.swift in Sources */,
				ACBFBDA42AE67CEE00109D94 /* UpdateWorkoutUseCase.swift in Sources */,
				AC5A9A7A2AE52DA4003B0C1F /* CoreDataManager.swift in Sources */,
				AC5A9A712AE41FB8003B0C1F /* GetListWorkout.swift in Sources */,
				AC5A9A672AE41138003B0C1F /* Exercise.swift in Sources */,
			);
			runOnlyForDeploymentPostprocessing = 0;
		};
/* End PBXSourcesBuildPhase section */

/* Begin XCBuildConfiguration section */
		D862DB6F2AE28E5C0014F2FC /* Debug */ = {
			isa = XCBuildConfiguration;
			buildSettings = {
				ALWAYS_SEARCH_USER_PATHS = NO;
				ASSETCATALOG_COMPILER_GENERATE_SWIFT_ASSET_SYMBOL_EXTENSIONS = YES;
				CLANG_ANALYZER_NONNULL = YES;
				CLANG_ANALYZER_NUMBER_OBJECT_CONVERSION = YES_AGGRESSIVE;
				CLANG_CXX_LANGUAGE_STANDARD = "gnu++20";
				CLANG_ENABLE_MODULES = YES;
				CLANG_ENABLE_OBJC_ARC = YES;
				CLANG_ENABLE_OBJC_WEAK = YES;
				CLANG_WARN_BLOCK_CAPTURE_AUTORELEASING = YES;
				CLANG_WARN_BOOL_CONVERSION = YES;
				CLANG_WARN_COMMA = YES;
				CLANG_WARN_CONSTANT_CONVERSION = YES;
				CLANG_WARN_DEPRECATED_OBJC_IMPLEMENTATIONS = YES;
				CLANG_WARN_DIRECT_OBJC_ISA_USAGE = YES_ERROR;
				CLANG_WARN_DOCUMENTATION_COMMENTS = YES;
				CLANG_WARN_EMPTY_BODY = YES;
				CLANG_WARN_ENUM_CONVERSION = YES;
				CLANG_WARN_INFINITE_RECURSION = YES;
				CLANG_WARN_INT_CONVERSION = YES;
				CLANG_WARN_NON_LITERAL_NULL_CONVERSION = YES;
				CLANG_WARN_OBJC_IMPLICIT_RETAIN_SELF = YES;
				CLANG_WARN_OBJC_LITERAL_CONVERSION = YES;
				CLANG_WARN_OBJC_ROOT_CLASS = YES_ERROR;
				CLANG_WARN_QUOTED_INCLUDE_IN_FRAMEWORK_HEADER = YES;
				CLANG_WARN_RANGE_LOOP_ANALYSIS = YES;
				CLANG_WARN_STRICT_PROTOTYPES = YES;
				CLANG_WARN_SUSPICIOUS_MOVE = YES;
				CLANG_WARN_UNGUARDED_AVAILABILITY = YES_AGGRESSIVE;
				CLANG_WARN_UNREACHABLE_CODE = YES;
				CLANG_WARN__DUPLICATE_METHOD_MATCH = YES;
				COPY_PHASE_STRIP = NO;
				DEBUG_INFORMATION_FORMAT = dwarf;
				ENABLE_STRICT_OBJC_MSGSEND = YES;
				ENABLE_TESTABILITY = YES;
				ENABLE_USER_SCRIPT_SANDBOXING = YES;
				GCC_C_LANGUAGE_STANDARD = gnu17;
				GCC_DYNAMIC_NO_PIC = NO;
				GCC_NO_COMMON_BLOCKS = YES;
				GCC_OPTIMIZATION_LEVEL = 0;
				GCC_PREPROCESSOR_DEFINITIONS = (
					"DEBUG=1",
					"$(inherited)",
				);
				GCC_WARN_64_TO_32_BIT_CONVERSION = YES;
				GCC_WARN_ABOUT_RETURN_TYPE = YES_ERROR;
				GCC_WARN_UNDECLARED_SELECTOR = YES;
				GCC_WARN_UNINITIALIZED_AUTOS = YES_AGGRESSIVE;
				GCC_WARN_UNUSED_FUNCTION = YES;
				GCC_WARN_UNUSED_VARIABLE = YES;
				IPHONEOS_DEPLOYMENT_TARGET = 17.0;
				LOCALIZATION_PREFERS_STRING_CATALOGS = YES;
				MTL_ENABLE_DEBUG_INFO = INCLUDE_SOURCE;
				MTL_FAST_MATH = YES;
				ONLY_ACTIVE_ARCH = YES;
				SDKROOT = iphoneos;
				SWIFT_ACTIVE_COMPILATION_CONDITIONS = "DEBUG $(inherited)";
				SWIFT_OPTIMIZATION_LEVEL = "-Onone";
			};
			name = Debug;
		};
		D862DB702AE28E5C0014F2FC /* Release */ = {
			isa = XCBuildConfiguration;
			buildSettings = {
				ALWAYS_SEARCH_USER_PATHS = NO;
				ASSETCATALOG_COMPILER_GENERATE_SWIFT_ASSET_SYMBOL_EXTENSIONS = YES;
				CLANG_ANALYZER_NONNULL = YES;
				CLANG_ANALYZER_NUMBER_OBJECT_CONVERSION = YES_AGGRESSIVE;
				CLANG_CXX_LANGUAGE_STANDARD = "gnu++20";
				CLANG_ENABLE_MODULES = YES;
				CLANG_ENABLE_OBJC_ARC = YES;
				CLANG_ENABLE_OBJC_WEAK = YES;
				CLANG_WARN_BLOCK_CAPTURE_AUTORELEASING = YES;
				CLANG_WARN_BOOL_CONVERSION = YES;
				CLANG_WARN_COMMA = YES;
				CLANG_WARN_CONSTANT_CONVERSION = YES;
				CLANG_WARN_DEPRECATED_OBJC_IMPLEMENTATIONS = YES;
				CLANG_WARN_DIRECT_OBJC_ISA_USAGE = YES_ERROR;
				CLANG_WARN_DOCUMENTATION_COMMENTS = YES;
				CLANG_WARN_EMPTY_BODY = YES;
				CLANG_WARN_ENUM_CONVERSION = YES;
				CLANG_WARN_INFINITE_RECURSION = YES;
				CLANG_WARN_INT_CONVERSION = YES;
				CLANG_WARN_NON_LITERAL_NULL_CONVERSION = YES;
				CLANG_WARN_OBJC_IMPLICIT_RETAIN_SELF = YES;
				CLANG_WARN_OBJC_LITERAL_CONVERSION = YES;
				CLANG_WARN_OBJC_ROOT_CLASS = YES_ERROR;
				CLANG_WARN_QUOTED_INCLUDE_IN_FRAMEWORK_HEADER = YES;
				CLANG_WARN_RANGE_LOOP_ANALYSIS = YES;
				CLANG_WARN_STRICT_PROTOTYPES = YES;
				CLANG_WARN_SUSPICIOUS_MOVE = YES;
				CLANG_WARN_UNGUARDED_AVAILABILITY = YES_AGGRESSIVE;
				CLANG_WARN_UNREACHABLE_CODE = YES;
				CLANG_WARN__DUPLICATE_METHOD_MATCH = YES;
				COPY_PHASE_STRIP = NO;
				DEBUG_INFORMATION_FORMAT = "dwarf-with-dsym";
				ENABLE_NS_ASSERTIONS = NO;
				ENABLE_STRICT_OBJC_MSGSEND = YES;
				ENABLE_USER_SCRIPT_SANDBOXING = YES;
				GCC_C_LANGUAGE_STANDARD = gnu17;
				GCC_NO_COMMON_BLOCKS = YES;
				GCC_WARN_64_TO_32_BIT_CONVERSION = YES;
				GCC_WARN_ABOUT_RETURN_TYPE = YES_ERROR;
				GCC_WARN_UNDECLARED_SELECTOR = YES;
				GCC_WARN_UNINITIALIZED_AUTOS = YES_AGGRESSIVE;
				GCC_WARN_UNUSED_FUNCTION = YES;
				GCC_WARN_UNUSED_VARIABLE = YES;
				IPHONEOS_DEPLOYMENT_TARGET = 17.0;
				LOCALIZATION_PREFERS_STRING_CATALOGS = YES;
				MTL_ENABLE_DEBUG_INFO = NO;
				MTL_FAST_MATH = YES;
				SDKROOT = iphoneos;
				SWIFT_COMPILATION_MODE = wholemodule;
				VALIDATE_PRODUCT = YES;
			};
			name = Release;
		};
		D862DB722AE28E5C0014F2FC /* Debug */ = {
			isa = XCBuildConfiguration;
			buildSettings = {
				ASSETCATALOG_COMPILER_APPICON_NAME = AppIcon;
				ASSETCATALOG_COMPILER_GLOBAL_ACCENT_COLOR_NAME = AccentColor;
				CODE_SIGN_STYLE = Automatic;
				CURRENT_PROJECT_VERSION = 1;
				DEVELOPMENT_ASSET_PATHS = "\"WorkItOut/Preview Content\"";
				DEVELOPMENT_TEAM = 382VG5FRJK;
				ENABLE_PREVIEWS = YES;
				GENERATE_INFOPLIST_FILE = YES;
				INFOPLIST_KEY_UIApplicationSceneManifest_Generation = YES;
				INFOPLIST_KEY_UIApplicationSupportsIndirectInputEvents = YES;
				INFOPLIST_KEY_UILaunchScreen_Generation = YES;
				INFOPLIST_KEY_UISupportedInterfaceOrientations_iPad = "UIInterfaceOrientationPortrait UIInterfaceOrientationPortraitUpsideDown UIInterfaceOrientationLandscapeLeft UIInterfaceOrientationLandscapeRight";
				INFOPLIST_KEY_UISupportedInterfaceOrientations_iPhone = "UIInterfaceOrientationPortrait UIInterfaceOrientationLandscapeLeft UIInterfaceOrientationLandscapeRight";
				LD_RUNPATH_SEARCH_PATHS = (
					"$(inherited)",
					"@executable_path/Frameworks",
				);
				MARKETING_VERSION = 1.0;
				PRODUCT_BUNDLE_IDENTIFIER = me.Dallian.Kevin.WorkItOut;
				PRODUCT_NAME = "$(TARGET_NAME)";
				SWIFT_EMIT_LOC_STRINGS = YES;
				SWIFT_VERSION = 5.0;
				TARGETED_DEVICE_FAMILY = "1,2";
			};
			name = Debug;
		};
		D862DB732AE28E5C0014F2FC /* Release */ = {
			isa = XCBuildConfiguration;
			buildSettings = {
				ASSETCATALOG_COMPILER_APPICON_NAME = AppIcon;
				ASSETCATALOG_COMPILER_GLOBAL_ACCENT_COLOR_NAME = AccentColor;
				CODE_SIGN_STYLE = Automatic;
				CURRENT_PROJECT_VERSION = 1;
				DEVELOPMENT_ASSET_PATHS = "\"WorkItOut/Preview Content\"";
				DEVELOPMENT_TEAM = 382VG5FRJK;
				ENABLE_PREVIEWS = YES;
				GENERATE_INFOPLIST_FILE = YES;
				INFOPLIST_KEY_UIApplicationSceneManifest_Generation = YES;
				INFOPLIST_KEY_UIApplicationSupportsIndirectInputEvents = YES;
				INFOPLIST_KEY_UILaunchScreen_Generation = YES;
				INFOPLIST_KEY_UISupportedInterfaceOrientations_iPad = "UIInterfaceOrientationPortrait UIInterfaceOrientationPortraitUpsideDown UIInterfaceOrientationLandscapeLeft UIInterfaceOrientationLandscapeRight";
				INFOPLIST_KEY_UISupportedInterfaceOrientations_iPhone = "UIInterfaceOrientationPortrait UIInterfaceOrientationLandscapeLeft UIInterfaceOrientationLandscapeRight";
				LD_RUNPATH_SEARCH_PATHS = (
					"$(inherited)",
					"@executable_path/Frameworks",
				);
				MARKETING_VERSION = 1.0;
				PRODUCT_BUNDLE_IDENTIFIER = me.Dallian.Kevin.WorkItOut;
				PRODUCT_NAME = "$(TARGET_NAME)";
				SWIFT_EMIT_LOC_STRINGS = YES;
				SWIFT_VERSION = 5.0;
				TARGETED_DEVICE_FAMILY = "1,2";
			};
			name = Release;
		};
/* End XCBuildConfiguration section */

/* Begin XCConfigurationList section */
		D862DB5E2AE28E5A0014F2FC /* Build configuration list for PBXProject "WorkItOut" */ = {
			isa = XCConfigurationList;
			buildConfigurations = (
				D862DB6F2AE28E5C0014F2FC /* Debug */,
				D862DB702AE28E5C0014F2FC /* Release */,
			);
			defaultConfigurationIsVisible = 0;
			defaultConfigurationName = Release;
		};
		D862DB712AE28E5C0014F2FC /* Build configuration list for PBXNativeTarget "WorkItOut" */ = {
			isa = XCConfigurationList;
			buildConfigurations = (
				D862DB722AE28E5C0014F2FC /* Debug */,
				D862DB732AE28E5C0014F2FC /* Release */,
			);
			defaultConfigurationIsVisible = 0;
			defaultConfigurationName = Release;
		};
/* End XCConfigurationList section */

/* Begin XCRemoteSwiftPackageReference section */
		ACFED3892AE2EB430018CD03 /* XCRemoteSwiftPackageReference "firebase-ios-sdk" */ = {
			isa = XCRemoteSwiftPackageReference;
			repositoryURL = "https://github.com/firebase/firebase-ios-sdk.git";
			requirement = {
				kind = upToNextMajorVersion;
				minimumVersion = 10.16.0;
			};
		};
/* End XCRemoteSwiftPackageReference section */

/* Begin XCSwiftPackageProductDependency section */
		AC5A9A4F2AE3AC5E003B0C1F /* FirebaseFirestore */ = {
			isa = XCSwiftPackageProductDependency;
			package = ACFED3892AE2EB430018CD03 /* XCRemoteSwiftPackageReference "firebase-ios-sdk" */;
			productName = FirebaseFirestore;
		};
		AC5A9A5A2AE3E614003B0C1F /* FirebaseFirestoreSwift */ = {
			isa = XCSwiftPackageProductDependency;
			package = ACFED3892AE2EB430018CD03 /* XCRemoteSwiftPackageReference "firebase-ios-sdk" */;
			productName = FirebaseFirestoreSwift;
		};
/* End XCSwiftPackageProductDependency section */

/* Begin XCVersionGroup section */
		ACFED3862AE2B6100018CD03 /* PersistentStorage.xcdatamodeld */ = {
			isa = XCVersionGroup;
			children = (
				ACFED3872AE2B6100018CD03 /* PersistentStorage.xcdatamodel */,
			);
			currentVersion = ACFED3872AE2B6100018CD03 /* PersistentStorage.xcdatamodel */;
			path = PersistentStorage.xcdatamodeld;
			sourceTree = "<group>";
			versionGroupType = wrapper.xcdatamodel;
		};
/* End XCVersionGroup section */
	};
	rootObject = D862DB5B2AE28E5A0014F2FC /* Project object */;
}
