// !$*UTF8*$!
{
	archiveVersion = 1;
	classes = {
	};
	objectVersion = 56;
	objects = {

/* Begin PBXBuildFile section */
		56D1BC9D2AEA53B5002DBDA0 /* ExecutionViewModel.swift in Sources */ = {isa = PBXBuildFile; fileRef = 56D1BC9C2AEA53B5002DBDA0 /* ExecutionViewModel.swift */; };
		56D1BCA02AEA566D002DBDA0 /* TimerViewModel.swift in Sources */ = {isa = PBXBuildFile; fileRef = 56D1BC9F2AEA566D002DBDA0 /* TimerViewModel.swift */; };
		56D1BCAA2AEA6BD1002DBDA0 /* TimerView.swift in Sources */ = {isa = PBXBuildFile; fileRef = 56D1BCA92AEA6BD1002DBDA0 /* TimerView.swift */; };
		56D1BCAC2AECDEF0002DBDA0 /* NotificationViewModel.swift in Sources */ = {isa = PBXBuildFile; fileRef = 56D1BCAB2AECDEF0002DBDA0 /* NotificationViewModel.swift */; };
		56D1BCAE2AEE56F3002DBDA0 /* NotificationView.swift in Sources */ = {isa = PBXBuildFile; fileRef = 56D1BCAD2AEE56F3002DBDA0 /* NotificationView.swift */; };
		6C3FD7652AEE405C00C84D2A /* Relieve.swift in Sources */ = {isa = PBXBuildFile; fileRef = 6C3FD7642AEE405C00C84D2A /* Relieve.swift */; };
		6C3FD7672AEE409700C84D2A /* PoseCategory.swift in Sources */ = {isa = PBXBuildFile; fileRef = 6C3FD7662AEE409700C84D2A /* PoseCategory.swift */; };
		6C3FD76C2AEE40BD00C84D2A /* Trimester.swift in Sources */ = {isa = PBXBuildFile; fileRef = 6C3FD76B2AEE40BD00C84D2A /* Trimester.swift */; };
		6C3FD76E2AEE40C900C84D2A /* Difficulty.swift in Sources */ = {isa = PBXBuildFile; fileRef = 6C3FD76D2AEE40C900C84D2A /* Difficulty.swift */; };
		6C3FD7702AEE40D800C84D2A /* YogaState.swift in Sources */ = {isa = PBXBuildFile; fileRef = 6C3FD76F2AEE40D800C84D2A /* YogaState.swift */; };
		6C3FD7722AEE40E600C84D2A /* BodyPart.swift in Sources */ = {isa = PBXBuildFile; fileRef = 6C3FD7712AEE40E600C84D2A /* BodyPart.swift */; };
		6C3FD7742AEEB26800C84D2A /* TimeOfDay.swift in Sources */ = {isa = PBXBuildFile; fileRef = 6C3FD7732AEEB26800C84D2A /* TimeOfDay.swift */; };
		6C3FD7762AEF558700C84D2A /* Profile.swift in Sources */ = {isa = PBXBuildFile; fileRef = 6C3FD7752AEF558700C84D2A /* Profile.swift */; };
		6C3FD7782AEF560A00C84D2A /* History.swift in Sources */ = {isa = PBXBuildFile; fileRef = 6C3FD7772AEF560A00C84D2A /* History.swift */; };
		6C3FD77A2AEF5AB800C84D2A /* UserPreference.swift in Sources */ = {isa = PBXBuildFile; fileRef = 6C3FD7792AEF5AB800C84D2A /* UserPreference.swift */; };
		6C6F34CC2AE7B9460059E74D /* ButtonComponent.swift in Sources */ = {isa = PBXBuildFile; fileRef = 6C6F34CB2AE7B9460059E74D /* ButtonComponent.swift */; };
		6C6F34D02AE7BDD60059E74D /* SliderComponent.swift in Sources */ = {isa = PBXBuildFile; fileRef = 6C6F34CF2AE7BDD60059E74D /* SliderComponent.swift */; };
		6C7B2C4B2AEF6FAF00E0DADF /* YogaCardView.swift in Sources */ = {isa = PBXBuildFile; fileRef = 6C7B2C4A2AEF6FAF00E0DADF /* YogaCardView.swift */; };
		6C7B2C4D2AEF726A00E0DADF /* GeneratePlanView.swift in Sources */ = {isa = PBXBuildFile; fileRef = 6C7B2C4C2AEF726A00E0DADF /* GeneratePlanView.swift */; };
		6C7B2C512AEF74D500E0DADF /* HomeView.swift in Sources */ = {isa = PBXBuildFile; fileRef = 6C7B2C502AEF74D500E0DADF /* HomeView.swift */; };
		6C8D5CFC2AE660B200A2986D /* YogaPlan.swift in Sources */ = {isa = PBXBuildFile; fileRef = 6C8D5CFB2AE660B200A2986D /* YogaPlan.swift */; };
		6C8D5D112AE6618E00A2986D /* Day.swift in Sources */ = {isa = PBXBuildFile; fileRef = 6C8D5D0D2AE6618E00A2986D /* Day.swift */; };
		6C8D5D122AE6618E00A2986D /* WorkoutState.swift in Sources */ = {isa = PBXBuildFile; fileRef = 6C8D5D0E2AE6618E00A2986D /* WorkoutState.swift */; };
		6C8D5D162AE6619700A2986D /* MockData.swift in Sources */ = {isa = PBXBuildFile; fileRef = 6C8D5D152AE6619700A2986D /* MockData.swift */; };
		AC5A9A502AE3AC5E003B0C1F /* FirebaseFirestore in Frameworks */ = {isa = PBXBuildFile; productRef = AC5A9A4F2AE3AC5E003B0C1F /* FirebaseFirestore */; };
		AC5A9A532AE3BCB1003B0C1F /* FireStoreManager.swift in Sources */ = {isa = PBXBuildFile; fileRef = AC5A9A522AE3BCB1003B0C1F /* FireStoreManager.swift */; };
		AC5A9A5B2AE3E614003B0C1F /* FirebaseFirestoreSwift in Frameworks */ = {isa = PBXBuildFile; productRef = AC5A9A5A2AE3E614003B0C1F /* FirebaseFirestoreSwift */; };
		AC5A9A662AE41138003B0C1F /* Yoga.swift in Sources */ = {isa = PBXBuildFile; fileRef = AC5A9A622AE41138003B0C1F /* Yoga.swift */; };
		AC5A9A672AE41138003B0C1F /* Pose.swift in Sources */ = {isa = PBXBuildFile; fileRef = AC5A9A632AE41138003B0C1F /* Pose.swift */; };
		AC5A9A682AE41138003B0C1F /* FirebaseConstant.swift in Sources */ = {isa = PBXBuildFile; fileRef = AC5A9A652AE41138003B0C1F /* FirebaseConstant.swift */; };
		AC5A9A712AE41FB8003B0C1F /* GetListWorkout.swift in Sources */ = {isa = PBXBuildFile; fileRef = AC5A9A702AE41FB8003B0C1F /* GetListWorkout.swift */; };
		AC5A9A7A2AE52DA4003B0C1F /* CoreDataManager.swift in Sources */ = {isa = PBXBuildFile; fileRef = AC5A9A792AE52DA4003B0C1F /* CoreDataManager.swift */; };
		AC71EEB22AEA556B00C8ED8A /* CameraDeviceManager.swift in Sources */ = {isa = PBXBuildFile; fileRef = AC71EEB12AEA556B00C8ED8A /* CameraDeviceManager.swift */; };
		AC71EEB72AEA59DC00C8ED8A /* SampleBufferOutputDelegate.swift in Sources */ = {isa = PBXBuildFile; fileRef = AC71EEB62AEA59DC00C8ED8A /* SampleBufferOutputDelegate.swift */; };
		AC71EEBA2AEA5B3C00C8ED8A /* CameraPreviewUIKit.swift in Sources */ = {isa = PBXBuildFile; fileRef = AC71EEB92AEA5B3C00C8ED8A /* CameraPreviewUIKit.swift */; };
		AC71EEBD2AEA5D4E00C8ED8A /* CameraViewModel.swift in Sources */ = {isa = PBXBuildFile; fileRef = AC71EEBC2AEA5D4E00C8ED8A /* CameraViewModel.swift */; };
		AC71EEC12AEA62E200C8ED8A /* CameraView.swift in Sources */ = {isa = PBXBuildFile; fileRef = AC71EEC02AEA62E200C8ED8A /* CameraView.swift */; };
		AC71EEC32AEA656600C8ED8A /* BodyPoint.swift in Sources */ = {isa = PBXBuildFile; fileRef = AC71EEC22AEA656600C8ED8A /* BodyPoint.swift */; };
		AC71EEC82AEA751500C8ED8A /* Array.swift in Sources */ = {isa = PBXBuildFile; fileRef = AC71EEC72AEA751500C8ED8A /* Array.swift */; };
		ACABCACD2AE907E4007159F2 /* workoutListCard.swift in Sources */ = {isa = PBXBuildFile; fileRef = ACABCACC2AE907E4007159F2 /* workoutListCard.swift */; };
		ACABCAD12AE91283007159F2 /* DayAssessmentResult.swift in Sources */ = {isa = PBXBuildFile; fileRef = ACABCAD02AE91283007159F2 /* DayAssessmentResult.swift */; };
		ACAE03C02AE95E7800878741 /* AssessmentResultView.swift in Sources */ = {isa = PBXBuildFile; fileRef = ACAE03BF2AE95E7800878741 /* AssessmentResultView.swift */; };
		ACB8642E2AE652C7005DF0D1 /* CoreDataDataSource.swift in Sources */ = {isa = PBXBuildFile; fileRef = ACB8642D2AE652C7005DF0D1 /* CoreDataDataSource.swift */; };
		ACBFBD992AE66DDF00109D94 /* CoreDataDataSourceDelegate.swift in Sources */ = {isa = PBXBuildFile; fileRef = ACBFBD982AE66DDF00109D94 /* CoreDataDataSourceDelegate.swift */; };
		ACBFBD9D2AE676D600109D94 /* WorkoutRepository.swift in Sources */ = {isa = PBXBuildFile; fileRef = ACBFBD9C2AE676D600109D94 /* WorkoutRepository.swift */; };
		ACBFBD9F2AE6775A00109D94 /* FetchYogaPlan.swift in Sources */ = {isa = PBXBuildFile; fileRef = ACBFBD9E2AE6775A00109D94 /* FetchYogaPlan.swift */; };
		ACBFBDA42AE67CEE00109D94 /* UpdateWorkoutPlan.swift in Sources */ = {isa = PBXBuildFile; fileRef = ACBFBDA32AE67CEE00109D94 /* UpdateWorkoutPlan.swift */; };
		ACD49E812AEFA47000793872 /* Helper.swift in Sources */ = {isa = PBXBuildFile; fileRef = ACD49E802AEFA47000793872 /* Helper.swift */; };
		ACD49E842AEFA62600793872 /* AddYogaPlan.swift in Sources */ = {isa = PBXBuildFile; fileRef = ACD49E822AEFA62600793872 /* AddYogaPlan.swift */; };
		ACFED3882AE2B6100018CD03 /* PersistentStorage.xcdatamodeld in Sources */ = {isa = PBXBuildFile; fileRef = ACFED3862AE2B6100018CD03 /* PersistentStorage.xcdatamodeld */; };
		D862DB672AE28E5A0014F2FC /* WorkItOutApp.swift in Sources */ = {isa = PBXBuildFile; fileRef = D862DB662AE28E5A0014F2FC /* WorkItOutApp.swift */; };
		D862DB692AE28E5A0014F2FC /* ContentView.swift in Sources */ = {isa = PBXBuildFile; fileRef = D862DB682AE28E5A0014F2FC /* ContentView.swift */; };
		D862DB6B2AE28E5C0014F2FC /* Assets.xcassets in Resources */ = {isa = PBXBuildFile; fileRef = D862DB6A2AE28E5C0014F2FC /* Assets.xcassets */; };
		D862DB6E2AE28E5C0014F2FC /* Preview Assets.xcassets in Resources */ = {isa = PBXBuildFile; fileRef = D862DB6D2AE28E5C0014F2FC /* Preview Assets.xcassets */; };
		D8BC2BE72AE8003000E61487 /* AssessmentView.swift in Sources */ = {isa = PBXBuildFile; fileRef = D8BC2BE62AE8003000E61487 /* AssessmentView.swift */; };
		D8BC2BEB2AE802D100E61487 /* AssessmentDetailView.swift in Sources */ = {isa = PBXBuildFile; fileRef = D8BC2BEA2AE802D100E61487 /* AssessmentDetailView.swift */; };
		D8BC2BEE2AE80F1800E61487 /* AssessmentViewModel.swift in Sources */ = {isa = PBXBuildFile; fileRef = D8BC2BED2AE80F1800E61487 /* AssessmentViewModel.swift */; };
		D8BC2BF42AE81A1000E61487 /* AssessmentDetailMultipleChoiceView.swift in Sources */ = {isa = PBXBuildFile; fileRef = D8BC2BF32AE81A1000E61487 /* AssessmentDetailMultipleChoiceView.swift */; };
		D8BC2BF62AE81D0600E61487 /* AssessmentState.swift in Sources */ = {isa = PBXBuildFile; fileRef = D8BC2BF52AE81D0600E61487 /* AssessmentState.swift */; };
		D8BC2BF82AE81E0400E61487 /* Duration.swift in Sources */ = {isa = PBXBuildFile; fileRef = D8BC2BF72AE81E0400E61487 /* Duration.swift */; };
		D8BC2BFA2AE81EA200E61487 /* Months.swift in Sources */ = {isa = PBXBuildFile; fileRef = D8BC2BF92AE81EA200E61487 /* Months.swift */; };
		D8FBED4B2AE8F2680062CC00 /* StateIndicator.swift in Sources */ = {isa = PBXBuildFile; fileRef = D8FBED4A2AE8F2680062CC00 /* StateIndicator.swift */; };
		D8FBED4E2AE906FE0062CC00 /* ButtonStyles.swift in Sources */ = {isa = PBXBuildFile; fileRef = D8FBED4D2AE906FE0062CC00 /* ButtonStyles.swift */; };
		D8FBED542AE911A20062CC00 /* GoogleService-Info.plist in Resources */ = {isa = PBXBuildFile; fileRef = D8FBED532AE911A20062CC00 /* GoogleService-Info.plist */; };
		D8FBED562AE918200062CC00 /* CompleteView.swift in Sources */ = {isa = PBXBuildFile; fileRef = D8FBED552AE918200062CC00 /* CompleteView.swift */; };
		D8FBED5A2AE91A880062CC00 /* LoadingCircle.swift in Sources */ = {isa = PBXBuildFile; fileRef = D8FBED592AE91A880062CC00 /* LoadingCircle.swift */; };
/* End PBXBuildFile section */

/* Begin PBXFileReference section */
		56D1BC902AE8B87C002DBDA0 /* ExecutionViewModel.swift */ = {isa = PBXFileReference; lastKnownFileType = sourcecode.swift; path = ExecutionViewModel.swift; sourceTree = "<group>"; };
		56D1BC9C2AEA53B5002DBDA0 /* ExecutionViewModel.swift */ = {isa = PBXFileReference; lastKnownFileType = sourcecode.swift; path = ExecutionViewModel.swift; sourceTree = "<group>"; };
		56D1BC9F2AEA566D002DBDA0 /* TimerViewModel.swift */ = {isa = PBXFileReference; lastKnownFileType = sourcecode.swift; path = TimerViewModel.swift; sourceTree = "<group>"; };
		56D1BCA42AEA5BAF002DBDA0 /* TimerView.swift */ = {isa = PBXFileReference; lastKnownFileType = sourcecode.swift; path = TimerView.swift; sourceTree = "<group>"; };
		56D1BCA92AEA6BD1002DBDA0 /* TimerView.swift */ = {isa = PBXFileReference; fileEncoding = 4; lastKnownFileType = sourcecode.swift; path = TimerView.swift; sourceTree = "<group>"; };
		56D1BCAB2AECDEF0002DBDA0 /* NotificationViewModel.swift */ = {isa = PBXFileReference; lastKnownFileType = sourcecode.swift; path = NotificationViewModel.swift; sourceTree = "<group>"; };
		56D1BCAD2AEE56F3002DBDA0 /* NotificationView.swift */ = {isa = PBXFileReference; lastKnownFileType = sourcecode.swift; path = NotificationView.swift; sourceTree = "<group>"; };
		6C3FD7642AEE405C00C84D2A /* Relieve.swift */ = {isa = PBXFileReference; lastKnownFileType = sourcecode.swift; path = Relieve.swift; sourceTree = "<group>"; };
		6C3FD7662AEE409700C84D2A /* PoseCategory.swift */ = {isa = PBXFileReference; lastKnownFileType = sourcecode.swift; path = PoseCategory.swift; sourceTree = "<group>"; };
		6C3FD76B2AEE40BD00C84D2A /* Trimester.swift */ = {isa = PBXFileReference; lastKnownFileType = sourcecode.swift; path = Trimester.swift; sourceTree = "<group>"; };
		6C3FD76D2AEE40C900C84D2A /* Difficulty.swift */ = {isa = PBXFileReference; lastKnownFileType = sourcecode.swift; path = Difficulty.swift; sourceTree = "<group>"; };
		6C3FD76F2AEE40D800C84D2A /* YogaState.swift */ = {isa = PBXFileReference; lastKnownFileType = sourcecode.swift; path = YogaState.swift; sourceTree = "<group>"; };
		6C3FD7712AEE40E600C84D2A /* BodyPart.swift */ = {isa = PBXFileReference; lastKnownFileType = sourcecode.swift; path = BodyPart.swift; sourceTree = "<group>"; };
		6C3FD7732AEEB26800C84D2A /* TimeOfDay.swift */ = {isa = PBXFileReference; lastKnownFileType = sourcecode.swift; path = TimeOfDay.swift; sourceTree = "<group>"; };
		6C3FD7752AEF558700C84D2A /* Profile.swift */ = {isa = PBXFileReference; lastKnownFileType = sourcecode.swift; path = Profile.swift; sourceTree = "<group>"; };
		6C3FD7772AEF560A00C84D2A /* History.swift */ = {isa = PBXFileReference; lastKnownFileType = sourcecode.swift; path = History.swift; sourceTree = "<group>"; };
		6C3FD7792AEF5AB800C84D2A /* UserPreference.swift */ = {isa = PBXFileReference; lastKnownFileType = sourcecode.swift; path = UserPreference.swift; sourceTree = "<group>"; };
		6C6F34CB2AE7B9460059E74D /* ButtonComponent.swift */ = {isa = PBXFileReference; lastKnownFileType = sourcecode.swift; path = ButtonComponent.swift; sourceTree = "<group>"; };
		6C6F34CF2AE7BDD60059E74D /* SliderComponent.swift */ = {isa = PBXFileReference; lastKnownFileType = sourcecode.swift; path = SliderComponent.swift; sourceTree = "<group>"; };
		6C7B2C4A2AEF6FAF00E0DADF /* YogaCardView.swift */ = {isa = PBXFileReference; lastKnownFileType = sourcecode.swift; path = YogaCardView.swift; sourceTree = "<group>"; };
		6C7B2C4C2AEF726A00E0DADF /* GeneratePlanView.swift */ = {isa = PBXFileReference; lastKnownFileType = sourcecode.swift; path = GeneratePlanView.swift; sourceTree = "<group>"; };
		6C7B2C502AEF74D500E0DADF /* HomeView.swift */ = {isa = PBXFileReference; lastKnownFileType = sourcecode.swift; path = HomeView.swift; sourceTree = "<group>"; };
		6C8D5CFB2AE660B200A2986D /* YogaPlan.swift */ = {isa = PBXFileReference; lastKnownFileType = sourcecode.swift; path = YogaPlan.swift; sourceTree = "<group>"; };
		6C8D5D0D2AE6618E00A2986D /* Day.swift */ = {isa = PBXFileReference; fileEncoding = 4; lastKnownFileType = sourcecode.swift; path = Day.swift; sourceTree = "<group>"; };
		6C8D5D0E2AE6618E00A2986D /* WorkoutState.swift */ = {isa = PBXFileReference; fileEncoding = 4; lastKnownFileType = sourcecode.swift; path = WorkoutState.swift; sourceTree = "<group>"; };
		6C8D5D152AE6619700A2986D /* MockData.swift */ = {isa = PBXFileReference; fileEncoding = 4; lastKnownFileType = sourcecode.swift; path = MockData.swift; sourceTree = "<group>"; };
		AC5A9A522AE3BCB1003B0C1F /* FireStoreManager.swift */ = {isa = PBXFileReference; lastKnownFileType = sourcecode.swift; path = FireStoreManager.swift; sourceTree = "<group>"; };
		AC5A9A622AE41138003B0C1F /* Yoga.swift */ = {isa = PBXFileReference; fileEncoding = 4; lastKnownFileType = sourcecode.swift; path = Yoga.swift; sourceTree = "<group>"; };
		AC5A9A632AE41138003B0C1F /* Pose.swift */ = {isa = PBXFileReference; fileEncoding = 4; lastKnownFileType = sourcecode.swift; path = Pose.swift; sourceTree = "<group>"; };
		AC5A9A652AE41138003B0C1F /* FirebaseConstant.swift */ = {isa = PBXFileReference; fileEncoding = 4; lastKnownFileType = sourcecode.swift; path = FirebaseConstant.swift; sourceTree = "<group>"; };
		AC5A9A702AE41FB8003B0C1F /* GetListWorkout.swift */ = {isa = PBXFileReference; lastKnownFileType = sourcecode.swift; path = GetListWorkout.swift; sourceTree = "<group>"; };
		AC5A9A792AE52DA4003B0C1F /* CoreDataManager.swift */ = {isa = PBXFileReference; lastKnownFileType = sourcecode.swift; path = CoreDataManager.swift; sourceTree = "<group>"; };
		AC71EEB12AEA556B00C8ED8A /* CameraDeviceManager.swift */ = {isa = PBXFileReference; lastKnownFileType = sourcecode.swift; path = CameraDeviceManager.swift; sourceTree = "<group>"; };
		AC71EEB62AEA59DC00C8ED8A /* SampleBufferOutputDelegate.swift */ = {isa = PBXFileReference; lastKnownFileType = sourcecode.swift; path = SampleBufferOutputDelegate.swift; sourceTree = "<group>"; };
		AC71EEB92AEA5B3C00C8ED8A /* CameraPreviewUIKit.swift */ = {isa = PBXFileReference; lastKnownFileType = sourcecode.swift; path = CameraPreviewUIKit.swift; sourceTree = "<group>"; };
		AC71EEBC2AEA5D4E00C8ED8A /* CameraViewModel.swift */ = {isa = PBXFileReference; lastKnownFileType = sourcecode.swift; path = CameraViewModel.swift; sourceTree = "<group>"; };
		AC71EEC02AEA62E200C8ED8A /* CameraView.swift */ = {isa = PBXFileReference; lastKnownFileType = sourcecode.swift; path = CameraView.swift; sourceTree = "<group>"; };
		AC71EEC22AEA656600C8ED8A /* BodyPoint.swift */ = {isa = PBXFileReference; lastKnownFileType = sourcecode.swift; path = BodyPoint.swift; sourceTree = "<group>"; };
		AC71EEC72AEA751500C8ED8A /* Array.swift */ = {isa = PBXFileReference; fileEncoding = 4; lastKnownFileType = sourcecode.swift; path = Array.swift; sourceTree = "<group>"; };
		ACABCACC2AE907E4007159F2 /* workoutListCard.swift */ = {isa = PBXFileReference; lastKnownFileType = sourcecode.swift; path = workoutListCard.swift; sourceTree = "<group>"; };
		ACABCAD02AE91283007159F2 /* DayAssessmentResult.swift */ = {isa = PBXFileReference; lastKnownFileType = sourcecode.swift; path = DayAssessmentResult.swift; sourceTree = "<group>"; };
		ACAE03BF2AE95E7800878741 /* AssessmentResultView.swift */ = {isa = PBXFileReference; lastKnownFileType = sourcecode.swift; path = AssessmentResultView.swift; sourceTree = "<group>"; };
		ACB8642D2AE652C7005DF0D1 /* CoreDataDataSource.swift */ = {isa = PBXFileReference; lastKnownFileType = sourcecode.swift; path = CoreDataDataSource.swift; sourceTree = "<group>"; };
		ACBFBD982AE66DDF00109D94 /* CoreDataDataSourceDelegate.swift */ = {isa = PBXFileReference; lastKnownFileType = sourcecode.swift; path = CoreDataDataSourceDelegate.swift; sourceTree = "<group>"; };
		ACBFBD9C2AE676D600109D94 /* WorkoutRepository.swift */ = {isa = PBXFileReference; lastKnownFileType = sourcecode.swift; path = WorkoutRepository.swift; sourceTree = "<group>"; };
		ACBFBD9E2AE6775A00109D94 /* FetchYogaPlan.swift */ = {isa = PBXFileReference; lastKnownFileType = sourcecode.swift; path = FetchYogaPlan.swift; sourceTree = "<group>"; };
		ACBFBDA32AE67CEE00109D94 /* UpdateWorkoutPlan.swift */ = {isa = PBXFileReference; lastKnownFileType = sourcecode.swift; path = UpdateWorkoutPlan.swift; sourceTree = "<group>"; };
		ACD49E802AEFA47000793872 /* Helper.swift */ = {isa = PBXFileReference; lastKnownFileType = sourcecode.swift; path = Helper.swift; sourceTree = "<group>"; };
		ACD49E822AEFA62600793872 /* AddYogaPlan.swift */ = {isa = PBXFileReference; fileEncoding = 4; lastKnownFileType = sourcecode.swift; path = AddYogaPlan.swift; sourceTree = "<group>"; };
		ACFED3872AE2B6100018CD03 /* PersistentStorage.xcdatamodel */ = {isa = PBXFileReference; lastKnownFileType = wrapper.xcdatamodel; path = PersistentStorage.xcdatamodel; sourceTree = "<group>"; };
		D862DB632AE28E5A0014F2FC /* WorkItOut.app */ = {isa = PBXFileReference; explicitFileType = wrapper.application; includeInIndex = 0; path = WorkItOut.app; sourceTree = BUILT_PRODUCTS_DIR; };
		D862DB662AE28E5A0014F2FC /* WorkItOutApp.swift */ = {isa = PBXFileReference; lastKnownFileType = sourcecode.swift; path = WorkItOutApp.swift; sourceTree = "<group>"; };
		D862DB682AE28E5A0014F2FC /* ContentView.swift */ = {isa = PBXFileReference; lastKnownFileType = sourcecode.swift; path = ContentView.swift; sourceTree = "<group>"; };
		D862DB6A2AE28E5C0014F2FC /* Assets.xcassets */ = {isa = PBXFileReference; lastKnownFileType = folder.assetcatalog; path = Assets.xcassets; sourceTree = "<group>"; };
		D862DB6D2AE28E5C0014F2FC /* Preview Assets.xcassets */ = {isa = PBXFileReference; lastKnownFileType = folder.assetcatalog; path = "Preview Assets.xcassets"; sourceTree = "<group>"; };
		D8BC2BE62AE8003000E61487 /* AssessmentView.swift */ = {isa = PBXFileReference; lastKnownFileType = sourcecode.swift; path = AssessmentView.swift; sourceTree = "<group>"; };
		D8BC2BEA2AE802D100E61487 /* AssessmentDetailView.swift */ = {isa = PBXFileReference; lastKnownFileType = sourcecode.swift; path = AssessmentDetailView.swift; sourceTree = "<group>"; };
		D8BC2BED2AE80F1800E61487 /* AssessmentViewModel.swift */ = {isa = PBXFileReference; lastKnownFileType = sourcecode.swift; path = AssessmentViewModel.swift; sourceTree = "<group>"; };
		D8BC2BF32AE81A1000E61487 /* AssessmentDetailMultipleChoiceView.swift */ = {isa = PBXFileReference; lastKnownFileType = sourcecode.swift; path = AssessmentDetailMultipleChoiceView.swift; sourceTree = "<group>"; };
		D8BC2BF52AE81D0600E61487 /* AssessmentState.swift */ = {isa = PBXFileReference; lastKnownFileType = sourcecode.swift; path = AssessmentState.swift; sourceTree = "<group>"; };
		D8BC2BF72AE81E0400E61487 /* Duration.swift */ = {isa = PBXFileReference; lastKnownFileType = sourcecode.swift; path = Duration.swift; sourceTree = "<group>"; };
		D8BC2BF92AE81EA200E61487 /* Months.swift */ = {isa = PBXFileReference; lastKnownFileType = sourcecode.swift; path = Months.swift; sourceTree = "<group>"; };
		D8FBED4A2AE8F2680062CC00 /* StateIndicator.swift */ = {isa = PBXFileReference; lastKnownFileType = sourcecode.swift; path = StateIndicator.swift; sourceTree = "<group>"; };
		D8FBED4D2AE906FE0062CC00 /* ButtonStyles.swift */ = {isa = PBXFileReference; lastKnownFileType = sourcecode.swift; path = ButtonStyles.swift; sourceTree = "<group>"; };
		D8FBED532AE911A20062CC00 /* GoogleService-Info.plist */ = {isa = PBXFileReference; fileEncoding = 4; lastKnownFileType = text.plist.xml; path = "GoogleService-Info.plist"; sourceTree = "<group>"; };
		D8FBED552AE918200062CC00 /* CompleteView.swift */ = {isa = PBXFileReference; lastKnownFileType = sourcecode.swift; path = CompleteView.swift; sourceTree = "<group>"; };
		D8FBED592AE91A880062CC00 /* LoadingCircle.swift */ = {isa = PBXFileReference; lastKnownFileType = sourcecode.swift; path = LoadingCircle.swift; sourceTree = "<group>"; };
/* End PBXFileReference section */

/* Begin PBXFrameworksBuildPhase section */
		D862DB602AE28E5A0014F2FC /* Frameworks */ = {
			isa = PBXFrameworksBuildPhase;
			buildActionMask = 2147483647;
			files = (
				AC5A9A502AE3AC5E003B0C1F /* FirebaseFirestore in Frameworks */,
				AC5A9A5B2AE3E614003B0C1F /* FirebaseFirestoreSwift in Frameworks */,
			);
			runOnlyForDeploymentPostprocessing = 0;
		};
/* End PBXFrameworksBuildPhase section */

/* Begin PBXGroup section */
		56D1BC9B2AEA51BE002DBDA0 /* Recovered References */ = {
			isa = PBXGroup;
			children = (
				56D1BC902AE8B87C002DBDA0 /* ExecutionViewModel.swift */,
				56D1BCA42AEA5BAF002DBDA0 /* TimerView.swift */,
			);
			name = "Recovered References";
			sourceTree = "<group>";
		};
		56D1BC9E2AEA5653002DBDA0 /* Execution */ = {
			isa = PBXGroup;
			children = (
				56D1BC9C2AEA53B5002DBDA0 /* ExecutionViewModel.swift */,
				56D1BC9F2AEA566D002DBDA0 /* TimerViewModel.swift */,
			);
			path = Execution;
			sourceTree = "<group>";
		};
		56D1BCA82AEA6BD1002DBDA0 /* Execution */ = {
			isa = PBXGroup;
			children = (
				56D1BCA92AEA6BD1002DBDA0 /* TimerView.swift */,
			);
			path = Execution;
			sourceTree = "<group>";
		};
		56D1BCAF2AEE81DC002DBDA0 /* Notification */ = {
			isa = PBXGroup;
			children = (
				56D1BCAD2AEE56F3002DBDA0 /* NotificationView.swift */,
			);
			path = Notification;
			sourceTree = "<group>";
		};
		56D1BCB02AEE81F4002DBDA0 /* Notification */ = {
			isa = PBXGroup;
			children = (
				56D1BCAB2AECDEF0002DBDA0 /* NotificationViewModel.swift */,
			);
			path = Notification;
			sourceTree = "<group>";
		};
		6C6F34CA2AE7B9390059E74D /* GlobalComponent */ = {
			isa = PBXGroup;
			children = (
				6C6F34CB2AE7B9460059E74D /* ButtonComponent.swift */,
				6C6F34CF2AE7BDD60059E74D /* SliderComponent.swift */,
			);
			path = GlobalComponent;
			sourceTree = "<group>";
		};
		6C7B2C482AEF6F6C00E0DADF /* GeneratePlan */ = {
			isa = PBXGroup;
			children = (
				6C7B2C492AEF6F8A00E0DADF /* Components */,
				6C7B2C4C2AEF726A00E0DADF /* GeneratePlanView.swift */,
			);
			path = GeneratePlan;
			sourceTree = "<group>";
		};
		6C7B2C492AEF6F8A00E0DADF /* Components */ = {
			isa = PBXGroup;
			children = (
				6C7B2C4A2AEF6FAF00E0DADF /* YogaCardView.swift */,
			);
			path = Components;
			sourceTree = "<group>";
		};
		6C7B2C4E2AEF74C200E0DADF /* Home */ = {
			isa = PBXGroup;
			children = (
				6C7B2C4F2AEF74C700E0DADF /* Components */,
				6C7B2C502AEF74D500E0DADF /* HomeView.swift */,
			);
			path = Home;
			sourceTree = "<group>";
		};
		6C7B2C4F2AEF74C700E0DADF /* Components */ = {
			isa = PBXGroup;
			children = (
			);
			path = Components;
			sourceTree = "<group>";
		};
		6C8D5D0A2AE6617500A2986D /* Data */ = {
			isa = PBXGroup;
			children = (
				6C8D5D142AE6619700A2986D /* Mock */,
				6C8D5D0B2AE6618E00A2986D /* Enum */,
				AC5A9A612AE41138003B0C1F /* Entities */,
			);
			path = Data;
			sourceTree = "<group>";
		};
		6C8D5D0B2AE6618E00A2986D /* Enum */ = {
			isa = PBXGroup;
			children = (
				D8BC2BF02AE8169500E61487 /* Assessment */,
				6C8D5D0E2AE6618E00A2986D /* WorkoutState.swift */,
			);
			path = Enum;
			sourceTree = "<group>";
		};
		6C8D5D142AE6619700A2986D /* Mock */ = {
			isa = PBXGroup;
			children = (
				6C8D5D152AE6619700A2986D /* MockData.swift */,
			);
			path = Mock;
			sourceTree = "<group>";
		};
		AC5A9A4E2AE3AC5E003B0C1F /* Frameworks */ = {
			isa = PBXGroup;
			children = (
			);
			name = Frameworks;
			sourceTree = "<group>";
		};
		AC5A9A512AE3BC9D003B0C1F /* FireStore */ = {
			isa = PBXGroup;
			children = (
				AC5A9A522AE3BCB1003B0C1F /* FireStoreManager.swift */,
			);
			path = FireStore;
			sourceTree = "<group>";
		};
		AC5A9A582AE3C09B003B0C1F /* UseCases */ = {
			isa = PBXGroup;
			children = (
				AC7391AF2AE7BF1F0012BC1B /* CoreData */,
				AC7391AE2AE7BF150012BC1B /* Firebase */,
			);
			path = UseCases;
			sourceTree = "<group>";
		};
		AC5A9A612AE41138003B0C1F /* Entities */ = {
			isa = PBXGroup;
			children = (
				AC5A9A622AE41138003B0C1F /* Yoga.swift */,
				AC5A9A632AE41138003B0C1F /* Pose.swift */,
				6C8D5CFB2AE660B200A2986D /* YogaPlan.swift */,
				6C3FD7752AEF558700C84D2A /* Profile.swift */,
				6C3FD7772AEF560A00C84D2A /* History.swift */,
				ACD49E802AEFA47000793872 /* Helper.swift */,
			);
			path = Entities;
			sourceTree = "<group>";
		};
		AC5A9A642AE41138003B0C1F /* Constant */ = {
			isa = PBXGroup;
			children = (
				AC5A9A652AE41138003B0C1F /* FirebaseConstant.swift */,
			);
			path = Constant;
			sourceTree = "<group>";
		};
		AC5A9A692AE4154D003B0C1F /* Data */ = {
			isa = PBXGroup;
			children = (
				ACBFBD9B2AE676BF00109D94 /* Repository */,
				ACB8642C2AE65282005DF0D1 /* Datasource */,
				AC5A9A582AE3C09B003B0C1F /* UseCases */,
			);
			path = Data;
			sourceTree = "<group>";
		};
		AC5A9A6A2AE41557003B0C1F /* WorkItOut */ = {
			isa = PBXGroup;
			children = (
				ACBFBD972AE66DC900109D94 /* Domain */,
				AC5A9A692AE4154D003B0C1F /* Data */,
				AC5A9A762AE42D24003B0C1F /* Presentation */,
			);
			path = WorkItOut;
			sourceTree = "<group>";
		};
		AC5A9A762AE42D24003B0C1F /* Presentation */ = {
			isa = PBXGroup;
			children = (
				D8BC2BEC2AE80F0E00E61487 /* ViewModels */,
				6C6F34CA2AE7B9390059E74D /* GlobalComponent */,
				AC5A9A772AE42D30003B0C1F /* Views */,
			);
			path = Presentation;
			sourceTree = "<group>";
		};
		AC5A9A772AE42D30003B0C1F /* Views */ = {
			isa = PBXGroup;
			children = (
				6C7B2C4E2AEF74C200E0DADF /* Home */,
				6C7B2C482AEF6F6C00E0DADF /* GeneratePlan */,
				56D1BCAF2AEE81DC002DBDA0 /* Notification */,
				56D1BCA82AEA6BD1002DBDA0 /* Execution */,
				AC71EEBE2AEA62B200C8ED8A /* CameraView */,
				ACAE03BE2AE91C3D00878741 /* AssessmentResult */,
				D8BC2BE52AE8002200E61487 /* CreateWorkout */,
				D862DB682AE28E5A0014F2FC /* ContentView.swift */,
			);
			path = Views;
			sourceTree = "<group>";
		};
		AC5A9A782AE52D93003B0C1F /* CoreData */ = {
			isa = PBXGroup;
			children = (
				AC5A9A792AE52DA4003B0C1F /* CoreDataManager.swift */,
			);
			path = CoreData;
			sourceTree = "<group>";
		};
		AC71EEB02AEA555500C8ED8A /* AVFoundation */ = {
			isa = PBXGroup;
			children = (
				AC71EEB12AEA556B00C8ED8A /* CameraDeviceManager.swift */,
				AC71EEB62AEA59DC00C8ED8A /* SampleBufferOutputDelegate.swift */,
			);
			path = AVFoundation;
			sourceTree = "<group>";
		};
		AC71EEB82AEA5B2300C8ED8A /* UIKitRepresentable */ = {
			isa = PBXGroup;
			children = (
				AC71EEB92AEA5B3C00C8ED8A /* CameraPreviewUIKit.swift */,
			);
			path = UIKitRepresentable;
			sourceTree = "<group>";
		};
		AC71EEBE2AEA62B200C8ED8A /* CameraView */ = {
			isa = PBXGroup;
			children = (
				AC71EEBF2AEA62D100C8ED8A /* Components */,
				AC71EEC02AEA62E200C8ED8A /* CameraView.swift */,
			);
			path = CameraView;
			sourceTree = "<group>";
		};
		AC71EEBF2AEA62D100C8ED8A /* Components */ = {
			isa = PBXGroup;
			children = (
				AC71EEB82AEA5B2300C8ED8A /* UIKitRepresentable */,
				AC71EEC22AEA656600C8ED8A /* BodyPoint.swift */,
			);
			path = Components;
			sourceTree = "<group>";
		};
		AC71EEC62AEA751500C8ED8A /* Extensions */ = {
			isa = PBXGroup;
			children = (
				AC71EEC72AEA751500C8ED8A /* Array.swift */,
			);
			path = Extensions;
			sourceTree = "<group>";
		};
		AC7391AE2AE7BF150012BC1B /* Firebase */ = {
			isa = PBXGroup;
			children = (
				AC5A9A702AE41FB8003B0C1F /* GetListWorkout.swift */,
			);
			path = Firebase;
			sourceTree = "<group>";
		};
		AC7391AF2AE7BF1F0012BC1B /* CoreData */ = {
			isa = PBXGroup;
			children = (
				ACD49E822AEFA62600793872 /* AddYogaPlan.swift */,
				ACBFBD9E2AE6775A00109D94 /* FetchYogaPlan.swift */,
				ACBFBDA32AE67CEE00109D94 /* UpdateWorkoutPlan.swift */,
			);
			path = CoreData;
			sourceTree = "<group>";
		};
		ACABCAC92AE9075B007159F2 /* Components */ = {
			isa = PBXGroup;
			children = (
				ACABCACC2AE907E4007159F2 /* workoutListCard.swift */,
				ACABCAD02AE91283007159F2 /* DayAssessmentResult.swift */,
			);
			path = Components;
			sourceTree = "<group>";
		};
		ACAE03BE2AE91C3D00878741 /* AssessmentResult */ = {
			isa = PBXGroup;
			children = (
				ACABCAC92AE9075B007159F2 /* Components */,
				ACAE03BF2AE95E7800878741 /* AssessmentResultView.swift */,
			);
			path = AssessmentResult;
			sourceTree = "<group>";
		};
		ACB8642C2AE65282005DF0D1 /* Datasource */ = {
			isa = PBXGroup;
			children = (
				ACB8642D2AE652C7005DF0D1 /* CoreDataDataSource.swift */,
			);
			path = Datasource;
			sourceTree = "<group>";
		};
		ACBFBD972AE66DC900109D94 /* Domain */ = {
			isa = PBXGroup;
			children = (
				ACBFBD9A2AE6760C00109D94 /* Datasource */,
			);
			path = Domain;
			sourceTree = "<group>";
		};
		ACBFBD9A2AE6760C00109D94 /* Datasource */ = {
			isa = PBXGroup;
			children = (
				ACBFBD982AE66DDF00109D94 /* CoreDataDataSourceDelegate.swift */,
			);
			path = Datasource;
			sourceTree = "<group>";
		};
		ACBFBD9B2AE676BF00109D94 /* Repository */ = {
			isa = PBXGroup;
			children = (
				ACBFBD9C2AE676D600109D94 /* WorkoutRepository.swift */,
			);
			path = Repository;
			sourceTree = "<group>";
		};
		ACFED3812AE2B5B60018CD03 /* Core */ = {
			isa = PBXGroup;
			children = (
				AC71EEC62AEA751500C8ED8A /* Extensions */,
				D8FBED4C2AE906980062CC00 /* Utilities */,
				6C8D5D0A2AE6617500A2986D /* Data */,
				AC5A9A642AE41138003B0C1F /* Constant */,
				ACFED3852AE2B5F10018CD03 /* Services */,
				ACFED3832AE2B5CD0018CD03 /* Config */,
				ACFED3822AE2B5C20018CD03 /* Resources */,
			);
			path = Core;
			sourceTree = "<group>";
		};
		ACFED3822AE2B5C20018CD03 /* Resources */ = {
			isa = PBXGroup;
			children = (
				D8FBED532AE911A20062CC00 /* GoogleService-Info.plist */,
				D862DB6A2AE28E5C0014F2FC /* Assets.xcassets */,
				ACFED3862AE2B6100018CD03 /* PersistentStorage.xcdatamodeld */,
			);
			path = Resources;
			sourceTree = "<group>";
		};
		ACFED3832AE2B5CD0018CD03 /* Config */ = {
			isa = PBXGroup;
			children = (
				D862DB662AE28E5A0014F2FC /* WorkItOutApp.swift */,
			);
			path = Config;
			sourceTree = "<group>";
		};
		ACFED3852AE2B5F10018CD03 /* Services */ = {
			isa = PBXGroup;
			children = (
				AC71EEB02AEA555500C8ED8A /* AVFoundation */,
				AC5A9A782AE52D93003B0C1F /* CoreData */,
				AC5A9A512AE3BC9D003B0C1F /* FireStore */,
			);
			path = Services;
			sourceTree = "<group>";
		};
		D862DB5A2AE28E5A0014F2FC = {
			isa = PBXGroup;
			children = (
				D862DB652AE28E5A0014F2FC /* WorkItOut */,
				D862DB642AE28E5A0014F2FC /* Products */,
				AC5A9A4E2AE3AC5E003B0C1F /* Frameworks */,
				56D1BC9B2AEA51BE002DBDA0 /* Recovered References */,
			);
			sourceTree = "<group>";
		};
		D862DB642AE28E5A0014F2FC /* Products */ = {
			isa = PBXGroup;
			children = (
				D862DB632AE28E5A0014F2FC /* WorkItOut.app */,
			);
			name = Products;
			sourceTree = "<group>";
		};
		D862DB652AE28E5A0014F2FC /* WorkItOut */ = {
			isa = PBXGroup;
			children = (
				ACFED3812AE2B5B60018CD03 /* Core */,
				AC5A9A6A2AE41557003B0C1F /* WorkItOut */,
				D862DB6C2AE28E5C0014F2FC /* Preview Content */,
			);
			path = WorkItOut;
			sourceTree = "<group>";
		};
		D862DB6C2AE28E5C0014F2FC /* Preview Content */ = {
			isa = PBXGroup;
			children = (
				D862DB6D2AE28E5C0014F2FC /* Preview Assets.xcassets */,
			);
			path = "Preview Content";
			sourceTree = "<group>";
		};
		D8BC2BE52AE8002200E61487 /* CreateWorkout */ = {
			isa = PBXGroup;
			children = (
				D8BC2BE92AE8025900E61487 /* Components */,
				D8BC2BE62AE8003000E61487 /* AssessmentView.swift */,
				D8FBED552AE918200062CC00 /* CompleteView.swift */,
			);
			path = CreateWorkout;
			sourceTree = "<group>";
		};
		D8BC2BE92AE8025900E61487 /* Components */ = {
			isa = PBXGroup;
			children = (
				D8BC2BEA2AE802D100E61487 /* AssessmentDetailView.swift */,
				D8BC2BF32AE81A1000E61487 /* AssessmentDetailMultipleChoiceView.swift */,
				D8FBED4A2AE8F2680062CC00 /* StateIndicator.swift */,
				D8FBED592AE91A880062CC00 /* LoadingCircle.swift */,
			);
			path = Components;
			sourceTree = "<group>";
		};
		D8BC2BEC2AE80F0E00E61487 /* ViewModels */ = {
			isa = PBXGroup;
			children = (
				56D1BCB02AEE81F4002DBDA0 /* Notification */,
				AC71EEBC2AEA5D4E00C8ED8A /* CameraViewModel.swift */,
				56D1BC9E2AEA5653002DBDA0 /* Execution */,
				D8BC2BEF2AE80F1B00E61487 /* CreateWorkout */,
			);
			path = ViewModels;
			sourceTree = "<group>";
		};
		D8BC2BEF2AE80F1B00E61487 /* CreateWorkout */ = {
			isa = PBXGroup;
			children = (
				D8BC2BED2AE80F1800E61487 /* AssessmentViewModel.swift */,
			);
			path = CreateWorkout;
			sourceTree = "<group>";
		};
		D8BC2BF02AE8169500E61487 /* Assessment */ = {
			isa = PBXGroup;
			children = (
				6C8D5D0D2AE6618E00A2986D /* Day.swift */,
				D8BC2BF52AE81D0600E61487 /* AssessmentState.swift */,
				D8BC2BF72AE81E0400E61487 /* Duration.swift */,
				D8BC2BF92AE81EA200E61487 /* Months.swift */,
				6C3FD7642AEE405C00C84D2A /* Relieve.swift */,
				6C3FD7662AEE409700C84D2A /* PoseCategory.swift */,
				6C3FD76B2AEE40BD00C84D2A /* Trimester.swift */,
				6C3FD76D2AEE40C900C84D2A /* Difficulty.swift */,
				6C3FD76F2AEE40D800C84D2A /* YogaState.swift */,
				6C3FD7712AEE40E600C84D2A /* BodyPart.swift */,
				6C3FD7732AEEB26800C84D2A /* TimeOfDay.swift */,
				6C3FD7792AEF5AB800C84D2A /* UserPreference.swift */,
			);
			path = Assessment;
			sourceTree = "<group>";
		};
		D8FBED4C2AE906980062CC00 /* Utilities */ = {
			isa = PBXGroup;
			children = (
				D8FBED4D2AE906FE0062CC00 /* ButtonStyles.swift */,
			);
			path = Utilities;
			sourceTree = "<group>";
		};
/* End PBXGroup section */

/* Begin PBXNativeTarget section */
		D862DB622AE28E5A0014F2FC /* WorkItOut */ = {
			isa = PBXNativeTarget;
			buildConfigurationList = D862DB712AE28E5C0014F2FC /* Build configuration list for PBXNativeTarget "WorkItOut" */;
			buildPhases = (
				D862DB5F2AE28E5A0014F2FC /* Sources */,
				D862DB602AE28E5A0014F2FC /* Frameworks */,
				D862DB612AE28E5A0014F2FC /* Resources */,
			);
			buildRules = (
			);
			dependencies = (
			);
			name = WorkItOut;
			packageProductDependencies = (
				AC5A9A4F2AE3AC5E003B0C1F /* FirebaseFirestore */,
				AC5A9A5A2AE3E614003B0C1F /* FirebaseFirestoreSwift */,
			);
			productName = WorkItOut;
			productReference = D862DB632AE28E5A0014F2FC /* WorkItOut.app */;
			productType = "com.apple.product-type.application";
		};
/* End PBXNativeTarget section */

/* Begin PBXProject section */
		D862DB5B2AE28E5A0014F2FC /* Project object */ = {
			isa = PBXProject;
			attributes = {
				BuildIndependentTargetsInParallel = 1;
				LastSwiftUpdateCheck = 1500;
				LastUpgradeCheck = 1500;
				TargetAttributes = {
					D862DB622AE28E5A0014F2FC = {
						CreatedOnToolsVersion = 15.0.1;
					};
				};
			};
			buildConfigurationList = D862DB5E2AE28E5A0014F2FC /* Build configuration list for PBXProject "WorkItOut" */;
			compatibilityVersion = "Xcode 14.0";
			developmentRegion = en;
			hasScannedForEncodings = 0;
			knownRegions = (
				en,
				Base,
			);
			mainGroup = D862DB5A2AE28E5A0014F2FC;
			packageReferences = (
				ACFED3892AE2EB430018CD03 /* XCRemoteSwiftPackageReference "firebase-ios-sdk" */,
			);
			productRefGroup = D862DB642AE28E5A0014F2FC /* Products */;
			projectDirPath = "";
			projectRoot = "";
			targets = (
				D862DB622AE28E5A0014F2FC /* WorkItOut */,
			);
		};
/* End PBXProject section */

/* Begin PBXResourcesBuildPhase section */
		D862DB612AE28E5A0014F2FC /* Resources */ = {
			isa = PBXResourcesBuildPhase;
			buildActionMask = 2147483647;
			files = (
				D862DB6E2AE28E5C0014F2FC /* Preview Assets.xcassets in Resources */,
				D8FBED542AE911A20062CC00 /* GoogleService-Info.plist in Resources */,
				D862DB6B2AE28E5C0014F2FC /* Assets.xcassets in Resources */,
			);
			runOnlyForDeploymentPostprocessing = 0;
		};
/* End PBXResourcesBuildPhase section */

/* Begin PBXSourcesBuildPhase section */
		D862DB5F2AE28E5A0014F2FC /* Sources */ = {
			isa = PBXSourcesBuildPhase;
			buildActionMask = 2147483647;
			files = (
				D8BC2BF62AE81D0600E61487 /* AssessmentState.swift in Sources */,
				D862DB692AE28E5A0014F2FC /* ContentView.swift in Sources */,
				D8FBED4B2AE8F2680062CC00 /* StateIndicator.swift in Sources */,
				D862DB692AE28E5A0014F2FC /* ContentView.swift in Sources */,
				D862DB672AE28E5A0014F2FC /* WorkItOutApp.swift in Sources */,
				6C3FD77A2AEF5AB800C84D2A /* UserPreference.swift in Sources */,
				AC71EEBA2AEA5B3C00C8ED8A /* CameraPreviewUIKit.swift in Sources */,
				ACFED3882AE2B6100018CD03 /* PersistentStorage.xcdatamodeld in Sources */,
				D8BC2BEB2AE802D100E61487 /* AssessmentDetailView.swift in Sources */,
				ACD49E812AEFA47000793872 /* Helper.swift in Sources */,
				6C7B2C512AEF74D500E0DADF /* HomeView.swift in Sources */,
				AC71EEB22AEA556B00C8ED8A /* CameraDeviceManager.swift in Sources */,
				AC71EEB72AEA59DC00C8ED8A /* SampleBufferOutputDelegate.swift in Sources */,
				6C3FD7652AEE405C00C84D2A /* Relieve.swift in Sources */,
				6C6F34CC2AE7B9460059E74D /* ButtonComponent.swift in Sources */,
				ACBFBD9F2AE6775A00109D94 /* FetchYogaPlan.swift in Sources */,
				ACBFBD9D2AE676D600109D94 /* WorkoutRepository.swift in Sources */,
				6C7B2C4B2AEF6FAF00E0DADF /* YogaCardView.swift in Sources */,
				ACABCACD2AE907E4007159F2 /* workoutListCard.swift in Sources */,
				56D1BCAE2AEE56F3002DBDA0 /* NotificationView.swift in Sources */,
				6C3FD7762AEF558700C84D2A /* Profile.swift in Sources */,
				ACBFBD992AE66DDF00109D94 /* CoreDataDataSourceDelegate.swift in Sources */,
				ACB8642E2AE652C7005DF0D1 /* CoreDataDataSource.swift in Sources */,
				56D1BCA02AEA566D002DBDA0 /* TimerViewModel.swift in Sources */,
				6C3FD7782AEF560A00C84D2A /* History.swift in Sources */,
				ACAE03C02AE95E7800878741 /* AssessmentResultView.swift in Sources */,
				AC71EEC82AEA751500C8ED8A /* Array.swift in Sources */,
				6C8D5D162AE6619700A2986D /* MockData.swift in Sources */,
				56D1BCAA2AEA6BD1002DBDA0 /* TimerView.swift in Sources */,
				AC71EEC12AEA62E200C8ED8A /* CameraView.swift in Sources */,
				AC5A9A682AE41138003B0C1F /* FirebaseConstant.swift in Sources */,
				6C8D5CFC2AE660B200A2986D /* YogaPlan.swift in Sources */,
				AC5A9A662AE41138003B0C1F /* Yoga.swift in Sources */,
				D8FBED4E2AE906FE0062CC00 /* ButtonStyles.swift in Sources */,
				D8BC2BFA2AE81EA200E61487 /* Months.swift in Sources */,
				AC71EEC32AEA656600C8ED8A /* BodyPoint.swift in Sources */,
				D8FBED562AE918200062CC00 /* CompleteView.swift in Sources */,
				6C8D5D122AE6618E00A2986D /* WorkoutState.swift in Sources */,
				D8BC2BEE2AE80F1800E61487 /* AssessmentViewModel.swift in Sources */,
				6C7B2C4D2AEF726A00E0DADF /* GeneratePlanView.swift in Sources */,
				6C8D5D122AE6618E00A2986D /* WorkoutState.swift in Sources */,
				6C3FD76E2AEE40C900C84D2A /* Difficulty.swift in Sources */,
				D8FBED5A2AE91A880062CC00 /* LoadingCircle.swift in Sources */,
				6C6F34D02AE7BDD60059E74D /* SliderComponent.swift in Sources */,
				AC5A9A532AE3BCB1003B0C1F /* FireStoreManager.swift in Sources */,
				6C8D5D112AE6618E00A2986D /* Day.swift in Sources */,
				D8BC2BF82AE81E0400E61487 /* Duration.swift in Sources */,
				6C3FD7722AEE40E600C84D2A /* BodyPart.swift in Sources */,
				56D1BCAC2AECDEF0002DBDA0 /* NotificationViewModel.swift in Sources */,
				AC71EEBD2AEA5D4E00C8ED8A /* CameraViewModel.swift in Sources */,
				6C3FD76C2AEE40BD00C84D2A /* Trimester.swift in Sources */,
				56D1BC9D2AEA53B5002DBDA0 /* ExecutionViewModel.swift in Sources */,
				ACBFBDA42AE67CEE00109D94 /* UpdateWorkoutPlan.swift in Sources */,
				D8BC2BF42AE81A1000E61487 /* AssessmentDetailMultipleChoiceView.swift in Sources */,
				6C3FD7742AEEB26800C84D2A /* TimeOfDay.swift in Sources */,
				ACD49E842AEFA62600793872 /* AddYogaPlan.swift in Sources */,
				ACABCAD12AE91283007159F2 /* DayAssessmentResult.swift in Sources */,
				AC5A9A7A2AE52DA4003B0C1F /* CoreDataManager.swift in Sources */,
				6C3FD7702AEE40D800C84D2A /* YogaState.swift in Sources */,
				AC5A9A712AE41FB8003B0C1F /* GetListWorkout.swift in Sources */,
				6C3FD7672AEE409700C84D2A /* PoseCategory.swift in Sources */,
				D8BC2BE72AE8003000E61487 /* AssessmentView.swift in Sources */,
				AC5A9A672AE41138003B0C1F /* Pose.swift in Sources */,
			);
			runOnlyForDeploymentPostprocessing = 0;
		};
/* End PBXSourcesBuildPhase section */

/* Begin XCBuildConfiguration section */
		D862DB6F2AE28E5C0014F2FC /* Debug */ = {
			isa = XCBuildConfiguration;
			buildSettings = {
				ALWAYS_SEARCH_USER_PATHS = NO;
				ASSETCATALOG_COMPILER_GENERATE_SWIFT_ASSET_SYMBOL_EXTENSIONS = YES;
				CLANG_ANALYZER_NONNULL = YES;
				CLANG_ANALYZER_NUMBER_OBJECT_CONVERSION = YES_AGGRESSIVE;
				CLANG_CXX_LANGUAGE_STANDARD = "gnu++20";
				CLANG_ENABLE_MODULES = YES;
				CLANG_ENABLE_OBJC_ARC = YES;
				CLANG_ENABLE_OBJC_WEAK = YES;
				CLANG_WARN_BLOCK_CAPTURE_AUTORELEASING = YES;
				CLANG_WARN_BOOL_CONVERSION = YES;
				CLANG_WARN_COMMA = YES;
				CLANG_WARN_CONSTANT_CONVERSION = YES;
				CLANG_WARN_DEPRECATED_OBJC_IMPLEMENTATIONS = YES;
				CLANG_WARN_DIRECT_OBJC_ISA_USAGE = YES_ERROR;
				CLANG_WARN_DOCUMENTATION_COMMENTS = YES;
				CLANG_WARN_EMPTY_BODY = YES;
				CLANG_WARN_ENUM_CONVERSION = YES;
				CLANG_WARN_INFINITE_RECURSION = YES;
				CLANG_WARN_INT_CONVERSION = YES;
				CLANG_WARN_NON_LITERAL_NULL_CONVERSION = YES;
				CLANG_WARN_OBJC_IMPLICIT_RETAIN_SELF = YES;
				CLANG_WARN_OBJC_LITERAL_CONVERSION = YES;
				CLANG_WARN_OBJC_ROOT_CLASS = YES_ERROR;
				CLANG_WARN_QUOTED_INCLUDE_IN_FRAMEWORK_HEADER = YES;
				CLANG_WARN_RANGE_LOOP_ANALYSIS = YES;
				CLANG_WARN_STRICT_PROTOTYPES = YES;
				CLANG_WARN_SUSPICIOUS_MOVE = YES;
				CLANG_WARN_UNGUARDED_AVAILABILITY = YES_AGGRESSIVE;
				CLANG_WARN_UNREACHABLE_CODE = YES;
				CLANG_WARN__DUPLICATE_METHOD_MATCH = YES;
				COPY_PHASE_STRIP = NO;
				DEBUG_INFORMATION_FORMAT = dwarf;
				ENABLE_STRICT_OBJC_MSGSEND = YES;
				ENABLE_TESTABILITY = YES;
				ENABLE_USER_SCRIPT_SANDBOXING = YES;
				GCC_C_LANGUAGE_STANDARD = gnu17;
				GCC_DYNAMIC_NO_PIC = NO;
				GCC_NO_COMMON_BLOCKS = YES;
				GCC_OPTIMIZATION_LEVEL = 0;
				GCC_PREPROCESSOR_DEFINITIONS = (
					"DEBUG=1",
					"$(inherited)",
				);
				GCC_WARN_64_TO_32_BIT_CONVERSION = YES;
				GCC_WARN_ABOUT_RETURN_TYPE = YES_ERROR;
				GCC_WARN_UNDECLARED_SELECTOR = YES;
				GCC_WARN_UNINITIALIZED_AUTOS = YES_AGGRESSIVE;
				GCC_WARN_UNUSED_FUNCTION = YES;
				GCC_WARN_UNUSED_VARIABLE = YES;
				IPHONEOS_DEPLOYMENT_TARGET = 17.0;
				LOCALIZATION_PREFERS_STRING_CATALOGS = YES;
				MTL_ENABLE_DEBUG_INFO = INCLUDE_SOURCE;
				MTL_FAST_MATH = YES;
				ONLY_ACTIVE_ARCH = YES;
				SDKROOT = iphoneos;
				SWIFT_ACTIVE_COMPILATION_CONDITIONS = "DEBUG $(inherited)";
				SWIFT_OPTIMIZATION_LEVEL = "-Onone";
			};
			name = Debug;
		};
		D862DB702AE28E5C0014F2FC /* Release */ = {
			isa = XCBuildConfiguration;
			buildSettings = {
				ALWAYS_SEARCH_USER_PATHS = NO;
				ASSETCATALOG_COMPILER_GENERATE_SWIFT_ASSET_SYMBOL_EXTENSIONS = YES;
				CLANG_ANALYZER_NONNULL = YES;
				CLANG_ANALYZER_NUMBER_OBJECT_CONVERSION = YES_AGGRESSIVE;
				CLANG_CXX_LANGUAGE_STANDARD = "gnu++20";
				CLANG_ENABLE_MODULES = YES;
				CLANG_ENABLE_OBJC_ARC = YES;
				CLANG_ENABLE_OBJC_WEAK = YES;
				CLANG_WARN_BLOCK_CAPTURE_AUTORELEASING = YES;
				CLANG_WARN_BOOL_CONVERSION = YES;
				CLANG_WARN_COMMA = YES;
				CLANG_WARN_CONSTANT_CONVERSION = YES;
				CLANG_WARN_DEPRECATED_OBJC_IMPLEMENTATIONS = YES;
				CLANG_WARN_DIRECT_OBJC_ISA_USAGE = YES_ERROR;
				CLANG_WARN_DOCUMENTATION_COMMENTS = YES;
				CLANG_WARN_EMPTY_BODY = YES;
				CLANG_WARN_ENUM_CONVERSION = YES;
				CLANG_WARN_INFINITE_RECURSION = YES;
				CLANG_WARN_INT_CONVERSION = YES;
				CLANG_WARN_NON_LITERAL_NULL_CONVERSION = YES;
				CLANG_WARN_OBJC_IMPLICIT_RETAIN_SELF = YES;
				CLANG_WARN_OBJC_LITERAL_CONVERSION = YES;
				CLANG_WARN_OBJC_ROOT_CLASS = YES_ERROR;
				CLANG_WARN_QUOTED_INCLUDE_IN_FRAMEWORK_HEADER = YES;
				CLANG_WARN_RANGE_LOOP_ANALYSIS = YES;
				CLANG_WARN_STRICT_PROTOTYPES = YES;
				CLANG_WARN_SUSPICIOUS_MOVE = YES;
				CLANG_WARN_UNGUARDED_AVAILABILITY = YES_AGGRESSIVE;
				CLANG_WARN_UNREACHABLE_CODE = YES;
				CLANG_WARN__DUPLICATE_METHOD_MATCH = YES;
				COPY_PHASE_STRIP = NO;
				DEBUG_INFORMATION_FORMAT = "dwarf-with-dsym";
				ENABLE_NS_ASSERTIONS = NO;
				ENABLE_STRICT_OBJC_MSGSEND = YES;
				ENABLE_USER_SCRIPT_SANDBOXING = YES;
				GCC_C_LANGUAGE_STANDARD = gnu17;
				GCC_NO_COMMON_BLOCKS = YES;
				GCC_WARN_64_TO_32_BIT_CONVERSION = YES;
				GCC_WARN_ABOUT_RETURN_TYPE = YES_ERROR;
				GCC_WARN_UNDECLARED_SELECTOR = YES;
				GCC_WARN_UNINITIALIZED_AUTOS = YES_AGGRESSIVE;
				GCC_WARN_UNUSED_FUNCTION = YES;
				GCC_WARN_UNUSED_VARIABLE = YES;
				IPHONEOS_DEPLOYMENT_TARGET = 17.0;
				LOCALIZATION_PREFERS_STRING_CATALOGS = YES;
				MTL_ENABLE_DEBUG_INFO = NO;
				MTL_FAST_MATH = YES;
				SDKROOT = iphoneos;
				SWIFT_COMPILATION_MODE = wholemodule;
				VALIDATE_PRODUCT = YES;
			};
			name = Release;
		};
		D862DB722AE28E5C0014F2FC /* Debug */ = {
			isa = XCBuildConfiguration;
			buildSettings = {
				ASSETCATALOG_COMPILER_APPICON_NAME = AppIcon;
				ASSETCATALOG_COMPILER_GLOBAL_ACCENT_COLOR_NAME = AccentColor;
				CODE_SIGN_IDENTITY = "Apple Development";
				CODE_SIGN_STYLE = Automatic;
				CURRENT_PROJECT_VERSION = 1;
				DEVELOPMENT_ASSET_PATHS = "\"WorkItOut/Preview Content\"";
				DEVELOPMENT_TEAM = 382VG5FRJK;
				ENABLE_PREVIEWS = YES;
				GENERATE_INFOPLIST_FILE = YES;
				INFOPLIST_KEY_NSCameraUsageDescription = "";
				INFOPLIST_KEY_UIApplicationSceneManifest_Generation = YES;
				INFOPLIST_KEY_UIApplicationSupportsIndirectInputEvents = YES;
				INFOPLIST_KEY_UILaunchScreen_Generation = YES;
				INFOPLIST_KEY_UISupportedInterfaceOrientations_iPad = "UIInterfaceOrientationPortrait UIInterfaceOrientationPortraitUpsideDown UIInterfaceOrientationLandscapeLeft UIInterfaceOrientationLandscapeRight";
				INFOPLIST_KEY_UISupportedInterfaceOrientations_iPhone = "UIInterfaceOrientationPortrait UIInterfaceOrientationLandscapeLeft UIInterfaceOrientationLandscapeRight";
				IPHONEOS_DEPLOYMENT_TARGET = 17.0;
				LD_RUNPATH_SEARCH_PATHS = (
					"$(inherited)",
					"@executable_path/Frameworks",
				);
				MARKETING_VERSION = 1.0;
				PRODUCT_BUNDLE_IDENTIFIER = com.WorkItOut.Macro;
				PRODUCT_NAME = "$(TARGET_NAME)";
				PROVISIONING_PROFILE_SPECIFIER = "";
				SWIFT_EMIT_LOC_STRINGS = YES;
				SWIFT_VERSION = 5.0;
				TARGETED_DEVICE_FAMILY = "1,2";
			};
			name = Debug;
		};
		D862DB732AE28E5C0014F2FC /* Release */ = {
			isa = XCBuildConfiguration;
			buildSettings = {
				ASSETCATALOG_COMPILER_APPICON_NAME = AppIcon;
				ASSETCATALOG_COMPILER_GLOBAL_ACCENT_COLOR_NAME = AccentColor;
				CODE_SIGN_IDENTITY = "Apple Development";
				CODE_SIGN_STYLE = Automatic;
				CURRENT_PROJECT_VERSION = 1;
				DEVELOPMENT_ASSET_PATHS = "\"WorkItOut/Preview Content\"";
				DEVELOPMENT_TEAM = 382VG5FRJK;
				ENABLE_PREVIEWS = YES;
				GENERATE_INFOPLIST_FILE = YES;
				INFOPLIST_KEY_NSCameraUsageDescription = "";
				INFOPLIST_KEY_UIApplicationSceneManifest_Generation = YES;
				INFOPLIST_KEY_UIApplicationSupportsIndirectInputEvents = YES;
				INFOPLIST_KEY_UILaunchScreen_Generation = YES;
				INFOPLIST_KEY_UISupportedInterfaceOrientations_iPad = "UIInterfaceOrientationPortrait UIInterfaceOrientationPortraitUpsideDown UIInterfaceOrientationLandscapeLeft UIInterfaceOrientationLandscapeRight";
				INFOPLIST_KEY_UISupportedInterfaceOrientations_iPhone = "UIInterfaceOrientationPortrait UIInterfaceOrientationLandscapeLeft UIInterfaceOrientationLandscapeRight";
				IPHONEOS_DEPLOYMENT_TARGET = 17.0;
				LD_RUNPATH_SEARCH_PATHS = (
					"$(inherited)",
					"@executable_path/Frameworks",
				);
				MARKETING_VERSION = 1.0;
				PRODUCT_BUNDLE_IDENTIFIER = com.WorkItOut.Macro;
				PRODUCT_NAME = "$(TARGET_NAME)";
				PROVISIONING_PROFILE_SPECIFIER = "";
				SWIFT_EMIT_LOC_STRINGS = YES;
				SWIFT_VERSION = 5.0;
				TARGETED_DEVICE_FAMILY = "1,2";
			};
			name = Release;
		};
/* End XCBuildConfiguration section */

/* Begin XCConfigurationList section */
		D862DB5E2AE28E5A0014F2FC /* Build configuration list for PBXProject "WorkItOut" */ = {
			isa = XCConfigurationList;
			buildConfigurations = (
				D862DB6F2AE28E5C0014F2FC /* Debug */,
				D862DB702AE28E5C0014F2FC /* Release */,
			);
			defaultConfigurationIsVisible = 0;
			defaultConfigurationName = Release;
		};
		D862DB712AE28E5C0014F2FC /* Build configuration list for PBXNativeTarget "WorkItOut" */ = {
			isa = XCConfigurationList;
			buildConfigurations = (
				D862DB722AE28E5C0014F2FC /* Debug */,
				D862DB732AE28E5C0014F2FC /* Release */,
			);
			defaultConfigurationIsVisible = 0;
			defaultConfigurationName = Release;
		};
/* End XCConfigurationList section */

/* Begin XCRemoteSwiftPackageReference section */
		ACFED3892AE2EB430018CD03 /* XCRemoteSwiftPackageReference "firebase-ios-sdk" */ = {
			isa = XCRemoteSwiftPackageReference;
			repositoryURL = "https://github.com/firebase/firebase-ios-sdk.git";
			requirement = {
				kind = upToNextMajorVersion;
				minimumVersion = 10.16.0;
			};
		};
/* End XCRemoteSwiftPackageReference section */

/* Begin XCSwiftPackageProductDependency section */
		AC5A9A4F2AE3AC5E003B0C1F /* FirebaseFirestore */ = {
			isa = XCSwiftPackageProductDependency;
			package = ACFED3892AE2EB430018CD03 /* XCRemoteSwiftPackageReference "firebase-ios-sdk" */;
			productName = FirebaseFirestore;
		};
		AC5A9A5A2AE3E614003B0C1F /* FirebaseFirestoreSwift */ = {
			isa = XCSwiftPackageProductDependency;
			package = ACFED3892AE2EB430018CD03 /* XCRemoteSwiftPackageReference "firebase-ios-sdk" */;
			productName = FirebaseFirestoreSwift;
		};
/* End XCSwiftPackageProductDependency section */

/* Begin XCVersionGroup section */
		ACFED3862AE2B6100018CD03 /* PersistentStorage.xcdatamodeld */ = {
			isa = XCVersionGroup;
			children = (
				ACFED3872AE2B6100018CD03 /* PersistentStorage.xcdatamodel */,
			);
			currentVersion = ACFED3872AE2B6100018CD03 /* PersistentStorage.xcdatamodel */;
			path = PersistentStorage.xcdatamodeld;
			sourceTree = "<group>";
			versionGroupType = wrapper.xcdatamodel;
		};
/* End XCVersionGroup section */
	};
	rootObject = D862DB5B2AE28E5A0014F2FC /* Project object */;
}
